// !$*UTF8*$!
{
	archiveVersion = 1;
	classes = {
	};
	objectVersion = 46;
	objects = {

/* Begin PBXBuildFile section */
		689AB8371C81A564006AAC4E /* GTLAccount_Sources.m in Sources */ = {isa = PBXBuildFile; fileRef = 689AB7ED1C81A564006AAC4E /* GTLAccount_Sources.m */; settings = {ASSET_TAGS = (); }; };
		689AB8381C81A564006AAC4E /* GTLAccountConstants.m in Sources */ = {isa = PBXBuildFile; fileRef = 689AB7F01C81A564006AAC4E /* GTLAccountConstants.m */; settings = {ASSET_TAGS = (); }; };
		689AB8391C81A564006AAC4E /* GTLAccountIcheckUser.m in Sources */ = {isa = PBXBuildFile; fileRef = 689AB7F21C81A564006AAC4E /* GTLAccountIcheckUser.m */; settings = {ASSET_TAGS = (); }; };
		689AB83A1C81A564006AAC4E /* GTLAccountIregisterUser.m in Sources */ = {isa = PBXBuildFile; fileRef = 689AB7F41C81A564006AAC4E /* GTLAccountIregisterUser.m */; settings = {ASSET_TAGS = (); }; };
		689AB83B1C81A564006AAC4E /* GTLAccountIremoveUser.m in Sources */ = {isa = PBXBuildFile; fileRef = 689AB7F61C81A564006AAC4E /* GTLAccountIremoveUser.m */; settings = {ASSET_TAGS = (); }; };
		689AB83C1C81A564006AAC4E /* GTLAccountIresetUser.m in Sources */ = {isa = PBXBuildFile; fileRef = 689AB7F81C81A564006AAC4E /* GTLAccountIresetUser.m */; settings = {ASSET_TAGS = (); }; };
		689AB83D1C81A564006AAC4E /* GTLAccountIverifyUser.m in Sources */ = {isa = PBXBuildFile; fileRef = 689AB7FA1C81A564006AAC4E /* GTLAccountIverifyUser.m */; settings = {ASSET_TAGS = (); }; };
		689AB83E1C81A564006AAC4E /* GTLBlocks_Sources.m in Sources */ = {isa = PBXBuildFile; fileRef = 689AB7FB1C81A564006AAC4E /* GTLBlocks_Sources.m */; settings = {ASSET_TAGS = (); }; };
		689AB83F1C81A564006AAC4E /* GTLBlocksConstants.m in Sources */ = {isa = PBXBuildFile; fileRef = 689AB7FE1C81A564006AAC4E /* GTLBlocksConstants.m */; settings = {ASSET_TAGS = (); }; };
		689AB8401C81A564006AAC4E /* GTLBlocksIblock.m in Sources */ = {isa = PBXBuildFile; fileRef = 689AB8001C81A564006AAC4E /* GTLBlocksIblock.m */; settings = {ASSET_TAGS = (); }; };
		689AB8411C81A564006AAC4E /* GTLBlocksIlist.m in Sources */ = {isa = PBXBuildFile; fileRef = 689AB8021C81A564006AAC4E /* GTLBlocksIlist.m */; settings = {ASSET_TAGS = (); }; };
		689AB8421C81A564006AAC4E /* GTLBlocksIunblock.m in Sources */ = {isa = PBXBuildFile; fileRef = 689AB8041C81A564006AAC4E /* GTLBlocksIunblock.m */; settings = {ASSET_TAGS = (); }; };
		689AB8431C81A564006AAC4E /* GTLContacts_Sources.m in Sources */ = {isa = PBXBuildFile; fileRef = 689AB8051C81A564006AAC4E /* GTLContacts_Sources.m */; settings = {ASSET_TAGS = (); }; };
		689AB8441C81A564006AAC4E /* GTLContactsConstants.m in Sources */ = {isa = PBXBuildFile; fileRef = 689AB8081C81A564006AAC4E /* GTLContactsConstants.m */; settings = {ASSET_TAGS = (); }; };
		689AB8451C81A564006AAC4E /* GTLContactsIcard.m in Sources */ = {isa = PBXBuildFile; fileRef = 689AB80A1C81A564006AAC4E /* GTLContactsIcard.m */; settings = {ASSET_TAGS = (); }; };
		689AB8461C81A564006AAC4E /* GTLContactsIlist.m in Sources */ = {isa = PBXBuildFile; fileRef = 689AB80C1C81A564006AAC4E /* GTLContactsIlist.m */; settings = {ASSET_TAGS = (); }; };
		689AB8471C81A564006AAC4E /* GTLContactsIqr.m in Sources */ = {isa = PBXBuildFile; fileRef = 689AB80E1C81A564006AAC4E /* GTLContactsIqr.m */; settings = {ASSET_TAGS = (); }; };
		689AB8481C81A564006AAC4E /* GTLContactsIsetUser.m in Sources */ = {isa = PBXBuildFile; fileRef = 689AB8101C81A564006AAC4E /* GTLContactsIsetUser.m */; settings = {ASSET_TAGS = (); }; };
		689AB8491C81A564006AAC4E /* GTLContactsIusername.m in Sources */ = {isa = PBXBuildFile; fileRef = 689AB8121C81A564006AAC4E /* GTLContactsIusername.m */; settings = {ASSET_TAGS = (); }; };
		689AB84A1C81A564006AAC4E /* GTLQueryAccount.m in Sources */ = {isa = PBXBuildFile; fileRef = 689AB8141C81A564006AAC4E /* GTLQueryAccount.m */; settings = {ASSET_TAGS = (); }; };
		689AB84B1C81A564006AAC4E /* GTLQueryBlocks.m in Sources */ = {isa = PBXBuildFile; fileRef = 689AB8161C81A564006AAC4E /* GTLQueryBlocks.m */; settings = {ASSET_TAGS = (); }; };
		689AB84C1C81A564006AAC4E /* GTLQueryContacts.m in Sources */ = {isa = PBXBuildFile; fileRef = 689AB8181C81A564006AAC4E /* GTLQueryContacts.m */; settings = {ASSET_TAGS = (); }; };
		689AB84D1C81A564006AAC4E /* GTLQueryReports.m in Sources */ = {isa = PBXBuildFile; fileRef = 689AB81A1C81A564006AAC4E /* GTLQueryReports.m */; settings = {ASSET_TAGS = (); }; };
		689AB84E1C81A564006AAC4E /* GTLQueryRequests.m in Sources */ = {isa = PBXBuildFile; fileRef = 689AB81C1C81A564006AAC4E /* GTLQueryRequests.m */; settings = {ASSET_TAGS = (); }; };
		689AB84F1C81A564006AAC4E /* GTLReports_Sources.m in Sources */ = {isa = PBXBuildFile; fileRef = 689AB81D1C81A564006AAC4E /* GTLReports_Sources.m */; settings = {ASSET_TAGS = (); }; };
		689AB8501C81A564006AAC4E /* GTLReportsConstants.m in Sources */ = {isa = PBXBuildFile; fileRef = 689AB8201C81A564006AAC4E /* GTLReportsConstants.m */; settings = {ASSET_TAGS = (); }; };
		689AB8511C81A564006AAC4E /* GTLReportsIreport.m in Sources */ = {isa = PBXBuildFile; fileRef = 689AB8221C81A564006AAC4E /* GTLReportsIreport.m */; settings = {ASSET_TAGS = (); }; };
		689AB8521C81A564006AAC4E /* GTLRequests_Sources.m in Sources */ = {isa = PBXBuildFile; fileRef = 689AB8231C81A564006AAC4E /* GTLRequests_Sources.m */; settings = {ASSET_TAGS = (); }; };
		689AB8531C81A564006AAC4E /* GTLRequestsConstants.m in Sources */ = {isa = PBXBuildFile; fileRef = 689AB8261C81A564006AAC4E /* GTLRequestsConstants.m */; settings = {ASSET_TAGS = (); }; };
		689AB8541C81A564006AAC4E /* GTLRequestsIacceptUser.m in Sources */ = {isa = PBXBuildFile; fileRef = 689AB8281C81A564006AAC4E /* GTLRequestsIacceptUser.m */; settings = {ASSET_TAGS = (); }; };
		689AB8551C81A564006AAC4E /* GTLRequestsIlist.m in Sources */ = {isa = PBXBuildFile; fileRef = 689AB82A1C81A564006AAC4E /* GTLRequestsIlist.m */; settings = {ASSET_TAGS = (); }; };
		689AB8561C81A564006AAC4E /* GTLRequestsIrejectUser.m in Sources */ = {isa = PBXBuildFile; fileRef = 689AB82C1C81A564006AAC4E /* GTLRequestsIrejectUser.m */; settings = {ASSET_TAGS = (); }; };
		689AB8571C81A564006AAC4E /* GTLServiceAccount.m in Sources */ = {isa = PBXBuildFile; fileRef = 689AB82E1C81A564006AAC4E /* GTLServiceAccount.m */; settings = {ASSET_TAGS = (); }; };
		689AB8581C81A564006AAC4E /* GTLServiceBlocks.m in Sources */ = {isa = PBXBuildFile; fileRef = 689AB8301C81A564006AAC4E /* GTLServiceBlocks.m */; settings = {ASSET_TAGS = (); }; };
		689AB8591C81A564006AAC4E /* GTLServiceContacts.m in Sources */ = {isa = PBXBuildFile; fileRef = 689AB8321C81A564006AAC4E /* GTLServiceContacts.m */; settings = {ASSET_TAGS = (); }; };
		689AB85A1C81A564006AAC4E /* GTLServiceReports.m in Sources */ = {isa = PBXBuildFile; fileRef = 689AB8341C81A564006AAC4E /* GTLServiceReports.m */; settings = {ASSET_TAGS = (); }; };
		689AB85B1C81A564006AAC4E /* GTLServiceRequests.m in Sources */ = {isa = PBXBuildFile; fileRef = 689AB8361C81A564006AAC4E /* GTLServiceRequests.m */; settings = {ASSET_TAGS = (); }; };
		689AB8941C81A657006AAC4E /* GTLObject.m in Sources */ = {isa = PBXBuildFile; fileRef = 689AB8601C81A657006AAC4E /* GTLObject.m */; settings = {COMPILER_FLAGS = "-fno-objc-arc"; }; };
		689AB8951C81A657006AAC4E /* GTLQuery.m in Sources */ = {isa = PBXBuildFile; fileRef = 689AB8621C81A657006AAC4E /* GTLQuery.m */; settings = {COMPILER_FLAGS = "-fno-objc-arc"; }; };
		689AB8961C81A657006AAC4E /* GTLBatchQuery.m in Sources */ = {isa = PBXBuildFile; fileRef = 689AB8641C81A657006AAC4E /* GTLBatchQuery.m */; settings = {COMPILER_FLAGS = "-fno-objc-arc"; }; };
		689AB8971C81A657006AAC4E /* GTLService.m in Sources */ = {isa = PBXBuildFile; fileRef = 689AB8661C81A657006AAC4E /* GTLService.m */; settings = {COMPILER_FLAGS = "-fno-objc-arc"; }; };
		689AB8981C81A657006AAC4E /* GTLBatchResult.m in Sources */ = {isa = PBXBuildFile; fileRef = 689AB8681C81A657006AAC4E /* GTLBatchResult.m */; settings = {COMPILER_FLAGS = "-fno-objc-arc"; }; };
		689AB8991C81A657006AAC4E /* GTLUploadParameters.m in Sources */ = {isa = PBXBuildFile; fileRef = 689AB86A1C81A657006AAC4E /* GTLUploadParameters.m */; settings = {COMPILER_FLAGS = "-fno-objc-arc"; }; };
		689AB89A1C81A657006AAC4E /* GTLDateTime.m in Sources */ = {isa = PBXBuildFile; fileRef = 689AB86C1C81A657006AAC4E /* GTLDateTime.m */; settings = {COMPILER_FLAGS = "-fno-objc-arc"; }; };
		689AB89B1C81A657006AAC4E /* GTLErrorObject.m in Sources */ = {isa = PBXBuildFile; fileRef = 689AB86E1C81A657006AAC4E /* GTLErrorObject.m */; settings = {COMPILER_FLAGS = "-fno-objc-arc"; }; };
		689AB89C1C81A657006AAC4E /* GTLRuntimeCommon.m in Sources */ = {isa = PBXBuildFile; fileRef = 689AB8701C81A657006AAC4E /* GTLRuntimeCommon.m */; settings = {COMPILER_FLAGS = "-fno-objc-arc"; }; };
		689AB89D1C81A657006AAC4E /* GTLFramework.m in Sources */ = {isa = PBXBuildFile; fileRef = 689AB8721C81A657006AAC4E /* GTLFramework.m */; settings = {COMPILER_FLAGS = "-fno-objc-arc"; }; };
		689AB89E1C81A657006AAC4E /* GTLJSONParser.m in Sources */ = {isa = PBXBuildFile; fileRef = 689AB8741C81A657006AAC4E /* GTLJSONParser.m */; settings = {COMPILER_FLAGS = "-fno-objc-arc"; }; };
		689AB89F1C81A657006AAC4E /* GTLUtilities.m in Sources */ = {isa = PBXBuildFile; fileRef = 689AB8771C81A657006AAC4E /* GTLUtilities.m */; settings = {COMPILER_FLAGS = "-fno-objc-arc"; }; };
		689AB8A01C81A657006AAC4E /* GTLBase64.m in Sources */ = {isa = PBXBuildFile; fileRef = 689AB8791C81A657006AAC4E /* GTLBase64.m */; settings = {COMPILER_FLAGS = "-fno-objc-arc"; }; };
		689AB8A11C81A657006AAC4E /* GTMHTTPFetcherService.m in Sources */ = {isa = PBXBuildFile; fileRef = 689AB87B1C81A657006AAC4E /* GTMHTTPFetcherService.m */; settings = {COMPILER_FLAGS = "-fno-objc-arc"; }; };
		689AB8A21C81A657006AAC4E /* GTMHTTPFetcher.m in Sources */ = {isa = PBXBuildFile; fileRef = 689AB87D1C81A657006AAC4E /* GTMHTTPFetcher.m */; settings = {COMPILER_FLAGS = "-fno-objc-arc"; }; };
		689AB8A31C81A657006AAC4E /* GTMHTTPFetcherLogging.m in Sources */ = {isa = PBXBuildFile; fileRef = 689AB87F1C81A657006AAC4E /* GTMHTTPFetcherLogging.m */; settings = {COMPILER_FLAGS = "-fno-objc-arc"; }; };
		689AB8A41C81A657006AAC4E /* GTMHTTPFetchHistory.m in Sources */ = {isa = PBXBuildFile; fileRef = 689AB8811C81A657006AAC4E /* GTMHTTPFetchHistory.m */; settings = {COMPILER_FLAGS = "-fno-objc-arc"; }; };
		689AB8A51C81A657006AAC4E /* GTMHTTPUploadFetcher.m in Sources */ = {isa = PBXBuildFile; fileRef = 689AB8831C81A657006AAC4E /* GTMHTTPUploadFetcher.m */; settings = {COMPILER_FLAGS = "-fno-objc-arc"; }; };
		689AB8A61C81A657006AAC4E /* GTMGatherInputStream.m in Sources */ = {isa = PBXBuildFile; fileRef = 689AB8851C81A657006AAC4E /* GTMGatherInputStream.m */; settings = {COMPILER_FLAGS = "-fno-objc-arc"; }; };
		689AB8A71C81A657006AAC4E /* GTMMIMEDocument.m in Sources */ = {isa = PBXBuildFile; fileRef = 689AB8871C81A657006AAC4E /* GTMMIMEDocument.m */; settings = {COMPILER_FLAGS = "-fno-objc-arc"; }; };
		689AB8A81C81A657006AAC4E /* GTMReadMonitorInputStream.m in Sources */ = {isa = PBXBuildFile; fileRef = 689AB8891C81A657006AAC4E /* GTMReadMonitorInputStream.m */; settings = {COMPILER_FLAGS = "-fno-objc-arc"; }; };
		689AB8A91C81A657006AAC4E /* GTMOAuth2Authentication.m in Sources */ = {isa = PBXBuildFile; fileRef = 689AB88B1C81A657006AAC4E /* GTMOAuth2Authentication.m */; settings = {COMPILER_FLAGS = "-fno-objc-arc"; }; };
		689AB8AA1C81A657006AAC4E /* GTMOAuth2SignIn.m in Sources */ = {isa = PBXBuildFile; fileRef = 689AB88D1C81A657006AAC4E /* GTMOAuth2SignIn.m */; settings = {COMPILER_FLAGS = "-fno-objc-arc"; }; };
		689AB8AB1C81A657006AAC4E /* GTMOAuth2WindowController.m in Sources */ = {isa = PBXBuildFile; fileRef = 689AB8901C81A657006AAC4E /* GTMOAuth2WindowController.m */; settings = {COMPILER_FLAGS = "-fno-objc-arc"; }; };
		689AB8AC1C81A657006AAC4E /* GTMOAuth2ViewControllerTouch.m in Sources */ = {isa = PBXBuildFile; fileRef = 689AB8921C81A657006AAC4E /* GTMOAuth2ViewControllerTouch.m */; settings = {COMPILER_FLAGS = "-fno-objc-arc"; }; };
		689AB8C31C81A862006AAC4E /* GTMGatherInputStream.m in Sources */ = {isa = PBXBuildFile; fileRef = 689AB8B61C81A862006AAC4E /* GTMGatherInputStream.m */; settings = {ASSET_TAGS = (); }; };
		689AB8C41C81A862006AAC4E /* GTMMIMEDocument.m in Sources */ = {isa = PBXBuildFile; fileRef = 689AB8B81C81A862006AAC4E /* GTMMIMEDocument.m */; settings = {ASSET_TAGS = (); }; };
		689AB8C51C81A862006AAC4E /* GTMReadMonitorInputStream.m in Sources */ = {isa = PBXBuildFile; fileRef = 689AB8BA1C81A862006AAC4E /* GTMReadMonitorInputStream.m */; settings = {ASSET_TAGS = (); }; };
		689AB8C61C81A862006AAC4E /* GTMSessionFetcher.m in Sources */ = {isa = PBXBuildFile; fileRef = 689AB8BC1C81A862006AAC4E /* GTMSessionFetcher.m */; settings = {ASSET_TAGS = (); }; };
		689AB8C71C81A862006AAC4E /* GTMSessionFetcherLogging.m in Sources */ = {isa = PBXBuildFile; fileRef = 689AB8BE1C81A862006AAC4E /* GTMSessionFetcherLogging.m */; settings = {ASSET_TAGS = (); }; };
		689AB8C81C81A862006AAC4E /* GTMSessionFetcherService.m in Sources */ = {isa = PBXBuildFile; fileRef = 689AB8C01C81A862006AAC4E /* GTMSessionFetcherService.m */; settings = {ASSET_TAGS = (); }; };
		689AB8C91C81A862006AAC4E /* GTMSessionUploadFetcher.m in Sources */ = {isa = PBXBuildFile; fileRef = 689AB8C21C81A862006AAC4E /* GTMSessionUploadFetcher.m */; settings = {ASSET_TAGS = (); }; };
/* End PBXBuildFile section */

/* Begin PBXCopyFilesBuildPhase section */
		689AB7DF1C81A541006AAC4E /* CopyFiles */ = {
			isa = PBXCopyFilesBuildPhase;
			buildActionMask = 2147483647;
			dstPath = "include/$(PRODUCT_NAME)";
			dstSubfolderSpec = 16;
			files = (
			);
			runOnlyForDeploymentPostprocessing = 0;
		};
/* End PBXCopyFilesBuildPhase section */

/* Begin PBXFileReference section */
		689AB7E11C81A541006AAC4E /* libbackend.a */ = {isa = PBXFileReference; explicitFileType = archive.ar; includeInIndex = 0; path = libbackend.a; sourceTree = BUILT_PRODUCTS_DIR; };
		689AB7ED1C81A564006AAC4E /* GTLAccount_Sources.m */ = {isa = PBXFileReference; fileEncoding = 4; lastKnownFileType = sourcecode.c.objc; name = GTLAccount_Sources.m; path = ../../../API/GTLAccount_Sources.m; sourceTree = "<group>"; };
		689AB7EE1C81A564006AAC4E /* GTLAccount.h */ = {isa = PBXFileReference; fileEncoding = 4; lastKnownFileType = sourcecode.c.h; name = GTLAccount.h; path = ../../../API/GTLAccount.h; sourceTree = "<group>"; };
		689AB7EF1C81A564006AAC4E /* GTLAccountConstants.h */ = {isa = PBXFileReference; fileEncoding = 4; lastKnownFileType = sourcecode.c.h; name = GTLAccountConstants.h; path = ../../../API/GTLAccountConstants.h; sourceTree = "<group>"; };
		689AB7F01C81A564006AAC4E /* GTLAccountConstants.m */ = {isa = PBXFileReference; fileEncoding = 4; lastKnownFileType = sourcecode.c.objc; name = GTLAccountConstants.m; path = ../../../API/GTLAccountConstants.m; sourceTree = "<group>"; };
		689AB7F11C81A564006AAC4E /* GTLAccountIcheckUser.h */ = {isa = PBXFileReference; fileEncoding = 4; lastKnownFileType = sourcecode.c.h; name = GTLAccountIcheckUser.h; path = ../../../API/GTLAccountIcheckUser.h; sourceTree = "<group>"; };
		689AB7F21C81A564006AAC4E /* GTLAccountIcheckUser.m */ = {isa = PBXFileReference; fileEncoding = 4; lastKnownFileType = sourcecode.c.objc; name = GTLAccountIcheckUser.m; path = ../../../API/GTLAccountIcheckUser.m; sourceTree = "<group>"; };
		689AB7F31C81A564006AAC4E /* GTLAccountIregisterUser.h */ = {isa = PBXFileReference; fileEncoding = 4; lastKnownFileType = sourcecode.c.h; name = GTLAccountIregisterUser.h; path = ../../../API/GTLAccountIregisterUser.h; sourceTree = "<group>"; };
		689AB7F41C81A564006AAC4E /* GTLAccountIregisterUser.m */ = {isa = PBXFileReference; fileEncoding = 4; lastKnownFileType = sourcecode.c.objc; name = GTLAccountIregisterUser.m; path = ../../../API/GTLAccountIregisterUser.m; sourceTree = "<group>"; };
		689AB7F51C81A564006AAC4E /* GTLAccountIremoveUser.h */ = {isa = PBXFileReference; fileEncoding = 4; lastKnownFileType = sourcecode.c.h; name = GTLAccountIremoveUser.h; path = ../../../API/GTLAccountIremoveUser.h; sourceTree = "<group>"; };
		689AB7F61C81A564006AAC4E /* GTLAccountIremoveUser.m */ = {isa = PBXFileReference; fileEncoding = 4; lastKnownFileType = sourcecode.c.objc; name = GTLAccountIremoveUser.m; path = ../../../API/GTLAccountIremoveUser.m; sourceTree = "<group>"; };
		689AB7F71C81A564006AAC4E /* GTLAccountIresetUser.h */ = {isa = PBXFileReference; fileEncoding = 4; lastKnownFileType = sourcecode.c.h; name = GTLAccountIresetUser.h; path = ../../../API/GTLAccountIresetUser.h; sourceTree = "<group>"; };
		689AB7F81C81A564006AAC4E /* GTLAccountIresetUser.m */ = {isa = PBXFileReference; fileEncoding = 4; lastKnownFileType = sourcecode.c.objc; name = GTLAccountIresetUser.m; path = ../../../API/GTLAccountIresetUser.m; sourceTree = "<group>"; };
		689AB7F91C81A564006AAC4E /* GTLAccountIverifyUser.h */ = {isa = PBXFileReference; fileEncoding = 4; lastKnownFileType = sourcecode.c.h; name = GTLAccountIverifyUser.h; path = ../../../API/GTLAccountIverifyUser.h; sourceTree = "<group>"; };
		689AB7FA1C81A564006AAC4E /* GTLAccountIverifyUser.m */ = {isa = PBXFileReference; fileEncoding = 4; lastKnownFileType = sourcecode.c.objc; name = GTLAccountIverifyUser.m; path = ../../../API/GTLAccountIverifyUser.m; sourceTree = "<group>"; };
		689AB7FB1C81A564006AAC4E /* GTLBlocks_Sources.m */ = {isa = PBXFileReference; fileEncoding = 4; lastKnownFileType = sourcecode.c.objc; name = GTLBlocks_Sources.m; path = ../../../API/GTLBlocks_Sources.m; sourceTree = "<group>"; };
		689AB7FC1C81A564006AAC4E /* GTLBlocks.h */ = {isa = PBXFileReference; fileEncoding = 4; lastKnownFileType = sourcecode.c.h; name = GTLBlocks.h; path = ../../../API/GTLBlocks.h; sourceTree = "<group>"; };
		689AB7FD1C81A564006AAC4E /* GTLBlocksConstants.h */ = {isa = PBXFileReference; fileEncoding = 4; lastKnownFileType = sourcecode.c.h; name = GTLBlocksConstants.h; path = ../../../API/GTLBlocksConstants.h; sourceTree = "<group>"; };
		689AB7FE1C81A564006AAC4E /* GTLBlocksConstants.m */ = {isa = PBXFileReference; fileEncoding = 4; lastKnownFileType = sourcecode.c.objc; name = GTLBlocksConstants.m; path = ../../../API/GTLBlocksConstants.m; sourceTree = "<group>"; };
		689AB7FF1C81A564006AAC4E /* GTLBlocksIblock.h */ = {isa = PBXFileReference; fileEncoding = 4; lastKnownFileType = sourcecode.c.h; name = GTLBlocksIblock.h; path = ../../../API/GTLBlocksIblock.h; sourceTree = "<group>"; };
		689AB8001C81A564006AAC4E /* GTLBlocksIblock.m */ = {isa = PBXFileReference; fileEncoding = 4; lastKnownFileType = sourcecode.c.objc; name = GTLBlocksIblock.m; path = ../../../API/GTLBlocksIblock.m; sourceTree = "<group>"; };
		689AB8011C81A564006AAC4E /* GTLBlocksIlist.h */ = {isa = PBXFileReference; fileEncoding = 4; lastKnownFileType = sourcecode.c.h; name = GTLBlocksIlist.h; path = ../../../API/GTLBlocksIlist.h; sourceTree = "<group>"; };
		689AB8021C81A564006AAC4E /* GTLBlocksIlist.m */ = {isa = PBXFileReference; fileEncoding = 4; lastKnownFileType = sourcecode.c.objc; name = GTLBlocksIlist.m; path = ../../../API/GTLBlocksIlist.m; sourceTree = "<group>"; };
		689AB8031C81A564006AAC4E /* GTLBlocksIunblock.h */ = {isa = PBXFileReference; fileEncoding = 4; lastKnownFileType = sourcecode.c.h; name = GTLBlocksIunblock.h; path = ../../../API/GTLBlocksIunblock.h; sourceTree = "<group>"; };
		689AB8041C81A564006AAC4E /* GTLBlocksIunblock.m */ = {isa = PBXFileReference; fileEncoding = 4; lastKnownFileType = sourcecode.c.objc; name = GTLBlocksIunblock.m; path = ../../../API/GTLBlocksIunblock.m; sourceTree = "<group>"; };
		689AB8051C81A564006AAC4E /* GTLContacts_Sources.m */ = {isa = PBXFileReference; fileEncoding = 4; lastKnownFileType = sourcecode.c.objc; name = GTLContacts_Sources.m; path = ../../../API/GTLContacts_Sources.m; sourceTree = "<group>"; };
		689AB8061C81A564006AAC4E /* GTLContacts.h */ = {isa = PBXFileReference; fileEncoding = 4; lastKnownFileType = sourcecode.c.h; name = GTLContacts.h; path = ../../../API/GTLContacts.h; sourceTree = "<group>"; };
		689AB8071C81A564006AAC4E /* GTLContactsConstants.h */ = {isa = PBXFileReference; fileEncoding = 4; lastKnownFileType = sourcecode.c.h; name = GTLContactsConstants.h; path = ../../../API/GTLContactsConstants.h; sourceTree = "<group>"; };
		689AB8081C81A564006AAC4E /* GTLContactsConstants.m */ = {isa = PBXFileReference; fileEncoding = 4; lastKnownFileType = sourcecode.c.objc; name = GTLContactsConstants.m; path = ../../../API/GTLContactsConstants.m; sourceTree = "<group>"; };
		689AB8091C81A564006AAC4E /* GTLContactsIcard.h */ = {isa = PBXFileReference; fileEncoding = 4; lastKnownFileType = sourcecode.c.h; name = GTLContactsIcard.h; path = ../../../API/GTLContactsIcard.h; sourceTree = "<group>"; };
		689AB80A1C81A564006AAC4E /* GTLContactsIcard.m */ = {isa = PBXFileReference; fileEncoding = 4; lastKnownFileType = sourcecode.c.objc; name = GTLContactsIcard.m; path = ../../../API/GTLContactsIcard.m; sourceTree = "<group>"; };
		689AB80B1C81A564006AAC4E /* GTLContactsIlist.h */ = {isa = PBXFileReference; fileEncoding = 4; lastKnownFileType = sourcecode.c.h; name = GTLContactsIlist.h; path = ../../../API/GTLContactsIlist.h; sourceTree = "<group>"; };
		689AB80C1C81A564006AAC4E /* GTLContactsIlist.m */ = {isa = PBXFileReference; fileEncoding = 4; lastKnownFileType = sourcecode.c.objc; name = GTLContactsIlist.m; path = ../../../API/GTLContactsIlist.m; sourceTree = "<group>"; };
		689AB80D1C81A564006AAC4E /* GTLContactsIqr.h */ = {isa = PBXFileReference; fileEncoding = 4; lastKnownFileType = sourcecode.c.h; name = GTLContactsIqr.h; path = ../../../API/GTLContactsIqr.h; sourceTree = "<group>"; };
		689AB80E1C81A564006AAC4E /* GTLContactsIqr.m */ = {isa = PBXFileReference; fileEncoding = 4; lastKnownFileType = sourcecode.c.objc; name = GTLContactsIqr.m; path = ../../../API/GTLContactsIqr.m; sourceTree = "<group>"; };
		689AB80F1C81A564006AAC4E /* GTLContactsIsetUser.h */ = {isa = PBXFileReference; fileEncoding = 4; lastKnownFileType = sourcecode.c.h; name = GTLContactsIsetUser.h; path = ../../../API/GTLContactsIsetUser.h; sourceTree = "<group>"; };
		689AB8101C81A564006AAC4E /* GTLContactsIsetUser.m */ = {isa = PBXFileReference; fileEncoding = 4; lastKnownFileType = sourcecode.c.objc; name = GTLContactsIsetUser.m; path = ../../../API/GTLContactsIsetUser.m; sourceTree = "<group>"; };
		689AB8111C81A564006AAC4E /* GTLContactsIusername.h */ = {isa = PBXFileReference; fileEncoding = 4; lastKnownFileType = sourcecode.c.h; name = GTLContactsIusername.h; path = ../../../API/GTLContactsIusername.h; sourceTree = "<group>"; };
		689AB8121C81A564006AAC4E /* GTLContactsIusername.m */ = {isa = PBXFileReference; fileEncoding = 4; lastKnownFileType = sourcecode.c.objc; name = GTLContactsIusername.m; path = ../../../API/GTLContactsIusername.m; sourceTree = "<group>"; };
		689AB8131C81A564006AAC4E /* GTLQueryAccount.h */ = {isa = PBXFileReference; fileEncoding = 4; lastKnownFileType = sourcecode.c.h; name = GTLQueryAccount.h; path = ../../../API/GTLQueryAccount.h; sourceTree = "<group>"; };
		689AB8141C81A564006AAC4E /* GTLQueryAccount.m */ = {isa = PBXFileReference; fileEncoding = 4; lastKnownFileType = sourcecode.c.objc; name = GTLQueryAccount.m; path = ../../../API/GTLQueryAccount.m; sourceTree = "<group>"; };
		689AB8151C81A564006AAC4E /* GTLQueryBlocks.h */ = {isa = PBXFileReference; fileEncoding = 4; lastKnownFileType = sourcecode.c.h; name = GTLQueryBlocks.h; path = ../../../API/GTLQueryBlocks.h; sourceTree = "<group>"; };
		689AB8161C81A564006AAC4E /* GTLQueryBlocks.m */ = {isa = PBXFileReference; fileEncoding = 4; lastKnownFileType = sourcecode.c.objc; name = GTLQueryBlocks.m; path = ../../../API/GTLQueryBlocks.m; sourceTree = "<group>"; };
		689AB8171C81A564006AAC4E /* GTLQueryContacts.h */ = {isa = PBXFileReference; fileEncoding = 4; lastKnownFileType = sourcecode.c.h; name = GTLQueryContacts.h; path = ../../../API/GTLQueryContacts.h; sourceTree = "<group>"; };
		689AB8181C81A564006AAC4E /* GTLQueryContacts.m */ = {isa = PBXFileReference; fileEncoding = 4; lastKnownFileType = sourcecode.c.objc; name = GTLQueryContacts.m; path = ../../../API/GTLQueryContacts.m; sourceTree = "<group>"; };
		689AB8191C81A564006AAC4E /* GTLQueryReports.h */ = {isa = PBXFileReference; fileEncoding = 4; lastKnownFileType = sourcecode.c.h; name = GTLQueryReports.h; path = ../../../API/GTLQueryReports.h; sourceTree = "<group>"; };
		689AB81A1C81A564006AAC4E /* GTLQueryReports.m */ = {isa = PBXFileReference; fileEncoding = 4; lastKnownFileType = sourcecode.c.objc; name = GTLQueryReports.m; path = ../../../API/GTLQueryReports.m; sourceTree = "<group>"; };
		689AB81B1C81A564006AAC4E /* GTLQueryRequests.h */ = {isa = PBXFileReference; fileEncoding = 4; lastKnownFileType = sourcecode.c.h; name = GTLQueryRequests.h; path = ../../../API/GTLQueryRequests.h; sourceTree = "<group>"; };
		689AB81C1C81A564006AAC4E /* GTLQueryRequests.m */ = {isa = PBXFileReference; fileEncoding = 4; lastKnownFileType = sourcecode.c.objc; name = GTLQueryRequests.m; path = ../../../API/GTLQueryRequests.m; sourceTree = "<group>"; };
		689AB81D1C81A564006AAC4E /* GTLReports_Sources.m */ = {isa = PBXFileReference; fileEncoding = 4; lastKnownFileType = sourcecode.c.objc; name = GTLReports_Sources.m; path = ../../../API/GTLReports_Sources.m; sourceTree = "<group>"; };
		689AB81E1C81A564006AAC4E /* GTLReports.h */ = {isa = PBXFileReference; fileEncoding = 4; lastKnownFileType = sourcecode.c.h; name = GTLReports.h; path = ../../../API/GTLReports.h; sourceTree = "<group>"; };
		689AB81F1C81A564006AAC4E /* GTLReportsConstants.h */ = {isa = PBXFileReference; fileEncoding = 4; lastKnownFileType = sourcecode.c.h; name = GTLReportsConstants.h; path = ../../../API/GTLReportsConstants.h; sourceTree = "<group>"; };
		689AB8201C81A564006AAC4E /* GTLReportsConstants.m */ = {isa = PBXFileReference; fileEncoding = 4; lastKnownFileType = sourcecode.c.objc; name = GTLReportsConstants.m; path = ../../../API/GTLReportsConstants.m; sourceTree = "<group>"; };
		689AB8211C81A564006AAC4E /* GTLReportsIreport.h */ = {isa = PBXFileReference; fileEncoding = 4; lastKnownFileType = sourcecode.c.h; name = GTLReportsIreport.h; path = ../../../API/GTLReportsIreport.h; sourceTree = "<group>"; };
		689AB8221C81A564006AAC4E /* GTLReportsIreport.m */ = {isa = PBXFileReference; fileEncoding = 4; lastKnownFileType = sourcecode.c.objc; name = GTLReportsIreport.m; path = ../../../API/GTLReportsIreport.m; sourceTree = "<group>"; };
		689AB8231C81A564006AAC4E /* GTLRequests_Sources.m */ = {isa = PBXFileReference; fileEncoding = 4; lastKnownFileType = sourcecode.c.objc; name = GTLRequests_Sources.m; path = ../../../API/GTLRequests_Sources.m; sourceTree = "<group>"; };
		689AB8241C81A564006AAC4E /* GTLRequests.h */ = {isa = PBXFileReference; fileEncoding = 4; lastKnownFileType = sourcecode.c.h; name = GTLRequests.h; path = ../../../API/GTLRequests.h; sourceTree = "<group>"; };
		689AB8251C81A564006AAC4E /* GTLRequestsConstants.h */ = {isa = PBXFileReference; fileEncoding = 4; lastKnownFileType = sourcecode.c.h; name = GTLRequestsConstants.h; path = ../../../API/GTLRequestsConstants.h; sourceTree = "<group>"; };
		689AB8261C81A564006AAC4E /* GTLRequestsConstants.m */ = {isa = PBXFileReference; fileEncoding = 4; lastKnownFileType = sourcecode.c.objc; name = GTLRequestsConstants.m; path = ../../../API/GTLRequestsConstants.m; sourceTree = "<group>"; };
		689AB8271C81A564006AAC4E /* GTLRequestsIacceptUser.h */ = {isa = PBXFileReference; fileEncoding = 4; lastKnownFileType = sourcecode.c.h; name = GTLRequestsIacceptUser.h; path = ../../../API/GTLRequestsIacceptUser.h; sourceTree = "<group>"; };
		689AB8281C81A564006AAC4E /* GTLRequestsIacceptUser.m */ = {isa = PBXFileReference; fileEncoding = 4; lastKnownFileType = sourcecode.c.objc; name = GTLRequestsIacceptUser.m; path = ../../../API/GTLRequestsIacceptUser.m; sourceTree = "<group>"; };
		689AB8291C81A564006AAC4E /* GTLRequestsIlist.h */ = {isa = PBXFileReference; fileEncoding = 4; lastKnownFileType = sourcecode.c.h; name = GTLRequestsIlist.h; path = ../../../API/GTLRequestsIlist.h; sourceTree = "<group>"; };
		689AB82A1C81A564006AAC4E /* GTLRequestsIlist.m */ = {isa = PBXFileReference; fileEncoding = 4; lastKnownFileType = sourcecode.c.objc; name = GTLRequestsIlist.m; path = ../../../API/GTLRequestsIlist.m; sourceTree = "<group>"; };
		689AB82B1C81A564006AAC4E /* GTLRequestsIrejectUser.h */ = {isa = PBXFileReference; fileEncoding = 4; lastKnownFileType = sourcecode.c.h; name = GTLRequestsIrejectUser.h; path = ../../../API/GTLRequestsIrejectUser.h; sourceTree = "<group>"; };
		689AB82C1C81A564006AAC4E /* GTLRequestsIrejectUser.m */ = {isa = PBXFileReference; fileEncoding = 4; lastKnownFileType = sourcecode.c.objc; name = GTLRequestsIrejectUser.m; path = ../../../API/GTLRequestsIrejectUser.m; sourceTree = "<group>"; };
		689AB82D1C81A564006AAC4E /* GTLServiceAccount.h */ = {isa = PBXFileReference; fileEncoding = 4; lastKnownFileType = sourcecode.c.h; name = GTLServiceAccount.h; path = ../../../API/GTLServiceAccount.h; sourceTree = "<group>"; };
		689AB82E1C81A564006AAC4E /* GTLServiceAccount.m */ = {isa = PBXFileReference; fileEncoding = 4; lastKnownFileType = sourcecode.c.objc; name = GTLServiceAccount.m; path = ../../../API/GTLServiceAccount.m; sourceTree = "<group>"; };
		689AB82F1C81A564006AAC4E /* GTLServiceBlocks.h */ = {isa = PBXFileReference; fileEncoding = 4; lastKnownFileType = sourcecode.c.h; name = GTLServiceBlocks.h; path = ../../../API/GTLServiceBlocks.h; sourceTree = "<group>"; };
		689AB8301C81A564006AAC4E /* GTLServiceBlocks.m */ = {isa = PBXFileReference; fileEncoding = 4; lastKnownFileType = sourcecode.c.objc; name = GTLServiceBlocks.m; path = ../../../API/GTLServiceBlocks.m; sourceTree = "<group>"; };
		689AB8311C81A564006AAC4E /* GTLServiceContacts.h */ = {isa = PBXFileReference; fileEncoding = 4; lastKnownFileType = sourcecode.c.h; name = GTLServiceContacts.h; path = ../../../API/GTLServiceContacts.h; sourceTree = "<group>"; };
		689AB8321C81A564006AAC4E /* GTLServiceContacts.m */ = {isa = PBXFileReference; fileEncoding = 4; lastKnownFileType = sourcecode.c.objc; name = GTLServiceContacts.m; path = ../../../API/GTLServiceContacts.m; sourceTree = "<group>"; };
		689AB8331C81A564006AAC4E /* GTLServiceReports.h */ = {isa = PBXFileReference; fileEncoding = 4; lastKnownFileType = sourcecode.c.h; name = GTLServiceReports.h; path = ../../../API/GTLServiceReports.h; sourceTree = "<group>"; };
		689AB8341C81A564006AAC4E /* GTLServiceReports.m */ = {isa = PBXFileReference; fileEncoding = 4; lastKnownFileType = sourcecode.c.objc; name = GTLServiceReports.m; path = ../../../API/GTLServiceReports.m; sourceTree = "<group>"; };
		689AB8351C81A564006AAC4E /* GTLServiceRequests.h */ = {isa = PBXFileReference; fileEncoding = 4; lastKnownFileType = sourcecode.c.h; name = GTLServiceRequests.h; path = ../../../API/GTLServiceRequests.h; sourceTree = "<group>"; };
		689AB8361C81A564006AAC4E /* GTLServiceRequests.m */ = {isa = PBXFileReference; fileEncoding = 4; lastKnownFileType = sourcecode.c.objc; name = GTLServiceRequests.m; path = ../../../API/GTLServiceRequests.m; sourceTree = "<group>"; };
		689AB85E1C81A617006AAC4E /* GTLDefines.h */ = {isa = PBXFileReference; lastKnownFileType = sourcecode.c.h; path = GTLDefines.h; sourceTree = "<group>"; };
		689AB85F1C81A657006AAC4E /* GTLObject.h */ = {isa = PBXFileReference; fileEncoding = 4; lastKnownFileType = sourcecode.c.h; path = GTLObject.h; sourceTree = "<group>"; };
		689AB8601C81A657006AAC4E /* GTLObject.m */ = {isa = PBXFileReference; fileEncoding = 4; lastKnownFileType = sourcecode.c.objc; path = GTLObject.m; sourceTree = "<group>"; };
		689AB8611C81A657006AAC4E /* GTLQuery.h */ = {isa = PBXFileReference; fileEncoding = 4; lastKnownFileType = sourcecode.c.h; path = GTLQuery.h; sourceTree = "<group>"; };
		689AB8621C81A657006AAC4E /* GTLQuery.m */ = {isa = PBXFileReference; fileEncoding = 4; lastKnownFileType = sourcecode.c.objc; path = GTLQuery.m; sourceTree = "<group>"; };
		689AB8631C81A657006AAC4E /* GTLBatchQuery.h */ = {isa = PBXFileReference; fileEncoding = 4; lastKnownFileType = sourcecode.c.h; path = GTLBatchQuery.h; sourceTree = "<group>"; };
		689AB8641C81A657006AAC4E /* GTLBatchQuery.m */ = {isa = PBXFileReference; fileEncoding = 4; lastKnownFileType = sourcecode.c.objc; path = GTLBatchQuery.m; sourceTree = "<group>"; };
		689AB8651C81A657006AAC4E /* GTLService.h */ = {isa = PBXFileReference; fileEncoding = 4; lastKnownFileType = sourcecode.c.h; path = GTLService.h; sourceTree = "<group>"; };
		689AB8661C81A657006AAC4E /* GTLService.m */ = {isa = PBXFileReference; fileEncoding = 4; lastKnownFileType = sourcecode.c.objc; path = GTLService.m; sourceTree = "<group>"; };
		689AB8671C81A657006AAC4E /* GTLBatchResult.h */ = {isa = PBXFileReference; fileEncoding = 4; lastKnownFileType = sourcecode.c.h; path = GTLBatchResult.h; sourceTree = "<group>"; };
		689AB8681C81A657006AAC4E /* GTLBatchResult.m */ = {isa = PBXFileReference; fileEncoding = 4; lastKnownFileType = sourcecode.c.objc; path = GTLBatchResult.m; sourceTree = "<group>"; };
		689AB8691C81A657006AAC4E /* GTLUploadParameters.h */ = {isa = PBXFileReference; fileEncoding = 4; lastKnownFileType = sourcecode.c.h; path = GTLUploadParameters.h; sourceTree = "<group>"; };
		689AB86A1C81A657006AAC4E /* GTLUploadParameters.m */ = {isa = PBXFileReference; fileEncoding = 4; lastKnownFileType = sourcecode.c.objc; path = GTLUploadParameters.m; sourceTree = "<group>"; };
		689AB86B1C81A657006AAC4E /* GTLDateTime.h */ = {isa = PBXFileReference; fileEncoding = 4; lastKnownFileType = sourcecode.c.h; path = GTLDateTime.h; sourceTree = "<group>"; };
		689AB86C1C81A657006AAC4E /* GTLDateTime.m */ = {isa = PBXFileReference; fileEncoding = 4; lastKnownFileType = sourcecode.c.objc; path = GTLDateTime.m; sourceTree = "<group>"; };
		689AB86D1C81A657006AAC4E /* GTLErrorObject.h */ = {isa = PBXFileReference; fileEncoding = 4; lastKnownFileType = sourcecode.c.h; path = GTLErrorObject.h; sourceTree = "<group>"; };
		689AB86E1C81A657006AAC4E /* GTLErrorObject.m */ = {isa = PBXFileReference; fileEncoding = 4; lastKnownFileType = sourcecode.c.objc; path = GTLErrorObject.m; sourceTree = "<group>"; };
		689AB86F1C81A657006AAC4E /* GTLRuntimeCommon.h */ = {isa = PBXFileReference; fileEncoding = 4; lastKnownFileType = sourcecode.c.h; path = GTLRuntimeCommon.h; sourceTree = "<group>"; };
		689AB8701C81A657006AAC4E /* GTLRuntimeCommon.m */ = {isa = PBXFileReference; fileEncoding = 4; lastKnownFileType = sourcecode.c.objc; path = GTLRuntimeCommon.m; sourceTree = "<group>"; };
		689AB8711C81A657006AAC4E /* GTLFramework.h */ = {isa = PBXFileReference; fileEncoding = 4; lastKnownFileType = sourcecode.c.h; path = GTLFramework.h; sourceTree = "<group>"; };
		689AB8721C81A657006AAC4E /* GTLFramework.m */ = {isa = PBXFileReference; fileEncoding = 4; lastKnownFileType = sourcecode.c.objc; path = GTLFramework.m; sourceTree = "<group>"; };
		689AB8731C81A657006AAC4E /* GTLJSONParser.h */ = {isa = PBXFileReference; fileEncoding = 4; lastKnownFileType = sourcecode.c.h; path = GTLJSONParser.h; sourceTree = "<group>"; };
		689AB8741C81A657006AAC4E /* GTLJSONParser.m */ = {isa = PBXFileReference; fileEncoding = 4; lastKnownFileType = sourcecode.c.objc; path = GTLJSONParser.m; sourceTree = "<group>"; };
		689AB8751C81A657006AAC4E /* GTLTargetNamespace.h */ = {isa = PBXFileReference; fileEncoding = 4; lastKnownFileType = sourcecode.c.h; path = GTLTargetNamespace.h; sourceTree = "<group>"; };
		689AB8761C81A657006AAC4E /* GTLUtilities.h */ = {isa = PBXFileReference; fileEncoding = 4; lastKnownFileType = sourcecode.c.h; path = GTLUtilities.h; sourceTree = "<group>"; };
		689AB8771C81A657006AAC4E /* GTLUtilities.m */ = {isa = PBXFileReference; fileEncoding = 4; lastKnownFileType = sourcecode.c.objc; path = GTLUtilities.m; sourceTree = "<group>"; };
		689AB8781C81A657006AAC4E /* GTLBase64.h */ = {isa = PBXFileReference; fileEncoding = 4; lastKnownFileType = sourcecode.c.h; path = GTLBase64.h; sourceTree = "<group>"; };
		689AB8791C81A657006AAC4E /* GTLBase64.m */ = {isa = PBXFileReference; fileEncoding = 4; lastKnownFileType = sourcecode.c.objc; path = GTLBase64.m; sourceTree = "<group>"; };
		689AB87A1C81A657006AAC4E /* GTMHTTPFetcherService.h */ = {isa = PBXFileReference; fileEncoding = 4; lastKnownFileType = sourcecode.c.h; path = GTMHTTPFetcherService.h; sourceTree = "<group>"; };
		689AB87B1C81A657006AAC4E /* GTMHTTPFetcherService.m */ = {isa = PBXFileReference; fileEncoding = 4; lastKnownFileType = sourcecode.c.objc; path = GTMHTTPFetcherService.m; sourceTree = "<group>"; };
		689AB87C1C81A657006AAC4E /* GTMHTTPFetcher.h */ = {isa = PBXFileReference; fileEncoding = 4; lastKnownFileType = sourcecode.c.h; path = GTMHTTPFetcher.h; sourceTree = "<group>"; };
		689AB87D1C81A657006AAC4E /* GTMHTTPFetcher.m */ = {isa = PBXFileReference; fileEncoding = 4; lastKnownFileType = sourcecode.c.objc; path = GTMHTTPFetcher.m; sourceTree = "<group>"; };
		689AB87E1C81A657006AAC4E /* GTMHTTPFetcherLogging.h */ = {isa = PBXFileReference; fileEncoding = 4; lastKnownFileType = sourcecode.c.h; path = GTMHTTPFetcherLogging.h; sourceTree = "<group>"; };
		689AB87F1C81A657006AAC4E /* GTMHTTPFetcherLogging.m */ = {isa = PBXFileReference; fileEncoding = 4; lastKnownFileType = sourcecode.c.objc; path = GTMHTTPFetcherLogging.m; sourceTree = "<group>"; };
		689AB8801C81A657006AAC4E /* GTMHTTPFetchHistory.h */ = {isa = PBXFileReference; fileEncoding = 4; lastKnownFileType = sourcecode.c.h; path = GTMHTTPFetchHistory.h; sourceTree = "<group>"; };
		689AB8811C81A657006AAC4E /* GTMHTTPFetchHistory.m */ = {isa = PBXFileReference; fileEncoding = 4; lastKnownFileType = sourcecode.c.objc; path = GTMHTTPFetchHistory.m; sourceTree = "<group>"; };
		689AB8821C81A657006AAC4E /* GTMHTTPUploadFetcher.h */ = {isa = PBXFileReference; fileEncoding = 4; lastKnownFileType = sourcecode.c.h; path = GTMHTTPUploadFetcher.h; sourceTree = "<group>"; };
		689AB8831C81A657006AAC4E /* GTMHTTPUploadFetcher.m */ = {isa = PBXFileReference; fileEncoding = 4; lastKnownFileType = sourcecode.c.objc; path = GTMHTTPUploadFetcher.m; sourceTree = "<group>"; };
		689AB8841C81A657006AAC4E /* GTMGatherInputStream.h */ = {isa = PBXFileReference; fileEncoding = 4; lastKnownFileType = sourcecode.c.h; path = GTMGatherInputStream.h; sourceTree = "<group>"; };
		689AB8851C81A657006AAC4E /* GTMGatherInputStream.m */ = {isa = PBXFileReference; fileEncoding = 4; lastKnownFileType = sourcecode.c.objc; path = GTMGatherInputStream.m; sourceTree = "<group>"; };
		689AB8861C81A657006AAC4E /* GTMMIMEDocument.h */ = {isa = PBXFileReference; fileEncoding = 4; lastKnownFileType = sourcecode.c.h; path = GTMMIMEDocument.h; sourceTree = "<group>"; };
		689AB8871C81A657006AAC4E /* GTMMIMEDocument.m */ = {isa = PBXFileReference; fileEncoding = 4; lastKnownFileType = sourcecode.c.objc; path = GTMMIMEDocument.m; sourceTree = "<group>"; };
		689AB8881C81A657006AAC4E /* GTMReadMonitorInputStream.h */ = {isa = PBXFileReference; fileEncoding = 4; lastKnownFileType = sourcecode.c.h; path = GTMReadMonitorInputStream.h; sourceTree = "<group>"; };
		689AB8891C81A657006AAC4E /* GTMReadMonitorInputStream.m */ = {isa = PBXFileReference; fileEncoding = 4; lastKnownFileType = sourcecode.c.objc; path = GTMReadMonitorInputStream.m; sourceTree = "<group>"; };
		689AB88A1C81A657006AAC4E /* GTMOAuth2Authentication.h */ = {isa = PBXFileReference; fileEncoding = 4; lastKnownFileType = sourcecode.c.h; path = GTMOAuth2Authentication.h; sourceTree = "<group>"; };
		689AB88B1C81A657006AAC4E /* GTMOAuth2Authentication.m */ = {isa = PBXFileReference; fileEncoding = 4; lastKnownFileType = sourcecode.c.objc; path = GTMOAuth2Authentication.m; sourceTree = "<group>"; };
		689AB88C1C81A657006AAC4E /* GTMOAuth2SignIn.h */ = {isa = PBXFileReference; fileEncoding = 4; lastKnownFileType = sourcecode.c.h; path = GTMOAuth2SignIn.h; sourceTree = "<group>"; };
		689AB88D1C81A657006AAC4E /* GTMOAuth2SignIn.m */ = {isa = PBXFileReference; fileEncoding = 4; lastKnownFileType = sourcecode.c.objc; path = GTMOAuth2SignIn.m; sourceTree = "<group>"; };
		689AB88E1C81A657006AAC4E /* GTMOAuth2Window.xib */ = {isa = PBXFileReference; fileEncoding = 4; lastKnownFileType = file.xib; path = GTMOAuth2Window.xib; sourceTree = "<group>"; };
		689AB88F1C81A657006AAC4E /* GTMOAuth2WindowController.h */ = {isa = PBXFileReference; fileEncoding = 4; lastKnownFileType = sourcecode.c.h; path = GTMOAuth2WindowController.h; sourceTree = "<group>"; };
		689AB8901C81A657006AAC4E /* GTMOAuth2WindowController.m */ = {isa = PBXFileReference; fileEncoding = 4; lastKnownFileType = sourcecode.c.objc; path = GTMOAuth2WindowController.m; sourceTree = "<group>"; };
		689AB8911C81A657006AAC4E /* GTMOAuth2ViewControllerTouch.h */ = {isa = PBXFileReference; fileEncoding = 4; lastKnownFileType = sourcecode.c.h; path = GTMOAuth2ViewControllerTouch.h; sourceTree = "<group>"; };
		689AB8921C81A657006AAC4E /* GTMOAuth2ViewControllerTouch.m */ = {isa = PBXFileReference; fileEncoding = 4; lastKnownFileType = sourcecode.c.objc; path = GTMOAuth2ViewControllerTouch.m; sourceTree = "<group>"; };
		689AB8931C81A657006AAC4E /* GTMOAuth2ViewTouch.xib */ = {isa = PBXFileReference; fileEncoding = 4; lastKnownFileType = file.xib; path = GTMOAuth2ViewTouch.xib; sourceTree = "<group>"; };
		689AB8B51C81A862006AAC4E /* GTMGatherInputStream.h */ = {isa = PBXFileReference; fileEncoding = 4; lastKnownFileType = sourcecode.c.h; name = GTMGatherInputStream.h; path = "../../../google-api-objectivec-client-read-only/Source/gtm-session-fetcher-master/Source/GTMGatherInputStream.h"; sourceTree = "<group>"; };
		689AB8B61C81A862006AAC4E /* GTMGatherInputStream.m */ = {isa = PBXFileReference; fileEncoding = 4; lastKnownFileType = sourcecode.c.objc; name = GTMGatherInputStream.m; path = "../../../google-api-objectivec-client-read-only/Source/gtm-session-fetcher-master/Source/GTMGatherInputStream.m"; sourceTree = "<group>"; };
		689AB8B71C81A862006AAC4E /* GTMMIMEDocument.h */ = {isa = PBXFileReference; fileEncoding = 4; lastKnownFileType = sourcecode.c.h; name = GTMMIMEDocument.h; path = "../../../google-api-objectivec-client-read-only/Source/gtm-session-fetcher-master/Source/GTMMIMEDocument.h"; sourceTree = "<group>"; };
		689AB8B81C81A862006AAC4E /* GTMMIMEDocument.m */ = {isa = PBXFileReference; fileEncoding = 4; lastKnownFileType = sourcecode.c.objc; name = GTMMIMEDocument.m; path = "../../../google-api-objectivec-client-read-only/Source/gtm-session-fetcher-master/Source/GTMMIMEDocument.m"; sourceTree = "<group>"; };
		689AB8B91C81A862006AAC4E /* GTMReadMonitorInputStream.h */ = {isa = PBXFileReference; fileEncoding = 4; lastKnownFileType = sourcecode.c.h; name = GTMReadMonitorInputStream.h; path = "../../../google-api-objectivec-client-read-only/Source/gtm-session-fetcher-master/Source/GTMReadMonitorInputStream.h"; sourceTree = "<group>"; };
		689AB8BA1C81A862006AAC4E /* GTMReadMonitorInputStream.m */ = {isa = PBXFileReference; fileEncoding = 4; lastKnownFileType = sourcecode.c.objc; name = GTMReadMonitorInputStream.m; path = "../../../google-api-objectivec-client-read-only/Source/gtm-session-fetcher-master/Source/GTMReadMonitorInputStream.m"; sourceTree = "<group>"; };
		689AB8BB1C81A862006AAC4E /* GTMSessionFetcher.h */ = {isa = PBXFileReference; fileEncoding = 4; lastKnownFileType = sourcecode.c.h; name = GTMSessionFetcher.h; path = "../../../google-api-objectivec-client-read-only/Source/gtm-session-fetcher-master/Source/GTMSessionFetcher.h"; sourceTree = "<group>"; };
		689AB8BC1C81A862006AAC4E /* GTMSessionFetcher.m */ = {isa = PBXFileReference; fileEncoding = 4; lastKnownFileType = sourcecode.c.objc; name = GTMSessionFetcher.m; path = "../../../google-api-objectivec-client-read-only/Source/gtm-session-fetcher-master/Source/GTMSessionFetcher.m"; sourceTree = "<group>"; };
		689AB8BD1C81A862006AAC4E /* GTMSessionFetcherLogging.h */ = {isa = PBXFileReference; fileEncoding = 4; lastKnownFileType = sourcecode.c.h; name = GTMSessionFetcherLogging.h; path = "../../../google-api-objectivec-client-read-only/Source/gtm-session-fetcher-master/Source/GTMSessionFetcherLogging.h"; sourceTree = "<group>"; };
		689AB8BE1C81A862006AAC4E /* GTMSessionFetcherLogging.m */ = {isa = PBXFileReference; fileEncoding = 4; lastKnownFileType = sourcecode.c.objc; name = GTMSessionFetcherLogging.m; path = "../../../google-api-objectivec-client-read-only/Source/gtm-session-fetcher-master/Source/GTMSessionFetcherLogging.m"; sourceTree = "<group>"; };
		689AB8BF1C81A862006AAC4E /* GTMSessionFetcherService.h */ = {isa = PBXFileReference; fileEncoding = 4; lastKnownFileType = sourcecode.c.h; name = GTMSessionFetcherService.h; path = "../../../google-api-objectivec-client-read-only/Source/gtm-session-fetcher-master/Source/GTMSessionFetcherService.h"; sourceTree = "<group>"; };
		689AB8C01C81A862006AAC4E /* GTMSessionFetcherService.m */ = {isa = PBXFileReference; fileEncoding = 4; lastKnownFileType = sourcecode.c.objc; name = GTMSessionFetcherService.m; path = "../../../google-api-objectivec-client-read-only/Source/gtm-session-fetcher-master/Source/GTMSessionFetcherService.m"; sourceTree = "<group>"; };
		689AB8C11C81A862006AAC4E /* GTMSessionUploadFetcher.h */ = {isa = PBXFileReference; fileEncoding = 4; lastKnownFileType = sourcecode.c.h; name = GTMSessionUploadFetcher.h; path = "../../../google-api-objectivec-client-read-only/Source/gtm-session-fetcher-master/Source/GTMSessionUploadFetcher.h"; sourceTree = "<group>"; };
		689AB8C21C81A862006AAC4E /* GTMSessionUploadFetcher.m */ = {isa = PBXFileReference; fileEncoding = 4; lastKnownFileType = sourcecode.c.objc; name = GTMSessionUploadFetcher.m; path = "../../../google-api-objectivec-client-read-only/Source/gtm-session-fetcher-master/Source/GTMSessionUploadFetcher.m"; sourceTree = "<group>"; };
/* End PBXFileReference section */

/* Begin PBXFrameworksBuildPhase section */
		689AB7DE1C81A541006AAC4E /* Frameworks */ = {
			isa = PBXFrameworksBuildPhase;
			buildActionMask = 2147483647;
			files = (
			);
			runOnlyForDeploymentPostprocessing = 0;
		};
/* End PBXFrameworksBuildPhase section */

/* Begin PBXGroup section */
		689AB7D81C81A541006AAC4E = {
			isa = PBXGroup;
			children = (
				689AB7E31C81A541006AAC4E /* backend */,
				689AB7E21C81A541006AAC4E /* Products */,
			);
			sourceTree = "<group>";
		};
		689AB7E21C81A541006AAC4E /* Products */ = {
			isa = PBXGroup;
			children = (
				689AB7E11C81A541006AAC4E /* libbackend.a */,
			);
			name = Products;
			sourceTree = "<group>";
		};
		689AB7E31C81A541006AAC4E /* backend */ = {
			isa = PBXGroup;
			children = (
				689AB85D1C81A5DF006AAC4E /* GTL */,
				689AB8D11C81A93D006AAC4E /* Accounts */,
				689AB8D01C81A930006AAC4E /* Blocks */,
				689AB8CF1C81A927006AAC4E /* Contacts */,
				689AB8CD1C81A909006AAC4E /* Query */,
				689AB8CC1C81A8FF006AAC4E /* Reports */,
				689AB8CB1C81A8F2006AAC4E /* Requests */,
				689AB8CA1C81A8DE006AAC4E /* Service */,
			);
			path = backend;
			sourceTree = "<group>";
		};
		689AB85D1C81A5DF006AAC4E /* GTL */ = {
			isa = PBXGroup;
			children = (
				689AB8B41C81A7DE006AAC4E /* GTM */,
				689AB85E1C81A617006AAC4E /* GTLDefines.h */,
				689AB8AD1C81A669006AAC4E /* Objects */,
				689AB8AE1C81A677006AAC4E /* Utilities */,
				689AB8B01C81A6A6006AAC4E /* HTTPFetcher */,
				689AB8B11C81A6B7006AAC4E /* OAuth2 */,
			);
			name = GTL;
			sourceTree = "<group>";
		};
		689AB8AD1C81A669006AAC4E /* Objects */ = {
			isa = PBXGroup;
			children = (
				689AB85F1C81A657006AAC4E /* GTLObject.h */,
				689AB8601C81A657006AAC4E /* GTLObject.m */,
				689AB8611C81A657006AAC4E /* GTLQuery.h */,
				689AB8621C81A657006AAC4E /* GTLQuery.m */,
				689AB8631C81A657006AAC4E /* GTLBatchQuery.h */,
				689AB8641C81A657006AAC4E /* GTLBatchQuery.m */,
				689AB8651C81A657006AAC4E /* GTLService.h */,
				689AB8661C81A657006AAC4E /* GTLService.m */,
				689AB8671C81A657006AAC4E /* GTLBatchResult.h */,
				689AB8681C81A657006AAC4E /* GTLBatchResult.m */,
				689AB8691C81A657006AAC4E /* GTLUploadParameters.h */,
				689AB86A1C81A657006AAC4E /* GTLUploadParameters.m */,
				689AB86B1C81A657006AAC4E /* GTLDateTime.h */,
				689AB86C1C81A657006AAC4E /* GTLDateTime.m */,
				689AB86D1C81A657006AAC4E /* GTLErrorObject.h */,
				689AB86E1C81A657006AAC4E /* GTLErrorObject.m */,
				689AB86F1C81A657006AAC4E /* GTLRuntimeCommon.h */,
				689AB8701C81A657006AAC4E /* GTLRuntimeCommon.m */,
			);
			name = Objects;
			sourceTree = "<group>";
		};
		689AB8AE1C81A677006AAC4E /* Utilities */ = {
			isa = PBXGroup;
			children = (
				689AB8711C81A657006AAC4E /* GTLFramework.h */,
				689AB8721C81A657006AAC4E /* GTLFramework.m */,
				689AB8731C81A657006AAC4E /* GTLJSONParser.h */,
				689AB8741C81A657006AAC4E /* GTLJSONParser.m */,
				689AB8751C81A657006AAC4E /* GTLTargetNamespace.h */,
				689AB8761C81A657006AAC4E /* GTLUtilities.h */,
				689AB8771C81A657006AAC4E /* GTLUtilities.m */,
				689AB8781C81A657006AAC4E /* GTLBase64.h */,
				689AB8791C81A657006AAC4E /* GTLBase64.m */,
			);
			name = Utilities;
			sourceTree = "<group>";
		};
		689AB8B01C81A6A6006AAC4E /* HTTPFetcher */ = {
			isa = PBXGroup;
			children = (
				689AB87A1C81A657006AAC4E /* GTMHTTPFetcherService.h */,
				689AB87B1C81A657006AAC4E /* GTMHTTPFetcherService.m */,
				689AB87C1C81A657006AAC4E /* GTMHTTPFetcher.h */,
				689AB87D1C81A657006AAC4E /* GTMHTTPFetcher.m */,
				689AB87E1C81A657006AAC4E /* GTMHTTPFetcherLogging.h */,
				689AB87F1C81A657006AAC4E /* GTMHTTPFetcherLogging.m */,
				689AB8801C81A657006AAC4E /* GTMHTTPFetchHistory.h */,
				689AB8811C81A657006AAC4E /* GTMHTTPFetchHistory.m */,
				689AB8821C81A657006AAC4E /* GTMHTTPUploadFetcher.h */,
				689AB8831C81A657006AAC4E /* GTMHTTPUploadFetcher.m */,
				689AB8841C81A657006AAC4E /* GTMGatherInputStream.h */,
				689AB8851C81A657006AAC4E /* GTMGatherInputStream.m */,
				689AB8861C81A657006AAC4E /* GTMMIMEDocument.h */,
				689AB8871C81A657006AAC4E /* GTMMIMEDocument.m */,
				689AB8881C81A657006AAC4E /* GTMReadMonitorInputStream.h */,
				689AB8891C81A657006AAC4E /* GTMReadMonitorInputStream.m */,
			);
			name = HTTPFetcher;
			sourceTree = "<group>";
		};
		689AB8B11C81A6B7006AAC4E /* OAuth2 */ = {
			isa = PBXGroup;
			children = (
				689AB8B21C81A6C7006AAC4E /* Mac */,
				689AB8B31C81A6D1006AAC4E /* Touch */,
				689AB88A1C81A657006AAC4E /* GTMOAuth2Authentication.h */,
				689AB88B1C81A657006AAC4E /* GTMOAuth2Authentication.m */,
				689AB88C1C81A657006AAC4E /* GTMOAuth2SignIn.h */,
				689AB88D1C81A657006AAC4E /* GTMOAuth2SignIn.m */,
			);
			name = OAuth2;
			sourceTree = "<group>";
		};
		689AB8B21C81A6C7006AAC4E /* Mac */ = {
			isa = PBXGroup;
			children = (
				689AB88E1C81A657006AAC4E /* GTMOAuth2Window.xib */,
				689AB88F1C81A657006AAC4E /* GTMOAuth2WindowController.h */,
				689AB8901C81A657006AAC4E /* GTMOAuth2WindowController.m */,
			);
			name = Mac;
			sourceTree = "<group>";
		};
		689AB8B31C81A6D1006AAC4E /* Touch */ = {
			isa = PBXGroup;
			children = (
				689AB8911C81A657006AAC4E /* GTMOAuth2ViewControllerTouch.h */,
				689AB8921C81A657006AAC4E /* GTMOAuth2ViewControllerTouch.m */,
				689AB8931C81A657006AAC4E /* GTMOAuth2ViewTouch.xib */,
			);
			name = Touch;
			sourceTree = "<group>";
		};
		689AB8B41C81A7DE006AAC4E /* GTM */ = {
			isa = PBXGroup;
			children = (
				689AB8B51C81A862006AAC4E /* GTMGatherInputStream.h */,
				689AB8B61C81A862006AAC4E /* GTMGatherInputStream.m */,
				689AB8B71C81A862006AAC4E /* GTMMIMEDocument.h */,
				689AB8B81C81A862006AAC4E /* GTMMIMEDocument.m */,
				689AB8B91C81A862006AAC4E /* GTMReadMonitorInputStream.h */,
				689AB8BA1C81A862006AAC4E /* GTMReadMonitorInputStream.m */,
				689AB8BB1C81A862006AAC4E /* GTMSessionFetcher.h */,
				689AB8BC1C81A862006AAC4E /* GTMSessionFetcher.m */,
				689AB8BD1C81A862006AAC4E /* GTMSessionFetcherLogging.h */,
				689AB8BE1C81A862006AAC4E /* GTMSessionFetcherLogging.m */,
				689AB8BF1C81A862006AAC4E /* GTMSessionFetcherService.h */,
				689AB8C01C81A862006AAC4E /* GTMSessionFetcherService.m */,
				689AB8C11C81A862006AAC4E /* GTMSessionUploadFetcher.h */,
				689AB8C21C81A862006AAC4E /* GTMSessionUploadFetcher.m */,
			);
			name = GTM;
			sourceTree = "<group>";
		};
		689AB8CA1C81A8DE006AAC4E /* Service */ = {
			isa = PBXGroup;
			children = (
				689AB82D1C81A564006AAC4E /* GTLServiceAccount.h */,
				689AB82E1C81A564006AAC4E /* GTLServiceAccount.m */,
				689AB82F1C81A564006AAC4E /* GTLServiceBlocks.h */,
				689AB8301C81A564006AAC4E /* GTLServiceBlocks.m */,
				689AB8311C81A564006AAC4E /* GTLServiceContacts.h */,
				689AB8321C81A564006AAC4E /* GTLServiceContacts.m */,
				689AB8331C81A564006AAC4E /* GTLServiceReports.h */,
				689AB8341C81A564006AAC4E /* GTLServiceReports.m */,
				689AB8351C81A564006AAC4E /* GTLServiceRequests.h */,
				689AB8361C81A564006AAC4E /* GTLServiceRequests.m */,
			);
			name = Service;
			sourceTree = "<group>";
		};
		689AB8CB1C81A8F2006AAC4E /* Requests */ = {
			isa = PBXGroup;
			children = (
				689AB8231C81A564006AAC4E /* GTLRequests_Sources.m */,
				689AB8241C81A564006AAC4E /* GTLRequests.h */,
				689AB8251C81A564006AAC4E /* GTLRequestsConstants.h */,
				689AB8261C81A564006AAC4E /* GTLRequestsConstants.m */,
				689AB8271C81A564006AAC4E /* GTLRequestsIacceptUser.h */,
				689AB8281C81A564006AAC4E /* GTLRequestsIacceptUser.m */,
				689AB8291C81A564006AAC4E /* GTLRequestsIlist.h */,
				689AB82A1C81A564006AAC4E /* GTLRequestsIlist.m */,
				689AB82B1C81A564006AAC4E /* GTLRequestsIrejectUser.h */,
				689AB82C1C81A564006AAC4E /* GTLRequestsIrejectUser.m */,
			);
			name = Requests;
			sourceTree = "<group>";
		};
		689AB8CC1C81A8FF006AAC4E /* Reports */ = {
			isa = PBXGroup;
			children = (
				689AB81D1C81A564006AAC4E /* GTLReports_Sources.m */,
				689AB81E1C81A564006AAC4E /* GTLReports.h */,
				689AB81F1C81A564006AAC4E /* GTLReportsConstants.h */,
				689AB8201C81A564006AAC4E /* GTLReportsConstants.m */,
				689AB8211C81A564006AAC4E /* GTLReportsIreport.h */,
				689AB8221C81A564006AAC4E /* GTLReportsIreport.m */,
			);
			name = Reports;
			sourceTree = "<group>";
		};
		689AB8CD1C81A909006AAC4E /* Query */ = {
			isa = PBXGroup;
			children = (
				689AB8131C81A564006AAC4E /* GTLQueryAccount.h */,
				689AB8141C81A564006AAC4E /* GTLQueryAccount.m */,
				689AB8151C81A564006AAC4E /* GTLQueryBlocks.h */,
				689AB8161C81A564006AAC4E /* GTLQueryBlocks.m */,
				689AB8171C81A564006AAC4E /* GTLQueryContacts.h */,
				689AB8181C81A564006AAC4E /* GTLQueryContacts.m */,
				689AB8191C81A564006AAC4E /* GTLQueryReports.h */,
				689AB81A1C81A564006AAC4E /* GTLQueryReports.m */,
				689AB81B1C81A564006AAC4E /* GTLQueryRequests.h */,
				689AB81C1C81A564006AAC4E /* GTLQueryRequests.m */,
			);
			name = Query;
			sourceTree = "<group>";
		};
		689AB8CF1C81A927006AAC4E /* Contacts */ = {
			isa = PBXGroup;
			children = (
				689AB8051C81A564006AAC4E /* GTLContacts_Sources.m */,
				689AB8061C81A564006AAC4E /* GTLContacts.h */,
				689AB8071C81A564006AAC4E /* GTLContactsConstants.h */,
				689AB8081C81A564006AAC4E /* GTLContactsConstants.m */,
				689AB8091C81A564006AAC4E /* GTLContactsIcard.h */,
				689AB80A1C81A564006AAC4E /* GTLContactsIcard.m */,
				689AB80B1C81A564006AAC4E /* GTLContactsIlist.h */,
				689AB80C1C81A564006AAC4E /* GTLContactsIlist.m */,
				689AB80D1C81A564006AAC4E /* GTLContactsIqr.h */,
				689AB80E1C81A564006AAC4E /* GTLContactsIqr.m */,
				689AB80F1C81A564006AAC4E /* GTLContactsIsetUser.h */,
				689AB8101C81A564006AAC4E /* GTLContactsIsetUser.m */,
				689AB8111C81A564006AAC4E /* GTLContactsIusername.h */,
				689AB8121C81A564006AAC4E /* GTLContactsIusername.m */,
			);
			name = Contacts;
			sourceTree = "<group>";
		};
		689AB8D01C81A930006AAC4E /* Blocks */ = {
			isa = PBXGroup;
			children = (
				689AB7FB1C81A564006AAC4E /* GTLBlocks_Sources.m */,
				689AB7FC1C81A564006AAC4E /* GTLBlocks.h */,
				689AB7FD1C81A564006AAC4E /* GTLBlocksConstants.h */,
				689AB7FE1C81A564006AAC4E /* GTLBlocksConstants.m */,
				689AB7FF1C81A564006AAC4E /* GTLBlocksIblock.h */,
				689AB8001C81A564006AAC4E /* GTLBlocksIblock.m */,
				689AB8011C81A564006AAC4E /* GTLBlocksIlist.h */,
				689AB8021C81A564006AAC4E /* GTLBlocksIlist.m */,
				689AB8031C81A564006AAC4E /* GTLBlocksIunblock.h */,
				689AB8041C81A564006AAC4E /* GTLBlocksIunblock.m */,
			);
			name = Blocks;
			sourceTree = "<group>";
		};
		689AB8D11C81A93D006AAC4E /* Accounts */ = {
			isa = PBXGroup;
			children = (
				689AB7ED1C81A564006AAC4E /* GTLAccount_Sources.m */,
				689AB7EE1C81A564006AAC4E /* GTLAccount.h */,
				689AB7EF1C81A564006AAC4E /* GTLAccountConstants.h */,
				689AB7F01C81A564006AAC4E /* GTLAccountConstants.m */,
				689AB7F11C81A564006AAC4E /* GTLAccountIcheckUser.h */,
				689AB7F21C81A564006AAC4E /* GTLAccountIcheckUser.m */,
				689AB7F31C81A564006AAC4E /* GTLAccountIregisterUser.h */,
				689AB7F41C81A564006AAC4E /* GTLAccountIregisterUser.m */,
				689AB7F51C81A564006AAC4E /* GTLAccountIremoveUser.h */,
				689AB7F61C81A564006AAC4E /* GTLAccountIremoveUser.m */,
				689AB7F71C81A564006AAC4E /* GTLAccountIresetUser.h */,
				689AB7F81C81A564006AAC4E /* GTLAccountIresetUser.m */,
				689AB7F91C81A564006AAC4E /* GTLAccountIverifyUser.h */,
				689AB7FA1C81A564006AAC4E /* GTLAccountIverifyUser.m */,
			);
			name = Accounts;
			sourceTree = "<group>";
		};
/* End PBXGroup section */

/* Begin PBXNativeTarget section */
		689AB7E01C81A541006AAC4E /* backend */ = {
			isa = PBXNativeTarget;
			buildConfigurationList = 689AB7EA1C81A541006AAC4E /* Build configuration list for PBXNativeTarget "backend" */;
			buildPhases = (
				689AB7DD1C81A541006AAC4E /* Sources */,
				689AB7DE1C81A541006AAC4E /* Frameworks */,
				689AB7DF1C81A541006AAC4E /* CopyFiles */,
			);
			buildRules = (
			);
			dependencies = (
			);
			name = backend;
			productName = backend;
			productReference = 689AB7E11C81A541006AAC4E /* libbackend.a */;
			productType = "com.apple.product-type.library.static";
		};
/* End PBXNativeTarget section */

/* Begin PBXProject section */
		689AB7D91C81A541006AAC4E /* Project object */ = {
			isa = PBXProject;
			attributes = {
				LastUpgradeCheck = 0700;
				ORGANIZATIONNAME = "Square 1";
				TargetAttributes = {
					689AB7E01C81A541006AAC4E = {
						CreatedOnToolsVersion = 7.0.1;
						DevelopmentTeam = FTYD395SEU;
					};
				};
			};
			buildConfigurationList = 689AB7DC1C81A541006AAC4E /* Build configuration list for PBXProject "backend" */;
			compatibilityVersion = "Xcode 3.2";
			developmentRegion = English;
			hasScannedForEncodings = 0;
			knownRegions = (
				en,
			);
			mainGroup = 689AB7D81C81A541006AAC4E;
			productRefGroup = 689AB7E21C81A541006AAC4E /* Products */;
			projectDirPath = "";
			projectRoot = "";
			targets = (
				689AB7E01C81A541006AAC4E /* backend */,
			);
		};
/* End PBXProject section */

/* Begin PBXSourcesBuildPhase section */
		689AB7DD1C81A541006AAC4E /* Sources */ = {
			isa = PBXSourcesBuildPhase;
			buildActionMask = 2147483647;
			files = (
				689AB8471C81A564006AAC4E /* GTLContactsIqr.m in Sources */,
				689AB89C1C81A657006AAC4E /* GTLRuntimeCommon.m in Sources */,
				689AB8981C81A657006AAC4E /* GTLBatchResult.m in Sources */,
				689AB8961C81A657006AAC4E /* GTLBatchQuery.m in Sources */,
				689AB8AC1C81A657006AAC4E /* GTMOAuth2ViewControllerTouch.m in Sources */,
				689AB8581C81A564006AAC4E /* GTLServiceBlocks.m in Sources */,
				689AB83D1C81A564006AAC4E /* GTLAccountIverifyUser.m in Sources */,
				689AB8951C81A657006AAC4E /* GTLQuery.m in Sources */,
				689AB8AA1C81A657006AAC4E /* GTMOAuth2SignIn.m in Sources */,
				689AB8971C81A657006AAC4E /* GTLService.m in Sources */,
				689AB89D1C81A657006AAC4E /* GTLFramework.m in Sources */,
				689AB8C31C81A862006AAC4E /* GTMGatherInputStream.m in Sources */,
				689AB83C1C81A564006AAC4E /* GTLAccountIresetUser.m in Sources */,
				689AB8421C81A564006AAC4E /* GTLBlocksIunblock.m in Sources */,
				689AB85A1C81A564006AAC4E /* GTLServiceReports.m in Sources */,
				689AB8C81C81A862006AAC4E /* GTMSessionFetcherService.m in Sources */,
				689AB8391C81A564006AAC4E /* GTLAccountIcheckUser.m in Sources */,
				689AB85B1C81A564006AAC4E /* GTLServiceRequests.m in Sources */,
				689AB84D1C81A564006AAC4E /* GTLQueryReports.m in Sources */,
				689AB8531C81A564006AAC4E /* GTLRequestsConstants.m in Sources */,
				689AB8A11C81A657006AAC4E /* GTMHTTPFetcherService.m in Sources */,
				689AB8941C81A657006AAC4E /* GTLObject.m in Sources */,
				689AB84B1C81A564006AAC4E /* GTLQueryBlocks.m in Sources */,
				689AB8A31C81A657006AAC4E /* GTMHTTPFetcherLogging.m in Sources */,
				689AB8451C81A564006AAC4E /* GTLContactsIcard.m in Sources */,
				689AB8411C81A564006AAC4E /* GTLBlocksIlist.m in Sources */,
				689AB8A01C81A657006AAC4E /* GTLBase64.m in Sources */,
				689AB8C51C81A862006AAC4E /* GTMReadMonitorInputStream.m in Sources */,
				689AB83A1C81A564006AAC4E /* GTLAccountIregisterUser.m in Sources */,
				689AB84C1C81A564006AAC4E /* GTLQueryContacts.m in Sources */,
				689AB8A91C81A657006AAC4E /* GTMOAuth2Authentication.m in Sources */,
				689AB8A21C81A657006AAC4E /* GTMHTTPFetcher.m in Sources */,
				689AB8551C81A564006AAC4E /* GTLRequestsIlist.m in Sources */,
				689AB83F1C81A564006AAC4E /* GTLBlocksConstants.m in Sources */,
				689AB8C71C81A862006AAC4E /* GTMSessionFetcherLogging.m in Sources */,
				689AB8A51C81A657006AAC4E /* GTMHTTPUploadFetcher.m in Sources */,
				689AB8A71C81A657006AAC4E /* GTMMIMEDocument.m in Sources */,
				689AB8991C81A657006AAC4E /* GTLUploadParameters.m in Sources */,
				689AB8461C81A564006AAC4E /* GTLContactsIlist.m in Sources */,
				689AB8571C81A564006AAC4E /* GTLServiceAccount.m in Sources */,
				689AB8A61C81A657006AAC4E /* GTMGatherInputStream.m in Sources */,
				689AB8481C81A564006AAC4E /* GTLContactsIsetUser.m in Sources */,
				689AB8AB1C81A657006AAC4E /* GTMOAuth2WindowController.m in Sources */,
				689AB8521C81A564006AAC4E /* GTLRequests_Sources.m in Sources */,
				689AB8401C81A564006AAC4E /* GTLBlocksIblock.m in Sources */,
				689AB8491C81A564006AAC4E /* GTLContactsIusername.m in Sources */,
				689AB8441C81A564006AAC4E /* GTLContactsConstants.m in Sources */,
				689AB84A1C81A564006AAC4E /* GTLQueryAccount.m in Sources */,
				689AB8A81C81A657006AAC4E /* GTMReadMonitorInputStream.m in Sources */,
				689AB8C61C81A862006AAC4E /* GTMSessionFetcher.m in Sources */,
				689AB84F1C81A564006AAC4E /* GTLReports_Sources.m in Sources */,
				689AB8371C81A564006AAC4E /* GTLAccount_Sources.m in Sources */,
				689AB8C91C81A862006AAC4E /* GTMSessionUploadFetcher.m in Sources */,
				689AB8511C81A564006AAC4E /* GTLReportsIreport.m in Sources */,
				689AB83B1C81A564006AAC4E /* GTLAccountIremoveUser.m in Sources */,
				689AB8541C81A564006AAC4E /* GTLRequestsIacceptUser.m in Sources */,
				689AB8591C81A564006AAC4E /* GTLServiceContacts.m in Sources */,
				689AB8501C81A564006AAC4E /* GTLReportsConstants.m in Sources */,
				689AB89E1C81A657006AAC4E /* GTLJSONParser.m in Sources */,
				689AB8561C81A564006AAC4E /* GTLRequestsIrejectUser.m in Sources */,
				689AB8A41C81A657006AAC4E /* GTMHTTPFetchHistory.m in Sources */,
				689AB83E1C81A564006AAC4E /* GTLBlocks_Sources.m in Sources */,
				689AB89A1C81A657006AAC4E /* GTLDateTime.m in Sources */,
				689AB8431C81A564006AAC4E /* GTLContacts_Sources.m in Sources */,
				689AB8C41C81A862006AAC4E /* GTMMIMEDocument.m in Sources */,
				689AB89B1C81A657006AAC4E /* GTLErrorObject.m in Sources */,
				689AB84E1C81A564006AAC4E /* GTLQueryRequests.m in Sources */,
				689AB89F1C81A657006AAC4E /* GTLUtilities.m in Sources */,
				689AB8381C81A564006AAC4E /* GTLAccountConstants.m in Sources */,
			);
			runOnlyForDeploymentPostprocessing = 0;
		};
/* End PBXSourcesBuildPhase section */

/* Begin XCBuildConfiguration section */
		689AB7E81C81A541006AAC4E /* Debug */ = {
			isa = XCBuildConfiguration;
			buildSettings = {
				ALWAYS_SEARCH_USER_PATHS = NO;
				CLANG_CXX_LANGUAGE_STANDARD = "gnu++0x";
				CLANG_CXX_LIBRARY = "libc++";
				CLANG_ENABLE_MODULES = YES;
				CLANG_ENABLE_OBJC_ARC = YES;
				CLANG_WARN_BOOL_CONVERSION = YES;
				CLANG_WARN_CONSTANT_CONVERSION = YES;
				CLANG_WARN_DIRECT_OBJC_ISA_USAGE = YES_ERROR;
				CLANG_WARN_EMPTY_BODY = YES;
				CLANG_WARN_ENUM_CONVERSION = YES;
				CLANG_WARN_INT_CONVERSION = YES;
				CLANG_WARN_OBJC_ROOT_CLASS = YES_ERROR;
				CLANG_WARN_UNREACHABLE_CODE = YES;
				CLANG_WARN__DUPLICATE_METHOD_MATCH = YES;
				COPY_PHASE_STRIP = NO;
				DEBUG_INFORMATION_FORMAT = dwarf;
				ENABLE_STRICT_OBJC_MSGSEND = YES;
				ENABLE_TESTABILITY = YES;
				GCC_C_LANGUAGE_STANDARD = gnu99;
				GCC_DYNAMIC_NO_PIC = NO;
				GCC_NO_COMMON_BLOCKS = YES;
				GCC_OPTIMIZATION_LEVEL = 0;
				GCC_PREPROCESSOR_DEFINITIONS = (
					"DEBUG=1",
					"$(inherited)",
				);
				GCC_WARN_64_TO_32_BIT_CONVERSION = YES;
				GCC_WARN_ABOUT_RETURN_TYPE = YES_ERROR;
				GCC_WARN_UNDECLARED_SELECTOR = YES;
				GCC_WARN_UNINITIALIZED_AUTOS = YES_AGGRESSIVE;
				GCC_WARN_UNUSED_FUNCTION = YES;
				GCC_WARN_UNUSED_VARIABLE = YES;
				IPHONEOS_DEPLOYMENT_TARGET = 9.0;
				MTL_ENABLE_DEBUG_INFO = YES;
				ONLY_ACTIVE_ARCH = YES;
				SDKROOT = iphoneos;
			};
			name = Debug;
		};
		689AB7E91C81A541006AAC4E /* Release */ = {
			isa = XCBuildConfiguration;
			buildSettings = {
				ALWAYS_SEARCH_USER_PATHS = NO;
				CLANG_CXX_LANGUAGE_STANDARD = "gnu++0x";
				CLANG_CXX_LIBRARY = "libc++";
				CLANG_ENABLE_MODULES = YES;
				CLANG_ENABLE_OBJC_ARC = YES;
				CLANG_WARN_BOOL_CONVERSION = YES;
				CLANG_WARN_CONSTANT_CONVERSION = YES;
				CLANG_WARN_DIRECT_OBJC_ISA_USAGE = YES_ERROR;
				CLANG_WARN_EMPTY_BODY = YES;
				CLANG_WARN_ENUM_CONVERSION = YES;
				CLANG_WARN_INT_CONVERSION = YES;
				CLANG_WARN_OBJC_ROOT_CLASS = YES_ERROR;
				CLANG_WARN_UNREACHABLE_CODE = YES;
				CLANG_WARN__DUPLICATE_METHOD_MATCH = YES;
				COPY_PHASE_STRIP = NO;
				DEBUG_INFORMATION_FORMAT = "dwarf-with-dsym";
				ENABLE_NS_ASSERTIONS = NO;
				ENABLE_STRICT_OBJC_MSGSEND = YES;
				GCC_C_LANGUAGE_STANDARD = gnu99;
				GCC_NO_COMMON_BLOCKS = YES;
				GCC_WARN_64_TO_32_BIT_CONVERSION = YES;
				GCC_WARN_ABOUT_RETURN_TYPE = YES_ERROR;
				GCC_WARN_UNDECLARED_SELECTOR = YES;
				GCC_WARN_UNINITIALIZED_AUTOS = YES_AGGRESSIVE;
				GCC_WARN_UNUSED_FUNCTION = YES;
				GCC_WARN_UNUSED_VARIABLE = YES;
				IPHONEOS_DEPLOYMENT_TARGET = 9.0;
				MTL_ENABLE_DEBUG_INFO = NO;
				SDKROOT = iphoneos;
				VALIDATE_PRODUCT = YES;
			};
			name = Release;
		};
		689AB7EB1C81A541006AAC4E /* Debug */ = {
			isa = XCBuildConfiguration;
			buildSettings = {
				CLANG_ENABLE_OBJC_ARC = YES;
				MACH_O_TYPE = staticlib;
				OTHER_LDFLAGS = "-ObjC";
				PRODUCT_NAME = "$(TARGET_NAME)";
				SKIP_INSTALL = YES;
			};
			name = Debug;
		};
		689AB7EC1C81A541006AAC4E /* Release */ = {
			isa = XCBuildConfiguration;
			buildSettings = {
				CLANG_ENABLE_OBJC_ARC = YES;
				MACH_O_TYPE = staticlib;
				OTHER_LDFLAGS = "-ObjC";
				PRODUCT_NAME = "$(TARGET_NAME)";
				SKIP_INSTALL = YES;
			};
			name = Release;
		};
/* End XCBuildConfiguration section */

/* Begin XCConfigurationList section */
		689AB7DC1C81A541006AAC4E /* Build configuration list for PBXProject "backend" */ = {
			isa = XCConfigurationList;
			buildConfigurations = (
				689AB7E81C81A541006AAC4E /* Debug */,
				689AB7E91C81A541006AAC4E /* Release */,
			);
			defaultConfigurationIsVisible = 0;
			defaultConfigurationName = Release;
		};
		689AB7EA1C81A541006AAC4E /* Build configuration list for PBXNativeTarget "backend" */ = {
			isa = XCConfigurationList;
			buildConfigurations = (
				689AB7EB1C81A541006AAC4E /* Debug */,
				689AB7EC1C81A541006AAC4E /* Release */,
			);
			defaultConfigurationIsVisible = 0;
		};
/* End XCConfigurationList section */
	};
	rootObject = 689AB7D91C81A541006AAC4E /* Project object */;
}
