// !$*UTF8*$!
{
	archiveVersion = 1;
	classes = {
	};
	objectVersion = 46;
	objects = {

/* Begin PBXBuildFile section */
		689ABA731C81AF76006AAC4E /* BackendFramework.framework in Frameworks */ = {isa = PBXBuildFile; fileRef = 689ABA681C81AF75006AAC4E /* BackendFramework.framework */; settings = {ASSET_TAGS = (); }; };
		689ABA781C81AF76006AAC4E /* BackendFrameworkTests.swift in Sources */ = {isa = PBXBuildFile; fileRef = 689ABA771C81AF76006AAC4E /* BackendFrameworkTests.swift */; };
		689ABA911C81AF96006AAC4E /* GTMGatherInputStream.h in Headers */ = {isa = PBXBuildFile; fileRef = 689ABA831C81AF96006AAC4E /* GTMGatherInputStream.h */; settings = {ASSET_TAGS = (); }; };
		689ABA921C81AF96006AAC4E /* GTMGatherInputStream.m in Sources */ = {isa = PBXBuildFile; fileRef = 689ABA841C81AF96006AAC4E /* GTMGatherInputStream.m */; settings = {ASSET_TAGS = (); }; };
		689ABA931C81AF96006AAC4E /* GTMMIMEDocument.h in Headers */ = {isa = PBXBuildFile; fileRef = 689ABA851C81AF96006AAC4E /* GTMMIMEDocument.h */; settings = {ASSET_TAGS = (); }; };
		689ABA941C81AF96006AAC4E /* GTMMIMEDocument.m in Sources */ = {isa = PBXBuildFile; fileRef = 689ABA861C81AF96006AAC4E /* GTMMIMEDocument.m */; settings = {ASSET_TAGS = (); }; };
		689ABA951C81AF96006AAC4E /* GTMReadMonitorInputStream.h in Headers */ = {isa = PBXBuildFile; fileRef = 689ABA871C81AF96006AAC4E /* GTMReadMonitorInputStream.h */; settings = {ASSET_TAGS = (); }; };
		689ABA961C81AF96006AAC4E /* GTMReadMonitorInputStream.m in Sources */ = {isa = PBXBuildFile; fileRef = 689ABA881C81AF96006AAC4E /* GTMReadMonitorInputStream.m */; settings = {ASSET_TAGS = (); }; };
		689ABA971C81AF96006AAC4E /* GTMSessionFetcher.h in Headers */ = {isa = PBXBuildFile; fileRef = 689ABA891C81AF96006AAC4E /* GTMSessionFetcher.h */; settings = {ASSET_TAGS = (); }; };
		689ABA981C81AF96006AAC4E /* GTMSessionFetcher.m in Sources */ = {isa = PBXBuildFile; fileRef = 689ABA8A1C81AF96006AAC4E /* GTMSessionFetcher.m */; settings = {ASSET_TAGS = (); }; };
		689ABA991C81AF96006AAC4E /* GTMSessionFetcherLogging.h in Headers */ = {isa = PBXBuildFile; fileRef = 689ABA8B1C81AF96006AAC4E /* GTMSessionFetcherLogging.h */; settings = {ASSET_TAGS = (); }; };
		689ABA9A1C81AF96006AAC4E /* GTMSessionFetcherLogging.m in Sources */ = {isa = PBXBuildFile; fileRef = 689ABA8C1C81AF96006AAC4E /* GTMSessionFetcherLogging.m */; settings = {ASSET_TAGS = (); }; };
		689ABA9B1C81AF96006AAC4E /* GTMSessionFetcherService.h in Headers */ = {isa = PBXBuildFile; fileRef = 689ABA8D1C81AF96006AAC4E /* GTMSessionFetcherService.h */; settings = {ASSET_TAGS = (); }; };
		689ABA9C1C81AF96006AAC4E /* GTMSessionFetcherService.m in Sources */ = {isa = PBXBuildFile; fileRef = 689ABA8E1C81AF96006AAC4E /* GTMSessionFetcherService.m */; settings = {ASSET_TAGS = (); }; };
		689ABA9D1C81AF96006AAC4E /* GTMSessionUploadFetcher.h in Headers */ = {isa = PBXBuildFile; fileRef = 689ABA8F1C81AF96006AAC4E /* GTMSessionUploadFetcher.h */; settings = {ASSET_TAGS = (); }; };
		689ABA9E1C81AF96006AAC4E /* GTMSessionUploadFetcher.m in Sources */ = {isa = PBXBuildFile; fileRef = 689ABA901C81AF96006AAC4E /* GTMSessionUploadFetcher.m */; settings = {ASSET_TAGS = (); }; };
		689ABAD61C81AFBE006AAC4E /* GTLDefines.h in Headers */ = {isa = PBXBuildFile; fileRef = 689ABAA01C81AFBE006AAC4E /* GTLDefines.h */; settings = {ASSET_TAGS = (); }; };
		689ABAD71C81AFBE006AAC4E /* GTLObject.h in Headers */ = {isa = PBXBuildFile; fileRef = 689ABAA11C81AFBE006AAC4E /* GTLObject.h */; settings = {ASSET_TAGS = (); }; };
		689ABAD81C81AFBE006AAC4E /* GTLObject.m in Sources */ = {isa = PBXBuildFile; fileRef = 689ABAA21C81AFBE006AAC4E /* GTLObject.m */; settings = {COMPILER_FLAGS = "-fno-objc-arc"; }; };
		689ABAD91C81AFBE006AAC4E /* GTLQuery.h in Headers */ = {isa = PBXBuildFile; fileRef = 689ABAA31C81AFBE006AAC4E /* GTLQuery.h */; settings = {ASSET_TAGS = (); }; };
		689ABADA1C81AFBE006AAC4E /* GTLQuery.m in Sources */ = {isa = PBXBuildFile; fileRef = 689ABAA41C81AFBE006AAC4E /* GTLQuery.m */; settings = {COMPILER_FLAGS = "-fno-objc-arc"; }; };
		689ABADB1C81AFBE006AAC4E /* GTLBatchQuery.h in Headers */ = {isa = PBXBuildFile; fileRef = 689ABAA51C81AFBE006AAC4E /* GTLBatchQuery.h */; settings = {ASSET_TAGS = (); }; };
		689ABADC1C81AFBE006AAC4E /* GTLBatchQuery.m in Sources */ = {isa = PBXBuildFile; fileRef = 689ABAA61C81AFBE006AAC4E /* GTLBatchQuery.m */; settings = {COMPILER_FLAGS = "-fno-objc-arc"; }; };
		689ABADD1C81AFBE006AAC4E /* GTLService.h in Headers */ = {isa = PBXBuildFile; fileRef = 689ABAA71C81AFBE006AAC4E /* GTLService.h */; settings = {ASSET_TAGS = (); }; };
		689ABADE1C81AFBE006AAC4E /* GTLService.m in Sources */ = {isa = PBXBuildFile; fileRef = 689ABAA81C81AFBE006AAC4E /* GTLService.m */; settings = {COMPILER_FLAGS = "-fno-objc-arc"; }; };
		689ABADF1C81AFBE006AAC4E /* GTLBatchResult.h in Headers */ = {isa = PBXBuildFile; fileRef = 689ABAA91C81AFBE006AAC4E /* GTLBatchResult.h */; settings = {ASSET_TAGS = (); }; };
		689ABAE01C81AFBE006AAC4E /* GTLBatchResult.m in Sources */ = {isa = PBXBuildFile; fileRef = 689ABAAA1C81AFBE006AAC4E /* GTLBatchResult.m */; settings = {COMPILER_FLAGS = "-fno-objc-arc"; }; };
		689ABAE11C81AFBE006AAC4E /* GTLUploadParameters.h in Headers */ = {isa = PBXBuildFile; fileRef = 689ABAAB1C81AFBE006AAC4E /* GTLUploadParameters.h */; settings = {ASSET_TAGS = (); }; };
		689ABAE21C81AFBE006AAC4E /* GTLUploadParameters.m in Sources */ = {isa = PBXBuildFile; fileRef = 689ABAAC1C81AFBE006AAC4E /* GTLUploadParameters.m */; settings = {COMPILER_FLAGS = "-fno-objc-arc"; }; };
		689ABAE31C81AFBE006AAC4E /* GTLDateTime.h in Headers */ = {isa = PBXBuildFile; fileRef = 689ABAAD1C81AFBE006AAC4E /* GTLDateTime.h */; settings = {ASSET_TAGS = (); }; };
		689ABAE41C81AFBE006AAC4E /* GTLDateTime.m in Sources */ = {isa = PBXBuildFile; fileRef = 689ABAAE1C81AFBE006AAC4E /* GTLDateTime.m */; settings = {COMPILER_FLAGS = "-fno-objc-arc"; }; };
		689ABAE51C81AFBE006AAC4E /* GTLErrorObject.h in Headers */ = {isa = PBXBuildFile; fileRef = 689ABAAF1C81AFBE006AAC4E /* GTLErrorObject.h */; settings = {ASSET_TAGS = (); }; };
		689ABAE61C81AFBE006AAC4E /* GTLErrorObject.m in Sources */ = {isa = PBXBuildFile; fileRef = 689ABAB01C81AFBE006AAC4E /* GTLErrorObject.m */; settings = {COMPILER_FLAGS = "-fno-objc-arc"; }; };
		689ABAE71C81AFBE006AAC4E /* GTLRuntimeCommon.h in Headers */ = {isa = PBXBuildFile; fileRef = 689ABAB11C81AFBE006AAC4E /* GTLRuntimeCommon.h */; settings = {ASSET_TAGS = (); }; };
		689ABAE81C81AFBE006AAC4E /* GTLRuntimeCommon.m in Sources */ = {isa = PBXBuildFile; fileRef = 689ABAB21C81AFBE006AAC4E /* GTLRuntimeCommon.m */; settings = {COMPILER_FLAGS = "-fno-objc-arc"; }; };
		689ABAE91C81AFBE006AAC4E /* GTLFramework.h in Headers */ = {isa = PBXBuildFile; fileRef = 689ABAB31C81AFBE006AAC4E /* GTLFramework.h */; settings = {ASSET_TAGS = (); }; };
		689ABAEA1C81AFBE006AAC4E /* GTLFramework.m in Sources */ = {isa = PBXBuildFile; fileRef = 689ABAB41C81AFBE006AAC4E /* GTLFramework.m */; settings = {COMPILER_FLAGS = "-fno-objc-arc"; }; };
		689ABAEB1C81AFBE006AAC4E /* GTLJSONParser.h in Headers */ = {isa = PBXBuildFile; fileRef = 689ABAB51C81AFBE006AAC4E /* GTLJSONParser.h */; settings = {ASSET_TAGS = (); }; };
		689ABAEC1C81AFBE006AAC4E /* GTLJSONParser.m in Sources */ = {isa = PBXBuildFile; fileRef = 689ABAB61C81AFBE006AAC4E /* GTLJSONParser.m */; settings = {COMPILER_FLAGS = "-fno-objc-arc"; }; };
		689ABAED1C81AFBE006AAC4E /* GTLTargetNamespace.h in Headers */ = {isa = PBXBuildFile; fileRef = 689ABAB71C81AFBE006AAC4E /* GTLTargetNamespace.h */; settings = {ASSET_TAGS = (); }; };
		689ABAEE1C81AFBE006AAC4E /* GTLUtilities.h in Headers */ = {isa = PBXBuildFile; fileRef = 689ABAB81C81AFBE006AAC4E /* GTLUtilities.h */; settings = {ASSET_TAGS = (); }; };
		689ABAEF1C81AFBE006AAC4E /* GTLUtilities.m in Sources */ = {isa = PBXBuildFile; fileRef = 689ABAB91C81AFBE006AAC4E /* GTLUtilities.m */; settings = {COMPILER_FLAGS = "-fno-objc-arc"; }; };
		689ABAF01C81AFBE006AAC4E /* GTLBase64.h in Headers */ = {isa = PBXBuildFile; fileRef = 689ABABA1C81AFBE006AAC4E /* GTLBase64.h */; settings = {ASSET_TAGS = (); }; };
		689ABAF11C81AFBE006AAC4E /* GTLBase64.m in Sources */ = {isa = PBXBuildFile; fileRef = 689ABABB1C81AFBE006AAC4E /* GTLBase64.m */; settings = {COMPILER_FLAGS = "-fno-objc-arc"; }; };
		689ABB021C81AFBE006AAC4E /* GTMOAuth2Authentication.h in Headers */ = {isa = PBXBuildFile; fileRef = 689ABACC1C81AFBE006AAC4E /* GTMOAuth2Authentication.h */; settings = {ASSET_TAGS = (); }; };
		689ABB031C81AFBE006AAC4E /* GTMOAuth2Authentication.m in Sources */ = {isa = PBXBuildFile; fileRef = 689ABACD1C81AFBE006AAC4E /* GTMOAuth2Authentication.m */; settings = {COMPILER_FLAGS = "-fno-objc-arc"; }; };
		689ABB041C81AFBE006AAC4E /* GTMOAuth2SignIn.h in Headers */ = {isa = PBXBuildFile; fileRef = 689ABACE1C81AFBE006AAC4E /* GTMOAuth2SignIn.h */; settings = {ASSET_TAGS = (); }; };
		689ABB051C81AFBE006AAC4E /* GTMOAuth2SignIn.m in Sources */ = {isa = PBXBuildFile; fileRef = 689ABACF1C81AFBE006AAC4E /* GTMOAuth2SignIn.m */; settings = {COMPILER_FLAGS = "-fno-objc-arc"; }; };
		689ABB061C81AFBE006AAC4E /* GTMOAuth2Window.xib in Resources */ = {isa = PBXBuildFile; fileRef = 689ABAD01C81AFBE006AAC4E /* GTMOAuth2Window.xib */; settings = {ASSET_TAGS = (); }; };
		689ABB071C81AFBE006AAC4E /* GTMOAuth2WindowController.h in Headers */ = {isa = PBXBuildFile; fileRef = 689ABAD11C81AFBE006AAC4E /* GTMOAuth2WindowController.h */; settings = {ASSET_TAGS = (); }; };
		689ABB081C81AFBE006AAC4E /* GTMOAuth2WindowController.m in Sources */ = {isa = PBXBuildFile; fileRef = 689ABAD21C81AFBE006AAC4E /* GTMOAuth2WindowController.m */; settings = {COMPILER_FLAGS = "-fno-objc-arc"; }; };
		689ABB091C81AFBE006AAC4E /* GTMOAuth2ViewControllerTouch.h in Headers */ = {isa = PBXBuildFile; fileRef = 689ABAD31C81AFBE006AAC4E /* GTMOAuth2ViewControllerTouch.h */; settings = {ASSET_TAGS = (); }; };
		689ABB0A1C81AFBE006AAC4E /* GTMOAuth2ViewControllerTouch.m in Sources */ = {isa = PBXBuildFile; fileRef = 689ABAD41C81AFBE006AAC4E /* GTMOAuth2ViewControllerTouch.m */; settings = {COMPILER_FLAGS = "-fno-objc-arc"; }; };
		689ABB0B1C81AFBE006AAC4E /* GTMOAuth2ViewTouch.xib in Resources */ = {isa = PBXBuildFile; fileRef = 689ABAD51C81AFBE006AAC4E /* GTMOAuth2ViewTouch.xib */; settings = {ASSET_TAGS = (); }; };
		689ABB5D1C81B07B006AAC4E /* GTLAccount_Sources.m in Sources */ = {isa = PBXBuildFile; fileRef = 689ABB131C81B07B006AAC4E /* GTLAccount_Sources.m */; settings = {ASSET_TAGS = (); }; };
		689ABB5E1C81B07B006AAC4E /* GTLAccount.h in Headers */ = {isa = PBXBuildFile; fileRef = 689ABB141C81B07B006AAC4E /* GTLAccount.h */; settings = {ASSET_TAGS = (); }; };
		689ABB5F1C81B07B006AAC4E /* GTLAccountConstants.h in Headers */ = {isa = PBXBuildFile; fileRef = 689ABB151C81B07B006AAC4E /* GTLAccountConstants.h */; settings = {ASSET_TAGS = (); }; };
		689ABB601C81B07B006AAC4E /* GTLAccountConstants.m in Sources */ = {isa = PBXBuildFile; fileRef = 689ABB161C81B07B006AAC4E /* GTLAccountConstants.m */; settings = {ASSET_TAGS = (); }; };
		689ABB611C81B07B006AAC4E /* GTLAccountIcheckUser.h in Headers */ = {isa = PBXBuildFile; fileRef = 689ABB171C81B07B006AAC4E /* GTLAccountIcheckUser.h */; settings = {ASSET_TAGS = (); }; };
		689ABB621C81B07B006AAC4E /* GTLAccountIcheckUser.m in Sources */ = {isa = PBXBuildFile; fileRef = 689ABB181C81B07B006AAC4E /* GTLAccountIcheckUser.m */; settings = {ASSET_TAGS = (); }; };
		689ABB631C81B07B006AAC4E /* GTLAccountIregisterUser.h in Headers */ = {isa = PBXBuildFile; fileRef = 689ABB191C81B07B006AAC4E /* GTLAccountIregisterUser.h */; settings = {ASSET_TAGS = (); }; };
		689ABB641C81B07B006AAC4E /* GTLAccountIregisterUser.m in Sources */ = {isa = PBXBuildFile; fileRef = 689ABB1A1C81B07B006AAC4E /* GTLAccountIregisterUser.m */; settings = {ASSET_TAGS = (); }; };
		689ABB651C81B07B006AAC4E /* GTLAccountIremoveUser.h in Headers */ = {isa = PBXBuildFile; fileRef = 689ABB1B1C81B07B006AAC4E /* GTLAccountIremoveUser.h */; settings = {ASSET_TAGS = (); }; };
		689ABB661C81B07B006AAC4E /* GTLAccountIremoveUser.m in Sources */ = {isa = PBXBuildFile; fileRef = 689ABB1C1C81B07B006AAC4E /* GTLAccountIremoveUser.m */; settings = {ASSET_TAGS = (); }; };
		689ABB671C81B07B006AAC4E /* GTLAccountIresetUser.h in Headers */ = {isa = PBXBuildFile; fileRef = 689ABB1D1C81B07B006AAC4E /* GTLAccountIresetUser.h */; settings = {ASSET_TAGS = (); }; };
		689ABB681C81B07B006AAC4E /* GTLAccountIresetUser.m in Sources */ = {isa = PBXBuildFile; fileRef = 689ABB1E1C81B07B006AAC4E /* GTLAccountIresetUser.m */; settings = {ASSET_TAGS = (); }; };
		689ABB691C81B07B006AAC4E /* GTLAccountIverifyUser.h in Headers */ = {isa = PBXBuildFile; fileRef = 689ABB1F1C81B07B006AAC4E /* GTLAccountIverifyUser.h */; settings = {ASSET_TAGS = (); }; };
		689ABB6A1C81B07B006AAC4E /* GTLAccountIverifyUser.m in Sources */ = {isa = PBXBuildFile; fileRef = 689ABB201C81B07B006AAC4E /* GTLAccountIverifyUser.m */; settings = {ASSET_TAGS = (); }; };
		689ABB6B1C81B07B006AAC4E /* GTLBlocks_Sources.m in Sources */ = {isa = PBXBuildFile; fileRef = 689ABB211C81B07B006AAC4E /* GTLBlocks_Sources.m */; settings = {ASSET_TAGS = (); }; };
		689ABB6C1C81B07B006AAC4E /* GTLBlocks.h in Headers */ = {isa = PBXBuildFile; fileRef = 689ABB221C81B07B006AAC4E /* GTLBlocks.h */; settings = {ASSET_TAGS = (); }; };
		689ABB6D1C81B07B006AAC4E /* GTLBlocksConstants.h in Headers */ = {isa = PBXBuildFile; fileRef = 689ABB231C81B07B006AAC4E /* GTLBlocksConstants.h */; settings = {ASSET_TAGS = (); }; };
		689ABB6E1C81B07B006AAC4E /* GTLBlocksConstants.m in Sources */ = {isa = PBXBuildFile; fileRef = 689ABB241C81B07B006AAC4E /* GTLBlocksConstants.m */; settings = {ASSET_TAGS = (); }; };
		689ABB6F1C81B07B006AAC4E /* GTLBlocksIblock.h in Headers */ = {isa = PBXBuildFile; fileRef = 689ABB251C81B07B006AAC4E /* GTLBlocksIblock.h */; settings = {ASSET_TAGS = (); }; };
		689ABB701C81B07B006AAC4E /* GTLBlocksIblock.m in Sources */ = {isa = PBXBuildFile; fileRef = 689ABB261C81B07B006AAC4E /* GTLBlocksIblock.m */; settings = {ASSET_TAGS = (); }; };
		689ABB711C81B07B006AAC4E /* GTLBlocksIlist.h in Headers */ = {isa = PBXBuildFile; fileRef = 689ABB271C81B07B006AAC4E /* GTLBlocksIlist.h */; settings = {ASSET_TAGS = (); }; };
		689ABB721C81B07B006AAC4E /* GTLBlocksIlist.m in Sources */ = {isa = PBXBuildFile; fileRef = 689ABB281C81B07B006AAC4E /* GTLBlocksIlist.m */; settings = {ASSET_TAGS = (); }; };
		689ABB731C81B07B006AAC4E /* GTLBlocksIunblock.h in Headers */ = {isa = PBXBuildFile; fileRef = 689ABB291C81B07B006AAC4E /* GTLBlocksIunblock.h */; settings = {ASSET_TAGS = (); }; };
		689ABB741C81B07B006AAC4E /* GTLBlocksIunblock.m in Sources */ = {isa = PBXBuildFile; fileRef = 689ABB2A1C81B07B006AAC4E /* GTLBlocksIunblock.m */; settings = {ASSET_TAGS = (); }; };
		689ABB751C81B07B006AAC4E /* GTLContacts_Sources.m in Sources */ = {isa = PBXBuildFile; fileRef = 689ABB2B1C81B07B006AAC4E /* GTLContacts_Sources.m */; settings = {ASSET_TAGS = (); }; };
		689ABB761C81B07B006AAC4E /* GTLContacts.h in Headers */ = {isa = PBXBuildFile; fileRef = 689ABB2C1C81B07B006AAC4E /* GTLContacts.h */; settings = {ASSET_TAGS = (); }; };
		689ABB771C81B07B006AAC4E /* GTLContactsConstants.h in Headers */ = {isa = PBXBuildFile; fileRef = 689ABB2D1C81B07B006AAC4E /* GTLContactsConstants.h */; settings = {ASSET_TAGS = (); }; };
		689ABB781C81B07B006AAC4E /* GTLContactsConstants.m in Sources */ = {isa = PBXBuildFile; fileRef = 689ABB2E1C81B07B006AAC4E /* GTLContactsConstants.m */; settings = {ASSET_TAGS = (); }; };
		689ABB791C81B07B006AAC4E /* GTLContactsIcard.h in Headers */ = {isa = PBXBuildFile; fileRef = 689ABB2F1C81B07B006AAC4E /* GTLContactsIcard.h */; settings = {ASSET_TAGS = (); }; };
		689ABB7A1C81B07B006AAC4E /* GTLContactsIcard.m in Sources */ = {isa = PBXBuildFile; fileRef = 689ABB301C81B07B006AAC4E /* GTLContactsIcard.m */; settings = {ASSET_TAGS = (); }; };
		689ABB7B1C81B07B006AAC4E /* GTLContactsIlist.h in Headers */ = {isa = PBXBuildFile; fileRef = 689ABB311C81B07B006AAC4E /* GTLContactsIlist.h */; settings = {ASSET_TAGS = (); }; };
		689ABB7C1C81B07B006AAC4E /* GTLContactsIlist.m in Sources */ = {isa = PBXBuildFile; fileRef = 689ABB321C81B07B006AAC4E /* GTLContactsIlist.m */; settings = {ASSET_TAGS = (); }; };
		689ABB7D1C81B07B006AAC4E /* GTLContactsIqr.h in Headers */ = {isa = PBXBuildFile; fileRef = 689ABB331C81B07B006AAC4E /* GTLContactsIqr.h */; settings = {ASSET_TAGS = (); }; };
		689ABB7E1C81B07B006AAC4E /* GTLContactsIqr.m in Sources */ = {isa = PBXBuildFile; fileRef = 689ABB341C81B07B006AAC4E /* GTLContactsIqr.m */; settings = {ASSET_TAGS = (); }; };
		689ABB7F1C81B07B006AAC4E /* GTLContactsIsetUser.h in Headers */ = {isa = PBXBuildFile; fileRef = 689ABB351C81B07B006AAC4E /* GTLContactsIsetUser.h */; settings = {ASSET_TAGS = (); }; };
		689ABB801C81B07B006AAC4E /* GTLContactsIsetUser.m in Sources */ = {isa = PBXBuildFile; fileRef = 689ABB361C81B07B006AAC4E /* GTLContactsIsetUser.m */; settings = {ASSET_TAGS = (); }; };
		689ABB811C81B07B006AAC4E /* GTLContactsIusername.h in Headers */ = {isa = PBXBuildFile; fileRef = 689ABB371C81B07B006AAC4E /* GTLContactsIusername.h */; settings = {ASSET_TAGS = (); }; };
		689ABB821C81B07B006AAC4E /* GTLContactsIusername.m in Sources */ = {isa = PBXBuildFile; fileRef = 689ABB381C81B07B006AAC4E /* GTLContactsIusername.m */; settings = {ASSET_TAGS = (); }; };
		689ABB831C81B07B006AAC4E /* GTLQueryAccount.h in Headers */ = {isa = PBXBuildFile; fileRef = 689ABB391C81B07B006AAC4E /* GTLQueryAccount.h */; settings = {ASSET_TAGS = (); }; };
		689ABB841C81B07B006AAC4E /* GTLQueryAccount.m in Sources */ = {isa = PBXBuildFile; fileRef = 689ABB3A1C81B07B006AAC4E /* GTLQueryAccount.m */; settings = {ASSET_TAGS = (); }; };
		689ABB851C81B07B006AAC4E /* GTLQueryBlocks.h in Headers */ = {isa = PBXBuildFile; fileRef = 689ABB3B1C81B07B006AAC4E /* GTLQueryBlocks.h */; settings = {ASSET_TAGS = (); }; };
		689ABB861C81B07B006AAC4E /* GTLQueryBlocks.m in Sources */ = {isa = PBXBuildFile; fileRef = 689ABB3C1C81B07B006AAC4E /* GTLQueryBlocks.m */; settings = {ASSET_TAGS = (); }; };
		689ABB871C81B07B006AAC4E /* GTLQueryContacts.h in Headers */ = {isa = PBXBuildFile; fileRef = 689ABB3D1C81B07B006AAC4E /* GTLQueryContacts.h */; settings = {ASSET_TAGS = (); }; };
		689ABB881C81B07B006AAC4E /* GTLQueryContacts.m in Sources */ = {isa = PBXBuildFile; fileRef = 689ABB3E1C81B07B006AAC4E /* GTLQueryContacts.m */; settings = {ASSET_TAGS = (); }; };
		689ABB891C81B07B006AAC4E /* GTLQueryReports.h in Headers */ = {isa = PBXBuildFile; fileRef = 689ABB3F1C81B07B006AAC4E /* GTLQueryReports.h */; settings = {ASSET_TAGS = (); }; };
		689ABB8A1C81B07B006AAC4E /* GTLQueryReports.m in Sources */ = {isa = PBXBuildFile; fileRef = 689ABB401C81B07B006AAC4E /* GTLQueryReports.m */; settings = {ASSET_TAGS = (); }; };
		689ABB8B1C81B07B006AAC4E /* GTLQueryRequests.h in Headers */ = {isa = PBXBuildFile; fileRef = 689ABB411C81B07B006AAC4E /* GTLQueryRequests.h */; settings = {ASSET_TAGS = (); }; };
		689ABB8C1C81B07B006AAC4E /* GTLQueryRequests.m in Sources */ = {isa = PBXBuildFile; fileRef = 689ABB421C81B07B006AAC4E /* GTLQueryRequests.m */; settings = {ASSET_TAGS = (); }; };
		689ABB8D1C81B07B006AAC4E /* GTLReports_Sources.m in Sources */ = {isa = PBXBuildFile; fileRef = 689ABB431C81B07B006AAC4E /* GTLReports_Sources.m */; settings = {ASSET_TAGS = (); }; };
		689ABB8E1C81B07B006AAC4E /* GTLReports.h in Headers */ = {isa = PBXBuildFile; fileRef = 689ABB441C81B07B006AAC4E /* GTLReports.h */; settings = {ASSET_TAGS = (); }; };
		689ABB8F1C81B07B006AAC4E /* GTLReportsConstants.h in Headers */ = {isa = PBXBuildFile; fileRef = 689ABB451C81B07B006AAC4E /* GTLReportsConstants.h */; settings = {ASSET_TAGS = (); }; };
		689ABB901C81B07B006AAC4E /* GTLReportsConstants.m in Sources */ = {isa = PBXBuildFile; fileRef = 689ABB461C81B07B006AAC4E /* GTLReportsConstants.m */; settings = {ASSET_TAGS = (); }; };
		689ABB911C81B07B006AAC4E /* GTLReportsIreport.h in Headers */ = {isa = PBXBuildFile; fileRef = 689ABB471C81B07B006AAC4E /* GTLReportsIreport.h */; settings = {ASSET_TAGS = (); }; };
		689ABB921C81B07B006AAC4E /* GTLReportsIreport.m in Sources */ = {isa = PBXBuildFile; fileRef = 689ABB481C81B07B006AAC4E /* GTLReportsIreport.m */; settings = {ASSET_TAGS = (); }; };
		689ABB931C81B07B006AAC4E /* GTLRequests_Sources.m in Sources */ = {isa = PBXBuildFile; fileRef = 689ABB491C81B07B006AAC4E /* GTLRequests_Sources.m */; settings = {ASSET_TAGS = (); }; };
		689ABB941C81B07B006AAC4E /* GTLRequests.h in Headers */ = {isa = PBXBuildFile; fileRef = 689ABB4A1C81B07B006AAC4E /* GTLRequests.h */; settings = {ASSET_TAGS = (); }; };
		689ABB951C81B07B006AAC4E /* GTLRequestsConstants.h in Headers */ = {isa = PBXBuildFile; fileRef = 689ABB4B1C81B07B006AAC4E /* GTLRequestsConstants.h */; settings = {ASSET_TAGS = (); }; };
		689ABB961C81B07B006AAC4E /* GTLRequestsConstants.m in Sources */ = {isa = PBXBuildFile; fileRef = 689ABB4C1C81B07B006AAC4E /* GTLRequestsConstants.m */; settings = {ASSET_TAGS = (); }; };
		689ABB971C81B07B006AAC4E /* GTLRequestsIacceptUser.h in Headers */ = {isa = PBXBuildFile; fileRef = 689ABB4D1C81B07B006AAC4E /* GTLRequestsIacceptUser.h */; settings = {ASSET_TAGS = (); }; };
		689ABB981C81B07B006AAC4E /* GTLRequestsIacceptUser.m in Sources */ = {isa = PBXBuildFile; fileRef = 689ABB4E1C81B07B006AAC4E /* GTLRequestsIacceptUser.m */; settings = {ASSET_TAGS = (); }; };
		689ABB991C81B07B006AAC4E /* GTLRequestsIlist.h in Headers */ = {isa = PBXBuildFile; fileRef = 689ABB4F1C81B07B006AAC4E /* GTLRequestsIlist.h */; settings = {ASSET_TAGS = (); }; };
		689ABB9A1C81B07B006AAC4E /* GTLRequestsIlist.m in Sources */ = {isa = PBXBuildFile; fileRef = 689ABB501C81B07B006AAC4E /* GTLRequestsIlist.m */; settings = {ASSET_TAGS = (); }; };
		689ABB9B1C81B07B006AAC4E /* GTLRequestsIrejectUser.h in Headers */ = {isa = PBXBuildFile; fileRef = 689ABB511C81B07B006AAC4E /* GTLRequestsIrejectUser.h */; settings = {ASSET_TAGS = (); }; };
		689ABB9C1C81B07B006AAC4E /* GTLRequestsIrejectUser.m in Sources */ = {isa = PBXBuildFile; fileRef = 689ABB521C81B07B006AAC4E /* GTLRequestsIrejectUser.m */; settings = {ASSET_TAGS = (); }; };
		689ABB9D1C81B07B006AAC4E /* GTLServiceAccount.h in Headers */ = {isa = PBXBuildFile; fileRef = 689ABB531C81B07B006AAC4E /* GTLServiceAccount.h */; settings = {ASSET_TAGS = (); }; };
		689ABB9E1C81B07B006AAC4E /* GTLServiceAccount.m in Sources */ = {isa = PBXBuildFile; fileRef = 689ABB541C81B07B006AAC4E /* GTLServiceAccount.m */; settings = {ASSET_TAGS = (); }; };
		689ABB9F1C81B07B006AAC4E /* GTLServiceBlocks.h in Headers */ = {isa = PBXBuildFile; fileRef = 689ABB551C81B07B006AAC4E /* GTLServiceBlocks.h */; settings = {ASSET_TAGS = (); }; };
		689ABBA01C81B07B006AAC4E /* GTLServiceBlocks.m in Sources */ = {isa = PBXBuildFile; fileRef = 689ABB561C81B07B006AAC4E /* GTLServiceBlocks.m */; settings = {ASSET_TAGS = (); }; };
		689ABBA11C81B07B006AAC4E /* GTLServiceContacts.h in Headers */ = {isa = PBXBuildFile; fileRef = 689ABB571C81B07B006AAC4E /* GTLServiceContacts.h */; settings = {ASSET_TAGS = (); }; };
		689ABBA21C81B07B006AAC4E /* GTLServiceContacts.m in Sources */ = {isa = PBXBuildFile; fileRef = 689ABB581C81B07B006AAC4E /* GTLServiceContacts.m */; settings = {ASSET_TAGS = (); }; };
		689ABBA31C81B07B006AAC4E /* GTLServiceReports.h in Headers */ = {isa = PBXBuildFile; fileRef = 689ABB591C81B07B006AAC4E /* GTLServiceReports.h */; settings = {ASSET_TAGS = (); }; };
		689ABBA41C81B07B006AAC4E /* GTLServiceReports.m in Sources */ = {isa = PBXBuildFile; fileRef = 689ABB5A1C81B07B006AAC4E /* GTLServiceReports.m */; settings = {ASSET_TAGS = (); }; };
		689ABBA51C81B07B006AAC4E /* GTLServiceRequests.h in Headers */ = {isa = PBXBuildFile; fileRef = 689ABB5B1C81B07B006AAC4E /* GTLServiceRequests.h */; settings = {ASSET_TAGS = (); }; };
		689ABBA61C81B07B006AAC4E /* GTLServiceRequests.m in Sources */ = {isa = PBXBuildFile; fileRef = 689ABB5C1C81B07B006AAC4E /* GTLServiceRequests.m */; settings = {ASSET_TAGS = (); }; };
		689ABBBF1C81B62C006AAC4E /* GTMHTTPFetcherService.h in Headers */ = {isa = PBXBuildFile; fileRef = 689ABBAF1C81B62C006AAC4E /* GTMHTTPFetcherService.h */; settings = {ASSET_TAGS = (); }; };
		689ABBC01C81B62C006AAC4E /* GTMHTTPFetcherService.m in Sources */ = {isa = PBXBuildFile; fileRef = 689ABBB01C81B62C006AAC4E /* GTMHTTPFetcherService.m */; settings = {COMPILER_FLAGS = "-fno-objc-arc"; }; };
		689ABBC11C81B62C006AAC4E /* GTMHTTPFetcher.h in Headers */ = {isa = PBXBuildFile; fileRef = 689ABBB11C81B62C006AAC4E /* GTMHTTPFetcher.h */; settings = {ASSET_TAGS = (); }; };
		689ABBC21C81B62C006AAC4E /* GTMHTTPFetcher.m in Sources */ = {isa = PBXBuildFile; fileRef = 689ABBB21C81B62C006AAC4E /* GTMHTTPFetcher.m */; settings = {COMPILER_FLAGS = "-fno-objc-arc"; }; };
		689ABBC31C81B62C006AAC4E /* GTMHTTPFetcherLogging.h in Headers */ = {isa = PBXBuildFile; fileRef = 689ABBB31C81B62C006AAC4E /* GTMHTTPFetcherLogging.h */; settings = {ASSET_TAGS = (); }; };
		689ABBC41C81B62C006AAC4E /* GTMHTTPFetcherLogging.m in Sources */ = {isa = PBXBuildFile; fileRef = 689ABBB41C81B62C006AAC4E /* GTMHTTPFetcherLogging.m */; settings = {COMPILER_FLAGS = "-fno-objc-arc"; }; };
		689ABBC51C81B62C006AAC4E /* GTMHTTPFetchHistory.h in Headers */ = {isa = PBXBuildFile; fileRef = 689ABBB51C81B62C006AAC4E /* GTMHTTPFetchHistory.h */; settings = {ASSET_TAGS = (); }; };
		689ABBC61C81B62C006AAC4E /* GTMHTTPFetchHistory.m in Sources */ = {isa = PBXBuildFile; fileRef = 689ABBB61C81B62C006AAC4E /* GTMHTTPFetchHistory.m */; settings = {COMPILER_FLAGS = "-fno-objc-arc"; }; };
		689ABBC71C81B62C006AAC4E /* GTMHTTPUploadFetcher.h in Headers */ = {isa = PBXBuildFile; fileRef = 689ABBB71C81B62C006AAC4E /* GTMHTTPUploadFetcher.h */; settings = {ASSET_TAGS = (); }; };
		689ABBC81C81B62C006AAC4E /* GTMHTTPUploadFetcher.m in Sources */ = {isa = PBXBuildFile; fileRef = 689ABBB81C81B62C006AAC4E /* GTMHTTPUploadFetcher.m */; settings = {COMPILER_FLAGS = "-fno-objc-arc"; }; };
		689ABBC91C81B62C006AAC4E /* GTMGatherInputStream.h in Headers */ = {isa = PBXBuildFile; fileRef = 689ABBB91C81B62C006AAC4E /* GTMGatherInputStream.h */; settings = {ASSET_TAGS = (); }; };
		689ABBCA1C81B62C006AAC4E /* GTMGatherInputStream.m in Sources */ = {isa = PBXBuildFile; fileRef = 689ABBBA1C81B62C006AAC4E /* GTMGatherInputStream.m */; settings = {COMPILER_FLAGS = "-fno-objc-arc"; }; };
		689ABBCB1C81B62C006AAC4E /* GTMMIMEDocument.h in Headers */ = {isa = PBXBuildFile; fileRef = 689ABBBB1C81B62C006AAC4E /* GTMMIMEDocument.h */; settings = {ASSET_TAGS = (); }; };
		689ABBCC1C81B62C006AAC4E /* GTMMIMEDocument.m in Sources */ = {isa = PBXBuildFile; fileRef = 689ABBBC1C81B62C006AAC4E /* GTMMIMEDocument.m */; settings = {COMPILER_FLAGS = "-fno-objc-arc"; }; };
		689ABBCD1C81B62C006AAC4E /* GTMReadMonitorInputStream.h in Headers */ = {isa = PBXBuildFile; fileRef = 689ABBBD1C81B62C006AAC4E /* GTMReadMonitorInputStream.h */; settings = {ASSET_TAGS = (); }; };
		689ABBCE1C81B62C006AAC4E /* GTMReadMonitorInputStream.m in Sources */ = {isa = PBXBuildFile; fileRef = 689ABBBE1C81B62C006AAC4E /* GTMReadMonitorInputStream.m */; settings = {COMPILER_FLAGS = "-fno-objc-arc"; }; };
/* End PBXBuildFile section */

/* Begin PBXContainerItemProxy section */
		689ABA741C81AF76006AAC4E /* PBXContainerItemProxy */ = {
			isa = PBXContainerItemProxy;
			containerPortal = 689ABA5F1C81AF75006AAC4E /* Project object */;
			proxyType = 1;
			remoteGlobalIDString = 689ABA671C81AF75006AAC4E;
			remoteInfo = BackendFramework;
		};
/* End PBXContainerItemProxy section */

/* Begin PBXFileReference section */
		689ABA681C81AF75006AAC4E /* BackendFramework.framework */ = {isa = PBXFileReference; explicitFileType = wrapper.framework; includeInIndex = 0; path = BackendFramework.framework; sourceTree = BUILT_PRODUCTS_DIR; };
		689ABA6D1C81AF75006AAC4E /* Info.plist */ = {isa = PBXFileReference; lastKnownFileType = text.plist.xml; path = Info.plist; sourceTree = "<group>"; };
		689ABA721C81AF76006AAC4E /* BackendFrameworkTests.xctest */ = {isa = PBXFileReference; explicitFileType = wrapper.cfbundle; includeInIndex = 0; path = BackendFrameworkTests.xctest; sourceTree = BUILT_PRODUCTS_DIR; };
		689ABA771C81AF76006AAC4E /* BackendFrameworkTests.swift */ = {isa = PBXFileReference; lastKnownFileType = sourcecode.swift; path = BackendFrameworkTests.swift; sourceTree = "<group>"; };
		689ABA791C81AF76006AAC4E /* Info.plist */ = {isa = PBXFileReference; lastKnownFileType = text.plist.xml; path = Info.plist; sourceTree = "<group>"; };
		689ABA831C81AF96006AAC4E /* GTMGatherInputStream.h */ = {isa = PBXFileReference; fileEncoding = 4; lastKnownFileType = sourcecode.c.h; name = GTMGatherInputStream.h; path = "../../api/google-api-objectivec-client-read-only/Source/gtm-session-fetcher-master/Source/GTMGatherInputStream.h"; sourceTree = "<group>"; };
		689ABA841C81AF96006AAC4E /* GTMGatherInputStream.m */ = {isa = PBXFileReference; fileEncoding = 4; lastKnownFileType = sourcecode.c.objc; name = GTMGatherInputStream.m; path = "../../api/google-api-objectivec-client-read-only/Source/gtm-session-fetcher-master/Source/GTMGatherInputStream.m"; sourceTree = "<group>"; };
		689ABA851C81AF96006AAC4E /* GTMMIMEDocument.h */ = {isa = PBXFileReference; fileEncoding = 4; lastKnownFileType = sourcecode.c.h; name = GTMMIMEDocument.h; path = "../../api/google-api-objectivec-client-read-only/Source/gtm-session-fetcher-master/Source/GTMMIMEDocument.h"; sourceTree = "<group>"; };
		689ABA861C81AF96006AAC4E /* GTMMIMEDocument.m */ = {isa = PBXFileReference; fileEncoding = 4; lastKnownFileType = sourcecode.c.objc; name = GTMMIMEDocument.m; path = "../../api/google-api-objectivec-client-read-only/Source/gtm-session-fetcher-master/Source/GTMMIMEDocument.m"; sourceTree = "<group>"; };
		689ABA871C81AF96006AAC4E /* GTMReadMonitorInputStream.h */ = {isa = PBXFileReference; fileEncoding = 4; lastKnownFileType = sourcecode.c.h; name = GTMReadMonitorInputStream.h; path = "../../api/google-api-objectivec-client-read-only/Source/gtm-session-fetcher-master/Source/GTMReadMonitorInputStream.h"; sourceTree = "<group>"; };
		689ABA881C81AF96006AAC4E /* GTMReadMonitorInputStream.m */ = {isa = PBXFileReference; fileEncoding = 4; lastKnownFileType = sourcecode.c.objc; name = GTMReadMonitorInputStream.m; path = "../../api/google-api-objectivec-client-read-only/Source/gtm-session-fetcher-master/Source/GTMReadMonitorInputStream.m"; sourceTree = "<group>"; };
		689ABA891C81AF96006AAC4E /* GTMSessionFetcher.h */ = {isa = PBXFileReference; fileEncoding = 4; lastKnownFileType = sourcecode.c.h; name = GTMSessionFetcher.h; path = "../../api/google-api-objectivec-client-read-only/Source/gtm-session-fetcher-master/Source/GTMSessionFetcher.h"; sourceTree = "<group>"; };
		689ABA8A1C81AF96006AAC4E /* GTMSessionFetcher.m */ = {isa = PBXFileReference; fileEncoding = 4; lastKnownFileType = sourcecode.c.objc; name = GTMSessionFetcher.m; path = "../../api/google-api-objectivec-client-read-only/Source/gtm-session-fetcher-master/Source/GTMSessionFetcher.m"; sourceTree = "<group>"; };
		689ABA8B1C81AF96006AAC4E /* GTMSessionFetcherLogging.h */ = {isa = PBXFileReference; fileEncoding = 4; lastKnownFileType = sourcecode.c.h; name = GTMSessionFetcherLogging.h; path = "../../api/google-api-objectivec-client-read-only/Source/gtm-session-fetcher-master/Source/GTMSessionFetcherLogging.h"; sourceTree = "<group>"; };
		689ABA8C1C81AF96006AAC4E /* GTMSessionFetcherLogging.m */ = {isa = PBXFileReference; fileEncoding = 4; lastKnownFileType = sourcecode.c.objc; name = GTMSessionFetcherLogging.m; path = "../../api/google-api-objectivec-client-read-only/Source/gtm-session-fetcher-master/Source/GTMSessionFetcherLogging.m"; sourceTree = "<group>"; };
		689ABA8D1C81AF96006AAC4E /* GTMSessionFetcherService.h */ = {isa = PBXFileReference; fileEncoding = 4; lastKnownFileType = sourcecode.c.h; name = GTMSessionFetcherService.h; path = "../../api/google-api-objectivec-client-read-only/Source/gtm-session-fetcher-master/Source/GTMSessionFetcherService.h"; sourceTree = "<group>"; };
		689ABA8E1C81AF96006AAC4E /* GTMSessionFetcherService.m */ = {isa = PBXFileReference; fileEncoding = 4; lastKnownFileType = sourcecode.c.objc; name = GTMSessionFetcherService.m; path = "../../api/google-api-objectivec-client-read-only/Source/gtm-session-fetcher-master/Source/GTMSessionFetcherService.m"; sourceTree = "<group>"; };
		689ABA8F1C81AF96006AAC4E /* GTMSessionUploadFetcher.h */ = {isa = PBXFileReference; fileEncoding = 4; lastKnownFileType = sourcecode.c.h; name = GTMSessionUploadFetcher.h; path = "../../api/google-api-objectivec-client-read-only/Source/gtm-session-fetcher-master/Source/GTMSessionUploadFetcher.h"; sourceTree = "<group>"; };
		689ABA901C81AF96006AAC4E /* GTMSessionUploadFetcher.m */ = {isa = PBXFileReference; fileEncoding = 4; lastKnownFileType = sourcecode.c.objc; name = GTMSessionUploadFetcher.m; path = "../../api/google-api-objectivec-client-read-only/Source/gtm-session-fetcher-master/Source/GTMSessionUploadFetcher.m"; sourceTree = "<group>"; };
		689ABAA01C81AFBE006AAC4E /* GTLDefines.h */ = {isa = PBXFileReference; fileEncoding = 4; lastKnownFileType = sourcecode.c.h; name = GTLDefines.h; path = "../../api/google-api-objectivec-client-read-only/Source/GTLDefines.h"; sourceTree = "<group>"; };
		689ABAA11C81AFBE006AAC4E /* GTLObject.h */ = {isa = PBXFileReference; fileEncoding = 4; lastKnownFileType = sourcecode.c.h; name = GTLObject.h; path = "../../api/google-api-objectivec-client-read-only/Source/Objects/GTLObject.h"; sourceTree = "<group>"; };
		689ABAA21C81AFBE006AAC4E /* GTLObject.m */ = {isa = PBXFileReference; fileEncoding = 4; lastKnownFileType = sourcecode.c.objc; name = GTLObject.m; path = "../../api/google-api-objectivec-client-read-only/Source/Objects/GTLObject.m"; sourceTree = "<group>"; };
		689ABAA31C81AFBE006AAC4E /* GTLQuery.h */ = {isa = PBXFileReference; fileEncoding = 4; lastKnownFileType = sourcecode.c.h; name = GTLQuery.h; path = "../../api/google-api-objectivec-client-read-only/Source/Objects/GTLQuery.h"; sourceTree = "<group>"; };
		689ABAA41C81AFBE006AAC4E /* GTLQuery.m */ = {isa = PBXFileReference; fileEncoding = 4; lastKnownFileType = sourcecode.c.objc; name = GTLQuery.m; path = "../../api/google-api-objectivec-client-read-only/Source/Objects/GTLQuery.m"; sourceTree = "<group>"; };
		689ABAA51C81AFBE006AAC4E /* GTLBatchQuery.h */ = {isa = PBXFileReference; fileEncoding = 4; lastKnownFileType = sourcecode.c.h; name = GTLBatchQuery.h; path = "../../api/google-api-objectivec-client-read-only/Source/Objects/GTLBatchQuery.h"; sourceTree = "<group>"; };
		689ABAA61C81AFBE006AAC4E /* GTLBatchQuery.m */ = {isa = PBXFileReference; fileEncoding = 4; lastKnownFileType = sourcecode.c.objc; name = GTLBatchQuery.m; path = "../../api/google-api-objectivec-client-read-only/Source/Objects/GTLBatchQuery.m"; sourceTree = "<group>"; };
		689ABAA71C81AFBE006AAC4E /* GTLService.h */ = {isa = PBXFileReference; fileEncoding = 4; lastKnownFileType = sourcecode.c.h; name = GTLService.h; path = "../../api/google-api-objectivec-client-read-only/Source/Objects/GTLService.h"; sourceTree = "<group>"; };
		689ABAA81C81AFBE006AAC4E /* GTLService.m */ = {isa = PBXFileReference; fileEncoding = 4; lastKnownFileType = sourcecode.c.objc; name = GTLService.m; path = "../../api/google-api-objectivec-client-read-only/Source/Objects/GTLService.m"; sourceTree = "<group>"; };
		689ABAA91C81AFBE006AAC4E /* GTLBatchResult.h */ = {isa = PBXFileReference; fileEncoding = 4; lastKnownFileType = sourcecode.c.h; name = GTLBatchResult.h; path = "../../api/google-api-objectivec-client-read-only/Source/Objects/GTLBatchResult.h"; sourceTree = "<group>"; };
		689ABAAA1C81AFBE006AAC4E /* GTLBatchResult.m */ = {isa = PBXFileReference; fileEncoding = 4; lastKnownFileType = sourcecode.c.objc; name = GTLBatchResult.m; path = "../../api/google-api-objectivec-client-read-only/Source/Objects/GTLBatchResult.m"; sourceTree = "<group>"; };
		689ABAAB1C81AFBE006AAC4E /* GTLUploadParameters.h */ = {isa = PBXFileReference; fileEncoding = 4; lastKnownFileType = sourcecode.c.h; name = GTLUploadParameters.h; path = "../../api/google-api-objectivec-client-read-only/Source/Objects/GTLUploadParameters.h"; sourceTree = "<group>"; };
		689ABAAC1C81AFBE006AAC4E /* GTLUploadParameters.m */ = {isa = PBXFileReference; fileEncoding = 4; lastKnownFileType = sourcecode.c.objc; name = GTLUploadParameters.m; path = "../../api/google-api-objectivec-client-read-only/Source/Objects/GTLUploadParameters.m"; sourceTree = "<group>"; };
		689ABAAD1C81AFBE006AAC4E /* GTLDateTime.h */ = {isa = PBXFileReference; fileEncoding = 4; lastKnownFileType = sourcecode.c.h; name = GTLDateTime.h; path = "../../api/google-api-objectivec-client-read-only/Source/Objects/GTLDateTime.h"; sourceTree = "<group>"; };
		689ABAAE1C81AFBE006AAC4E /* GTLDateTime.m */ = {isa = PBXFileReference; fileEncoding = 4; lastKnownFileType = sourcecode.c.objc; name = GTLDateTime.m; path = "../../api/google-api-objectivec-client-read-only/Source/Objects/GTLDateTime.m"; sourceTree = "<group>"; };
		689ABAAF1C81AFBE006AAC4E /* GTLErrorObject.h */ = {isa = PBXFileReference; fileEncoding = 4; lastKnownFileType = sourcecode.c.h; name = GTLErrorObject.h; path = "../../api/google-api-objectivec-client-read-only/Source/Objects/GTLErrorObject.h"; sourceTree = "<group>"; };
		689ABAB01C81AFBE006AAC4E /* GTLErrorObject.m */ = {isa = PBXFileReference; fileEncoding = 4; lastKnownFileType = sourcecode.c.objc; name = GTLErrorObject.m; path = "../../api/google-api-objectivec-client-read-only/Source/Objects/GTLErrorObject.m"; sourceTree = "<group>"; };
		689ABAB11C81AFBE006AAC4E /* GTLRuntimeCommon.h */ = {isa = PBXFileReference; fileEncoding = 4; lastKnownFileType = sourcecode.c.h; name = GTLRuntimeCommon.h; path = "../../api/google-api-objectivec-client-read-only/Source/Objects/GTLRuntimeCommon.h"; sourceTree = "<group>"; };
		689ABAB21C81AFBE006AAC4E /* GTLRuntimeCommon.m */ = {isa = PBXFileReference; fileEncoding = 4; lastKnownFileType = sourcecode.c.objc; name = GTLRuntimeCommon.m; path = "../../api/google-api-objectivec-client-read-only/Source/Objects/GTLRuntimeCommon.m"; sourceTree = "<group>"; };
		689ABAB31C81AFBE006AAC4E /* GTLFramework.h */ = {isa = PBXFileReference; fileEncoding = 4; lastKnownFileType = sourcecode.c.h; name = GTLFramework.h; path = "../../api/google-api-objectivec-client-read-only/Source/Utilities/GTLFramework.h"; sourceTree = "<group>"; };
		689ABAB41C81AFBE006AAC4E /* GTLFramework.m */ = {isa = PBXFileReference; fileEncoding = 4; lastKnownFileType = sourcecode.c.objc; name = GTLFramework.m; path = "../../api/google-api-objectivec-client-read-only/Source/Utilities/GTLFramework.m"; sourceTree = "<group>"; };
		689ABAB51C81AFBE006AAC4E /* GTLJSONParser.h */ = {isa = PBXFileReference; fileEncoding = 4; lastKnownFileType = sourcecode.c.h; name = GTLJSONParser.h; path = "../../api/google-api-objectivec-client-read-only/Source/Utilities/GTLJSONParser.h"; sourceTree = "<group>"; };
		689ABAB61C81AFBE006AAC4E /* GTLJSONParser.m */ = {isa = PBXFileReference; fileEncoding = 4; lastKnownFileType = sourcecode.c.objc; name = GTLJSONParser.m; path = "../../api/google-api-objectivec-client-read-only/Source/Utilities/GTLJSONParser.m"; sourceTree = "<group>"; };
		689ABAB71C81AFBE006AAC4E /* GTLTargetNamespace.h */ = {isa = PBXFileReference; fileEncoding = 4; lastKnownFileType = sourcecode.c.h; name = GTLTargetNamespace.h; path = "../../api/google-api-objectivec-client-read-only/Source/Utilities/GTLTargetNamespace.h"; sourceTree = "<group>"; };
		689ABAB81C81AFBE006AAC4E /* GTLUtilities.h */ = {isa = PBXFileReference; fileEncoding = 4; lastKnownFileType = sourcecode.c.h; name = GTLUtilities.h; path = "../../api/google-api-objectivec-client-read-only/Source/Utilities/GTLUtilities.h"; sourceTree = "<group>"; };
		689ABAB91C81AFBE006AAC4E /* GTLUtilities.m */ = {isa = PBXFileReference; fileEncoding = 4; lastKnownFileType = sourcecode.c.objc; name = GTLUtilities.m; path = "../../api/google-api-objectivec-client-read-only/Source/Utilities/GTLUtilities.m"; sourceTree = "<group>"; };
		689ABABA1C81AFBE006AAC4E /* GTLBase64.h */ = {isa = PBXFileReference; fileEncoding = 4; lastKnownFileType = sourcecode.c.h; name = GTLBase64.h; path = "../../api/google-api-objectivec-client-read-only/Source/Utilities/GTLBase64.h"; sourceTree = "<group>"; };
		689ABABB1C81AFBE006AAC4E /* GTLBase64.m */ = {isa = PBXFileReference; fileEncoding = 4; lastKnownFileType = sourcecode.c.objc; name = GTLBase64.m; path = "../../api/google-api-objectivec-client-read-only/Source/Utilities/GTLBase64.m"; sourceTree = "<group>"; };
		689ABACC1C81AFBE006AAC4E /* GTMOAuth2Authentication.h */ = {isa = PBXFileReference; fileEncoding = 4; lastKnownFileType = sourcecode.c.h; name = GTMOAuth2Authentication.h; path = "../../api/google-api-objectivec-client-read-only/Source/OAuth2/GTMOAuth2Authentication.h"; sourceTree = "<group>"; };
		689ABACD1C81AFBE006AAC4E /* GTMOAuth2Authentication.m */ = {isa = PBXFileReference; fileEncoding = 4; lastKnownFileType = sourcecode.c.objc; name = GTMOAuth2Authentication.m; path = "../../api/google-api-objectivec-client-read-only/Source/OAuth2/GTMOAuth2Authentication.m"; sourceTree = "<group>"; };
		689ABACE1C81AFBE006AAC4E /* GTMOAuth2SignIn.h */ = {isa = PBXFileReference; fileEncoding = 4; lastKnownFileType = sourcecode.c.h; name = GTMOAuth2SignIn.h; path = "../../api/google-api-objectivec-client-read-only/Source/OAuth2/GTMOAuth2SignIn.h"; sourceTree = "<group>"; };
		689ABACF1C81AFBE006AAC4E /* GTMOAuth2SignIn.m */ = {isa = PBXFileReference; fileEncoding = 4; lastKnownFileType = sourcecode.c.objc; name = GTMOAuth2SignIn.m; path = "../../api/google-api-objectivec-client-read-only/Source/OAuth2/GTMOAuth2SignIn.m"; sourceTree = "<group>"; };
		689ABAD01C81AFBE006AAC4E /* GTMOAuth2Window.xib */ = {isa = PBXFileReference; fileEncoding = 4; lastKnownFileType = file.xib; name = GTMOAuth2Window.xib; path = "../../api/google-api-objectivec-client-read-only/Source/OAuth2/Mac/GTMOAuth2Window.xib"; sourceTree = "<group>"; };
		689ABAD11C81AFBE006AAC4E /* GTMOAuth2WindowController.h */ = {isa = PBXFileReference; fileEncoding = 4; lastKnownFileType = sourcecode.c.h; name = GTMOAuth2WindowController.h; path = "../../api/google-api-objectivec-client-read-only/Source/OAuth2/Mac/GTMOAuth2WindowController.h"; sourceTree = "<group>"; };
		689ABAD21C81AFBE006AAC4E /* GTMOAuth2WindowController.m */ = {isa = PBXFileReference; fileEncoding = 4; lastKnownFileType = sourcecode.c.objc; name = GTMOAuth2WindowController.m; path = "../../api/google-api-objectivec-client-read-only/Source/OAuth2/Mac/GTMOAuth2WindowController.m"; sourceTree = "<group>"; };
		689ABAD31C81AFBE006AAC4E /* GTMOAuth2ViewControllerTouch.h */ = {isa = PBXFileReference; fileEncoding = 4; lastKnownFileType = sourcecode.c.h; name = GTMOAuth2ViewControllerTouch.h; path = "../../api/google-api-objectivec-client-read-only/Source/OAuth2/Touch/GTMOAuth2ViewControllerTouch.h"; sourceTree = "<group>"; };
		689ABAD41C81AFBE006AAC4E /* GTMOAuth2ViewControllerTouch.m */ = {isa = PBXFileReference; fileEncoding = 4; lastKnownFileType = sourcecode.c.objc; name = GTMOAuth2ViewControllerTouch.m; path = "../../api/google-api-objectivec-client-read-only/Source/OAuth2/Touch/GTMOAuth2ViewControllerTouch.m"; sourceTree = "<group>"; };
		689ABAD51C81AFBE006AAC4E /* GTMOAuth2ViewTouch.xib */ = {isa = PBXFileReference; fileEncoding = 4; lastKnownFileType = file.xib; name = GTMOAuth2ViewTouch.xib; path = "../../api/google-api-objectivec-client-read-only/Source/OAuth2/Touch/GTMOAuth2ViewTouch.xib"; sourceTree = "<group>"; };
		689ABB131C81B07B006AAC4E /* GTLAccount_Sources.m */ = {isa = PBXFileReference; fileEncoding = 4; lastKnownFileType = sourcecode.c.objc; name = GTLAccount_Sources.m; path = "../../Framework Source/GTLAccount_Sources.m"; sourceTree = "<group>"; };
		689ABB141C81B07B006AAC4E /* GTLAccount.h */ = {isa = PBXFileReference; fileEncoding = 4; lastKnownFileType = sourcecode.c.h; name = GTLAccount.h; path = "../../Framework Source/GTLAccount.h"; sourceTree = "<group>"; };
		689ABB151C81B07B006AAC4E /* GTLAccountConstants.h */ = {isa = PBXFileReference; fileEncoding = 4; lastKnownFileType = sourcecode.c.h; name = GTLAccountConstants.h; path = "../../Framework Source/GTLAccountConstants.h"; sourceTree = "<group>"; };
		689ABB161C81B07B006AAC4E /* GTLAccountConstants.m */ = {isa = PBXFileReference; fileEncoding = 4; lastKnownFileType = sourcecode.c.objc; name = GTLAccountConstants.m; path = "../../Framework Source/GTLAccountConstants.m"; sourceTree = "<group>"; };
		689ABB171C81B07B006AAC4E /* GTLAccountIcheckUser.h */ = {isa = PBXFileReference; fileEncoding = 4; lastKnownFileType = sourcecode.c.h; name = GTLAccountIcheckUser.h; path = "../../Framework Source/GTLAccountIcheckUser.h"; sourceTree = "<group>"; };
		689ABB181C81B07B006AAC4E /* GTLAccountIcheckUser.m */ = {isa = PBXFileReference; fileEncoding = 4; lastKnownFileType = sourcecode.c.objc; name = GTLAccountIcheckUser.m; path = "../../Framework Source/GTLAccountIcheckUser.m"; sourceTree = "<group>"; };
		689ABB191C81B07B006AAC4E /* GTLAccountIregisterUser.h */ = {isa = PBXFileReference; fileEncoding = 4; lastKnownFileType = sourcecode.c.h; name = GTLAccountIregisterUser.h; path = "../../Framework Source/GTLAccountIregisterUser.h"; sourceTree = "<group>"; };
		689ABB1A1C81B07B006AAC4E /* GTLAccountIregisterUser.m */ = {isa = PBXFileReference; fileEncoding = 4; lastKnownFileType = sourcecode.c.objc; name = GTLAccountIregisterUser.m; path = "../../Framework Source/GTLAccountIregisterUser.m"; sourceTree = "<group>"; };
		689ABB1B1C81B07B006AAC4E /* GTLAccountIremoveUser.h */ = {isa = PBXFileReference; fileEncoding = 4; lastKnownFileType = sourcecode.c.h; name = GTLAccountIremoveUser.h; path = "../../Framework Source/GTLAccountIremoveUser.h"; sourceTree = "<group>"; };
		689ABB1C1C81B07B006AAC4E /* GTLAccountIremoveUser.m */ = {isa = PBXFileReference; fileEncoding = 4; lastKnownFileType = sourcecode.c.objc; name = GTLAccountIremoveUser.m; path = "../../Framework Source/GTLAccountIremoveUser.m"; sourceTree = "<group>"; };
		689ABB1D1C81B07B006AAC4E /* GTLAccountIresetUser.h */ = {isa = PBXFileReference; fileEncoding = 4; lastKnownFileType = sourcecode.c.h; name = GTLAccountIresetUser.h; path = "../../Framework Source/GTLAccountIresetUser.h"; sourceTree = "<group>"; };
		689ABB1E1C81B07B006AAC4E /* GTLAccountIresetUser.m */ = {isa = PBXFileReference; fileEncoding = 4; lastKnownFileType = sourcecode.c.objc; name = GTLAccountIresetUser.m; path = "../../Framework Source/GTLAccountIresetUser.m"; sourceTree = "<group>"; };
		689ABB1F1C81B07B006AAC4E /* GTLAccountIverifyUser.h */ = {isa = PBXFileReference; fileEncoding = 4; lastKnownFileType = sourcecode.c.h; name = GTLAccountIverifyUser.h; path = "../../Framework Source/GTLAccountIverifyUser.h"; sourceTree = "<group>"; };
		689ABB201C81B07B006AAC4E /* GTLAccountIverifyUser.m */ = {isa = PBXFileReference; fileEncoding = 4; lastKnownFileType = sourcecode.c.objc; name = GTLAccountIverifyUser.m; path = "../../Framework Source/GTLAccountIverifyUser.m"; sourceTree = "<group>"; };
		689ABB211C81B07B006AAC4E /* GTLBlocks_Sources.m */ = {isa = PBXFileReference; fileEncoding = 4; lastKnownFileType = sourcecode.c.objc; name = GTLBlocks_Sources.m; path = "../../Framework Source/GTLBlocks_Sources.m"; sourceTree = "<group>"; };
		689ABB221C81B07B006AAC4E /* GTLBlocks.h */ = {isa = PBXFileReference; fileEncoding = 4; lastKnownFileType = sourcecode.c.h; name = GTLBlocks.h; path = "../../Framework Source/GTLBlocks.h"; sourceTree = "<group>"; };
		689ABB231C81B07B006AAC4E /* GTLBlocksConstants.h */ = {isa = PBXFileReference; fileEncoding = 4; lastKnownFileType = sourcecode.c.h; name = GTLBlocksConstants.h; path = "../../Framework Source/GTLBlocksConstants.h"; sourceTree = "<group>"; };
		689ABB241C81B07B006AAC4E /* GTLBlocksConstants.m */ = {isa = PBXFileReference; fileEncoding = 4; lastKnownFileType = sourcecode.c.objc; name = GTLBlocksConstants.m; path = "../../Framework Source/GTLBlocksConstants.m"; sourceTree = "<group>"; };
		689ABB251C81B07B006AAC4E /* GTLBlocksIblock.h */ = {isa = PBXFileReference; fileEncoding = 4; lastKnownFileType = sourcecode.c.h; name = GTLBlocksIblock.h; path = "../../Framework Source/GTLBlocksIblock.h"; sourceTree = "<group>"; };
		689ABB261C81B07B006AAC4E /* GTLBlocksIblock.m */ = {isa = PBXFileReference; fileEncoding = 4; lastKnownFileType = sourcecode.c.objc; name = GTLBlocksIblock.m; path = "../../Framework Source/GTLBlocksIblock.m"; sourceTree = "<group>"; };
		689ABB271C81B07B006AAC4E /* GTLBlocksIlist.h */ = {isa = PBXFileReference; fileEncoding = 4; lastKnownFileType = sourcecode.c.h; name = GTLBlocksIlist.h; path = "../../Framework Source/GTLBlocksIlist.h"; sourceTree = "<group>"; };
		689ABB281C81B07B006AAC4E /* GTLBlocksIlist.m */ = {isa = PBXFileReference; fileEncoding = 4; lastKnownFileType = sourcecode.c.objc; name = GTLBlocksIlist.m; path = "../../Framework Source/GTLBlocksIlist.m"; sourceTree = "<group>"; };
		689ABB291C81B07B006AAC4E /* GTLBlocksIunblock.h */ = {isa = PBXFileReference; fileEncoding = 4; lastKnownFileType = sourcecode.c.h; name = GTLBlocksIunblock.h; path = "../../Framework Source/GTLBlocksIunblock.h"; sourceTree = "<group>"; };
		689ABB2A1C81B07B006AAC4E /* GTLBlocksIunblock.m */ = {isa = PBXFileReference; fileEncoding = 4; lastKnownFileType = sourcecode.c.objc; name = GTLBlocksIunblock.m; path = "../../Framework Source/GTLBlocksIunblock.m"; sourceTree = "<group>"; };
		689ABB2B1C81B07B006AAC4E /* GTLContacts_Sources.m */ = {isa = PBXFileReference; fileEncoding = 4; lastKnownFileType = sourcecode.c.objc; name = GTLContacts_Sources.m; path = "../../Framework Source/GTLContacts_Sources.m"; sourceTree = "<group>"; };
		689ABB2C1C81B07B006AAC4E /* GTLContacts.h */ = {isa = PBXFileReference; fileEncoding = 4; lastKnownFileType = sourcecode.c.h; name = GTLContacts.h; path = "../../Framework Source/GTLContacts.h"; sourceTree = "<group>"; };
		689ABB2D1C81B07B006AAC4E /* GTLContactsConstants.h */ = {isa = PBXFileReference; fileEncoding = 4; lastKnownFileType = sourcecode.c.h; name = GTLContactsConstants.h; path = "../../Framework Source/GTLContactsConstants.h"; sourceTree = "<group>"; };
		689ABB2E1C81B07B006AAC4E /* GTLContactsConstants.m */ = {isa = PBXFileReference; fileEncoding = 4; lastKnownFileType = sourcecode.c.objc; name = GTLContactsConstants.m; path = "../../Framework Source/GTLContactsConstants.m"; sourceTree = "<group>"; };
		689ABB2F1C81B07B006AAC4E /* GTLContactsIcard.h */ = {isa = PBXFileReference; fileEncoding = 4; lastKnownFileType = sourcecode.c.h; name = GTLContactsIcard.h; path = "../../Framework Source/GTLContactsIcard.h"; sourceTree = "<group>"; };
		689ABB301C81B07B006AAC4E /* GTLContactsIcard.m */ = {isa = PBXFileReference; fileEncoding = 4; lastKnownFileType = sourcecode.c.objc; name = GTLContactsIcard.m; path = "../../Framework Source/GTLContactsIcard.m"; sourceTree = "<group>"; };
		689ABB311C81B07B006AAC4E /* GTLContactsIlist.h */ = {isa = PBXFileReference; fileEncoding = 4; lastKnownFileType = sourcecode.c.h; name = GTLContactsIlist.h; path = "../../Framework Source/GTLContactsIlist.h"; sourceTree = "<group>"; };
		689ABB321C81B07B006AAC4E /* GTLContactsIlist.m */ = {isa = PBXFileReference; fileEncoding = 4; lastKnownFileType = sourcecode.c.objc; name = GTLContactsIlist.m; path = "../../Framework Source/GTLContactsIlist.m"; sourceTree = "<group>"; };
		689ABB331C81B07B006AAC4E /* GTLContactsIqr.h */ = {isa = PBXFileReference; fileEncoding = 4; lastKnownFileType = sourcecode.c.h; name = GTLContactsIqr.h; path = "../../Framework Source/GTLContactsIqr.h"; sourceTree = "<group>"; };
		689ABB341C81B07B006AAC4E /* GTLContactsIqr.m */ = {isa = PBXFileReference; fileEncoding = 4; lastKnownFileType = sourcecode.c.objc; name = GTLContactsIqr.m; path = "../../Framework Source/GTLContactsIqr.m"; sourceTree = "<group>"; };
		689ABB351C81B07B006AAC4E /* GTLContactsIsetUser.h */ = {isa = PBXFileReference; fileEncoding = 4; lastKnownFileType = sourcecode.c.h; name = GTLContactsIsetUser.h; path = "../../Framework Source/GTLContactsIsetUser.h"; sourceTree = "<group>"; };
		689ABB361C81B07B006AAC4E /* GTLContactsIsetUser.m */ = {isa = PBXFileReference; fileEncoding = 4; lastKnownFileType = sourcecode.c.objc; name = GTLContactsIsetUser.m; path = "../../Framework Source/GTLContactsIsetUser.m"; sourceTree = "<group>"; };
		689ABB371C81B07B006AAC4E /* GTLContactsIusername.h */ = {isa = PBXFileReference; fileEncoding = 4; lastKnownFileType = sourcecode.c.h; name = GTLContactsIusername.h; path = "../../Framework Source/GTLContactsIusername.h"; sourceTree = "<group>"; };
		689ABB381C81B07B006AAC4E /* GTLContactsIusername.m */ = {isa = PBXFileReference; fileEncoding = 4; lastKnownFileType = sourcecode.c.objc; name = GTLContactsIusername.m; path = "../../Framework Source/GTLContactsIusername.m"; sourceTree = "<group>"; };
		689ABB391C81B07B006AAC4E /* GTLQueryAccount.h */ = {isa = PBXFileReference; fileEncoding = 4; lastKnownFileType = sourcecode.c.h; name = GTLQueryAccount.h; path = "../../Framework Source/GTLQueryAccount.h"; sourceTree = "<group>"; };
		689ABB3A1C81B07B006AAC4E /* GTLQueryAccount.m */ = {isa = PBXFileReference; fileEncoding = 4; lastKnownFileType = sourcecode.c.objc; name = GTLQueryAccount.m; path = "../../Framework Source/GTLQueryAccount.m"; sourceTree = "<group>"; };
		689ABB3B1C81B07B006AAC4E /* GTLQueryBlocks.h */ = {isa = PBXFileReference; fileEncoding = 4; lastKnownFileType = sourcecode.c.h; name = GTLQueryBlocks.h; path = "../../Framework Source/GTLQueryBlocks.h"; sourceTree = "<group>"; };
		689ABB3C1C81B07B006AAC4E /* GTLQueryBlocks.m */ = {isa = PBXFileReference; fileEncoding = 4; lastKnownFileType = sourcecode.c.objc; name = GTLQueryBlocks.m; path = "../../Framework Source/GTLQueryBlocks.m"; sourceTree = "<group>"; };
		689ABB3D1C81B07B006AAC4E /* GTLQueryContacts.h */ = {isa = PBXFileReference; fileEncoding = 4; lastKnownFileType = sourcecode.c.h; name = GTLQueryContacts.h; path = "../../Framework Source/GTLQueryContacts.h"; sourceTree = "<group>"; };
		689ABB3E1C81B07B006AAC4E /* GTLQueryContacts.m */ = {isa = PBXFileReference; fileEncoding = 4; lastKnownFileType = sourcecode.c.objc; name = GTLQueryContacts.m; path = "../../Framework Source/GTLQueryContacts.m"; sourceTree = "<group>"; };
		689ABB3F1C81B07B006AAC4E /* GTLQueryReports.h */ = {isa = PBXFileReference; fileEncoding = 4; lastKnownFileType = sourcecode.c.h; name = GTLQueryReports.h; path = "../../Framework Source/GTLQueryReports.h"; sourceTree = "<group>"; };
		689ABB401C81B07B006AAC4E /* GTLQueryReports.m */ = {isa = PBXFileReference; fileEncoding = 4; lastKnownFileType = sourcecode.c.objc; name = GTLQueryReports.m; path = "../../Framework Source/GTLQueryReports.m"; sourceTree = "<group>"; };
		689ABB411C81B07B006AAC4E /* GTLQueryRequests.h */ = {isa = PBXFileReference; fileEncoding = 4; lastKnownFileType = sourcecode.c.h; name = GTLQueryRequests.h; path = "../../Framework Source/GTLQueryRequests.h"; sourceTree = "<group>"; };
		689ABB421C81B07B006AAC4E /* GTLQueryRequests.m */ = {isa = PBXFileReference; fileEncoding = 4; lastKnownFileType = sourcecode.c.objc; name = GTLQueryRequests.m; path = "../../Framework Source/GTLQueryRequests.m"; sourceTree = "<group>"; };
		689ABB431C81B07B006AAC4E /* GTLReports_Sources.m */ = {isa = PBXFileReference; fileEncoding = 4; lastKnownFileType = sourcecode.c.objc; name = GTLReports_Sources.m; path = "../../Framework Source/GTLReports_Sources.m"; sourceTree = "<group>"; };
		689ABB441C81B07B006AAC4E /* GTLReports.h */ = {isa = PBXFileReference; fileEncoding = 4; lastKnownFileType = sourcecode.c.h; name = GTLReports.h; path = "../../Framework Source/GTLReports.h"; sourceTree = "<group>"; };
		689ABB451C81B07B006AAC4E /* GTLReportsConstants.h */ = {isa = PBXFileReference; fileEncoding = 4; lastKnownFileType = sourcecode.c.h; name = GTLReportsConstants.h; path = "../../Framework Source/GTLReportsConstants.h"; sourceTree = "<group>"; };
		689ABB461C81B07B006AAC4E /* GTLReportsConstants.m */ = {isa = PBXFileReference; fileEncoding = 4; lastKnownFileType = sourcecode.c.objc; name = GTLReportsConstants.m; path = "../../Framework Source/GTLReportsConstants.m"; sourceTree = "<group>"; };
		689ABB471C81B07B006AAC4E /* GTLReportsIreport.h */ = {isa = PBXFileReference; fileEncoding = 4; lastKnownFileType = sourcecode.c.h; name = GTLReportsIreport.h; path = "../../Framework Source/GTLReportsIreport.h"; sourceTree = "<group>"; };
		689ABB481C81B07B006AAC4E /* GTLReportsIreport.m */ = {isa = PBXFileReference; fileEncoding = 4; lastKnownFileType = sourcecode.c.objc; name = GTLReportsIreport.m; path = "../../Framework Source/GTLReportsIreport.m"; sourceTree = "<group>"; };
		689ABB491C81B07B006AAC4E /* GTLRequests_Sources.m */ = {isa = PBXFileReference; fileEncoding = 4; lastKnownFileType = sourcecode.c.objc; name = GTLRequests_Sources.m; path = "../../Framework Source/GTLRequests_Sources.m"; sourceTree = "<group>"; };
		689ABB4A1C81B07B006AAC4E /* GTLRequests.h */ = {isa = PBXFileReference; fileEncoding = 4; lastKnownFileType = sourcecode.c.h; name = GTLRequests.h; path = "../../Framework Source/GTLRequests.h"; sourceTree = "<group>"; };
		689ABB4B1C81B07B006AAC4E /* GTLRequestsConstants.h */ = {isa = PBXFileReference; fileEncoding = 4; lastKnownFileType = sourcecode.c.h; name = GTLRequestsConstants.h; path = "../../Framework Source/GTLRequestsConstants.h"; sourceTree = "<group>"; };
		689ABB4C1C81B07B006AAC4E /* GTLRequestsConstants.m */ = {isa = PBXFileReference; fileEncoding = 4; lastKnownFileType = sourcecode.c.objc; name = GTLRequestsConstants.m; path = "../../Framework Source/GTLRequestsConstants.m"; sourceTree = "<group>"; };
		689ABB4D1C81B07B006AAC4E /* GTLRequestsIacceptUser.h */ = {isa = PBXFileReference; fileEncoding = 4; lastKnownFileType = sourcecode.c.h; name = GTLRequestsIacceptUser.h; path = "../../Framework Source/GTLRequestsIacceptUser.h"; sourceTree = "<group>"; };
		689ABB4E1C81B07B006AAC4E /* GTLRequestsIacceptUser.m */ = {isa = PBXFileReference; fileEncoding = 4; lastKnownFileType = sourcecode.c.objc; name = GTLRequestsIacceptUser.m; path = "../../Framework Source/GTLRequestsIacceptUser.m"; sourceTree = "<group>"; };
		689ABB4F1C81B07B006AAC4E /* GTLRequestsIlist.h */ = {isa = PBXFileReference; fileEncoding = 4; lastKnownFileType = sourcecode.c.h; name = GTLRequestsIlist.h; path = "../../Framework Source/GTLRequestsIlist.h"; sourceTree = "<group>"; };
		689ABB501C81B07B006AAC4E /* GTLRequestsIlist.m */ = {isa = PBXFileReference; fileEncoding = 4; lastKnownFileType = sourcecode.c.objc; name = GTLRequestsIlist.m; path = "../../Framework Source/GTLRequestsIlist.m"; sourceTree = "<group>"; };
		689ABB511C81B07B006AAC4E /* GTLRequestsIrejectUser.h */ = {isa = PBXFileReference; fileEncoding = 4; lastKnownFileType = sourcecode.c.h; name = GTLRequestsIrejectUser.h; path = "../../Framework Source/GTLRequestsIrejectUser.h"; sourceTree = "<group>"; };
		689ABB521C81B07B006AAC4E /* GTLRequestsIrejectUser.m */ = {isa = PBXFileReference; fileEncoding = 4; lastKnownFileType = sourcecode.c.objc; name = GTLRequestsIrejectUser.m; path = "../../Framework Source/GTLRequestsIrejectUser.m"; sourceTree = "<group>"; };
		689ABB531C81B07B006AAC4E /* GTLServiceAccount.h */ = {isa = PBXFileReference; fileEncoding = 4; lastKnownFileType = sourcecode.c.h; name = GTLServiceAccount.h; path = "../../Framework Source/GTLServiceAccount.h"; sourceTree = "<group>"; };
		689ABB541C81B07B006AAC4E /* GTLServiceAccount.m */ = {isa = PBXFileReference; fileEncoding = 4; lastKnownFileType = sourcecode.c.objc; name = GTLServiceAccount.m; path = "../../Framework Source/GTLServiceAccount.m"; sourceTree = "<group>"; };
		689ABB551C81B07B006AAC4E /* GTLServiceBlocks.h */ = {isa = PBXFileReference; fileEncoding = 4; lastKnownFileType = sourcecode.c.h; name = GTLServiceBlocks.h; path = "../../Framework Source/GTLServiceBlocks.h"; sourceTree = "<group>"; };
		689ABB561C81B07B006AAC4E /* GTLServiceBlocks.m */ = {isa = PBXFileReference; fileEncoding = 4; lastKnownFileType = sourcecode.c.objc; name = GTLServiceBlocks.m; path = "../../Framework Source/GTLServiceBlocks.m"; sourceTree = "<group>"; };
		689ABB571C81B07B006AAC4E /* GTLServiceContacts.h */ = {isa = PBXFileReference; fileEncoding = 4; lastKnownFileType = sourcecode.c.h; name = GTLServiceContacts.h; path = "../../Framework Source/GTLServiceContacts.h"; sourceTree = "<group>"; };
		689ABB581C81B07B006AAC4E /* GTLServiceContacts.m */ = {isa = PBXFileReference; fileEncoding = 4; lastKnownFileType = sourcecode.c.objc; name = GTLServiceContacts.m; path = "../../Framework Source/GTLServiceContacts.m"; sourceTree = "<group>"; };
		689ABB591C81B07B006AAC4E /* GTLServiceReports.h */ = {isa = PBXFileReference; fileEncoding = 4; lastKnownFileType = sourcecode.c.h; name = GTLServiceReports.h; path = "../../Framework Source/GTLServiceReports.h"; sourceTree = "<group>"; };
		689ABB5A1C81B07B006AAC4E /* GTLServiceReports.m */ = {isa = PBXFileReference; fileEncoding = 4; lastKnownFileType = sourcecode.c.objc; name = GTLServiceReports.m; path = "../../Framework Source/GTLServiceReports.m"; sourceTree = "<group>"; };
		689ABB5B1C81B07B006AAC4E /* GTLServiceRequests.h */ = {isa = PBXFileReference; fileEncoding = 4; lastKnownFileType = sourcecode.c.h; name = GTLServiceRequests.h; path = "../../Framework Source/GTLServiceRequests.h"; sourceTree = "<group>"; };
		689ABB5C1C81B07B006AAC4E /* GTLServiceRequests.m */ = {isa = PBXFileReference; fileEncoding = 4; lastKnownFileType = sourcecode.c.objc; name = GTLServiceRequests.m; path = "../../Framework Source/GTLServiceRequests.m"; sourceTree = "<group>"; };
		689ABBAF1C81B62C006AAC4E /* GTMHTTPFetcherService.h */ = {isa = PBXFileReference; fileEncoding = 4; lastKnownFileType = sourcecode.c.h; name = GTMHTTPFetcherService.h; path = ../../api/Framework/backend/backend/GTMHTTPFetcherService.h; sourceTree = "<group>"; };
		689ABBB01C81B62C006AAC4E /* GTMHTTPFetcherService.m */ = {isa = PBXFileReference; fileEncoding = 4; lastKnownFileType = sourcecode.c.objc; name = GTMHTTPFetcherService.m; path = ../../api/Framework/backend/backend/GTMHTTPFetcherService.m; sourceTree = "<group>"; };
		689ABBB11C81B62C006AAC4E /* GTMHTTPFetcher.h */ = {isa = PBXFileReference; fileEncoding = 4; lastKnownFileType = sourcecode.c.h; name = GTMHTTPFetcher.h; path = ../../api/Framework/backend/backend/GTMHTTPFetcher.h; sourceTree = "<group>"; };
		689ABBB21C81B62C006AAC4E /* GTMHTTPFetcher.m */ = {isa = PBXFileReference; fileEncoding = 4; lastKnownFileType = sourcecode.c.objc; name = GTMHTTPFetcher.m; path = ../../api/Framework/backend/backend/GTMHTTPFetcher.m; sourceTree = "<group>"; };
		689ABBB31C81B62C006AAC4E /* GTMHTTPFetcherLogging.h */ = {isa = PBXFileReference; fileEncoding = 4; lastKnownFileType = sourcecode.c.h; name = GTMHTTPFetcherLogging.h; path = ../../api/Framework/backend/backend/GTMHTTPFetcherLogging.h; sourceTree = "<group>"; };
		689ABBB41C81B62C006AAC4E /* GTMHTTPFetcherLogging.m */ = {isa = PBXFileReference; fileEncoding = 4; lastKnownFileType = sourcecode.c.objc; name = GTMHTTPFetcherLogging.m; path = ../../api/Framework/backend/backend/GTMHTTPFetcherLogging.m; sourceTree = "<group>"; };
		689ABBB51C81B62C006AAC4E /* GTMHTTPFetchHistory.h */ = {isa = PBXFileReference; fileEncoding = 4; lastKnownFileType = sourcecode.c.h; name = GTMHTTPFetchHistory.h; path = ../../api/Framework/backend/backend/GTMHTTPFetchHistory.h; sourceTree = "<group>"; };
		689ABBB61C81B62C006AAC4E /* GTMHTTPFetchHistory.m */ = {isa = PBXFileReference; fileEncoding = 4; lastKnownFileType = sourcecode.c.objc; name = GTMHTTPFetchHistory.m; path = ../../api/Framework/backend/backend/GTMHTTPFetchHistory.m; sourceTree = "<group>"; };
		689ABBB71C81B62C006AAC4E /* GTMHTTPUploadFetcher.h */ = {isa = PBXFileReference; fileEncoding = 4; lastKnownFileType = sourcecode.c.h; name = GTMHTTPUploadFetcher.h; path = ../../api/Framework/backend/backend/GTMHTTPUploadFetcher.h; sourceTree = "<group>"; };
		689ABBB81C81B62C006AAC4E /* GTMHTTPUploadFetcher.m */ = {isa = PBXFileReference; fileEncoding = 4; lastKnownFileType = sourcecode.c.objc; name = GTMHTTPUploadFetcher.m; path = ../../api/Framework/backend/backend/GTMHTTPUploadFetcher.m; sourceTree = "<group>"; };
		689ABBB91C81B62C006AAC4E /* GTMGatherInputStream.h */ = {isa = PBXFileReference; fileEncoding = 4; lastKnownFileType = sourcecode.c.h; name = GTMGatherInputStream.h; path = ../../api/Framework/backend/backend/GTMGatherInputStream.h; sourceTree = "<group>"; };
		689ABBBA1C81B62C006AAC4E /* GTMGatherInputStream.m */ = {isa = PBXFileReference; fileEncoding = 4; lastKnownFileType = sourcecode.c.objc; name = GTMGatherInputStream.m; path = ../../api/Framework/backend/backend/GTMGatherInputStream.m; sourceTree = "<group>"; };
		689ABBBB1C81B62C006AAC4E /* GTMMIMEDocument.h */ = {isa = PBXFileReference; fileEncoding = 4; lastKnownFileType = sourcecode.c.h; name = GTMMIMEDocument.h; path = ../../api/Framework/backend/backend/GTMMIMEDocument.h; sourceTree = "<group>"; };
		689ABBBC1C81B62C006AAC4E /* GTMMIMEDocument.m */ = {isa = PBXFileReference; fileEncoding = 4; lastKnownFileType = sourcecode.c.objc; name = GTMMIMEDocument.m; path = ../../api/Framework/backend/backend/GTMMIMEDocument.m; sourceTree = "<group>"; };
		689ABBBD1C81B62C006AAC4E /* GTMReadMonitorInputStream.h */ = {isa = PBXFileReference; fileEncoding = 4; lastKnownFileType = sourcecode.c.h; name = GTMReadMonitorInputStream.h; path = ../../api/Framework/backend/backend/GTMReadMonitorInputStream.h; sourceTree = "<group>"; };
		689ABBBE1C81B62C006AAC4E /* GTMReadMonitorInputStream.m */ = {isa = PBXFileReference; fileEncoding = 4; lastKnownFileType = sourcecode.c.objc; name = GTMReadMonitorInputStream.m; path = ../../api/Framework/backend/backend/GTMReadMonitorInputStream.m; sourceTree = "<group>"; };
/* End PBXFileReference section */

/* Begin PBXFrameworksBuildPhase section */
		689ABA641C81AF75006AAC4E /* Frameworks */ = {
			isa = PBXFrameworksBuildPhase;
			buildActionMask = 2147483647;
			files = (
			);
			runOnlyForDeploymentPostprocessing = 0;
		};
		689ABA6F1C81AF76006AAC4E /* Frameworks */ = {
			isa = PBXFrameworksBuildPhase;
			buildActionMask = 2147483647;
			files = (
				689ABA731C81AF76006AAC4E /* BackendFramework.framework in Frameworks */,
			);
			runOnlyForDeploymentPostprocessing = 0;
		};
/* End PBXFrameworksBuildPhase section */

/* Begin PBXGroup section */
		689ABA5E1C81AF75006AAC4E = {
			isa = PBXGroup;
			children = (
				689ABA6A1C81AF75006AAC4E /* BackendFramework */,
				689ABA761C81AF76006AAC4E /* BackendFrameworkTests */,
				689ABA691C81AF75006AAC4E /* Products */,
			);
			sourceTree = "<group>";
		};
		689ABA691C81AF75006AAC4E /* Products */ = {
			isa = PBXGroup;
			children = (
				689ABA681C81AF75006AAC4E /* BackendFramework.framework */,
				689ABA721C81AF76006AAC4E /* BackendFrameworkTests.xctest */,
			);
			name = Products;
			sourceTree = "<group>";
		};
		689ABA6A1C81AF75006AAC4E /* BackendFramework */ = {
			isa = PBXGroup;
			children = (
				689ABBA71C81B084006AAC4E /* Account */,
				689ABB131C81B07B006AAC4E /* GTLAccount_Sources.m */,
				689ABB141C81B07B006AAC4E /* GTLAccount.h */,
				689ABB151C81B07B006AAC4E /* GTLAccountConstants.h */,
				689ABB161C81B07B006AAC4E /* GTLAccountConstants.m */,
				689ABB171C81B07B006AAC4E /* GTLAccountIcheckUser.h */,
				689ABB181C81B07B006AAC4E /* GTLAccountIcheckUser.m */,
				689ABB191C81B07B006AAC4E /* GTLAccountIregisterUser.h */,
				689ABB1A1C81B07B006AAC4E /* GTLAccountIregisterUser.m */,
				689ABB1B1C81B07B006AAC4E /* GTLAccountIremoveUser.h */,
				689ABB1C1C81B07B006AAC4E /* GTLAccountIremoveUser.m */,
				689ABB1D1C81B07B006AAC4E /* GTLAccountIresetUser.h */,
				689ABB1E1C81B07B006AAC4E /* GTLAccountIresetUser.m */,
				689ABB1F1C81B07B006AAC4E /* GTLAccountIverifyUser.h */,
				689ABB201C81B07B006AAC4E /* GTLAccountIverifyUser.m */,
				689ABBA81C81B08E006AAC4E /* Blocks */,
				689ABBA91C81B098006AAC4E /* Contacts */,
				689ABBAA1C81B0A8006AAC4E /* Query */,
				689ABBAB1C81B0BA006AAC4E /* Reports */,
				689ABBAC1C81B0C4006AAC4E /* Requests */,
				689ABBAD1C81B0CE006AAC4E /* Service */,
				689ABA9F1C81AF9D006AAC4E /* GTL */,
				689ABA6D1C81AF75006AAC4E /* Info.plist */,
			);
			path = BackendFramework;
			sourceTree = "<group>";
		};
		689ABA761C81AF76006AAC4E /* BackendFrameworkTests */ = {
			isa = PBXGroup;
			children = (
				689ABA771C81AF76006AAC4E /* BackendFrameworkTests.swift */,
				689ABA791C81AF76006AAC4E /* Info.plist */,
			);
			path = BackendFrameworkTests;
			sourceTree = "<group>";
		};
		689ABA821C81AF85006AAC4E /* GTMSessionFetcher */ = {
			isa = PBXGroup;
			children = (
				689ABA831C81AF96006AAC4E /* GTMGatherInputStream.h */,
				689ABA841C81AF96006AAC4E /* GTMGatherInputStream.m */,
				689ABA851C81AF96006AAC4E /* GTMMIMEDocument.h */,
				689ABA861C81AF96006AAC4E /* GTMMIMEDocument.m */,
				689ABA871C81AF96006AAC4E /* GTMReadMonitorInputStream.h */,
				689ABA881C81AF96006AAC4E /* GTMReadMonitorInputStream.m */,
				689ABA891C81AF96006AAC4E /* GTMSessionFetcher.h */,
				689ABA8A1C81AF96006AAC4E /* GTMSessionFetcher.m */,
				689ABA8B1C81AF96006AAC4E /* GTMSessionFetcherLogging.h */,
				689ABA8C1C81AF96006AAC4E /* GTMSessionFetcherLogging.m */,
				689ABA8D1C81AF96006AAC4E /* GTMSessionFetcherService.h */,
				689ABA8E1C81AF96006AAC4E /* GTMSessionFetcherService.m */,
				689ABA8F1C81AF96006AAC4E /* GTMSessionUploadFetcher.h */,
				689ABA901C81AF96006AAC4E /* GTMSessionUploadFetcher.m */,
			);
			name = GTMSessionFetcher;
			sourceTree = "<group>";
		};
		689ABA9F1C81AF9D006AAC4E /* GTL */ = {
			isa = PBXGroup;
			children = (
				689ABBAE1C81B614006AAC4E /* HTTPFetcher */,
				689ABA821C81AF85006AAC4E /* GTMSessionFetcher */,
				689ABAA01C81AFBE006AAC4E /* GTLDefines.h */,
				689ABB0C1C81AFD4006AAC4E /* Objects */,
				689ABB0D1C81AFE4006AAC4E /* Utilities */,
				689ABB0F1C81B009006AAC4E /* OAuth2 */,
			);
			name = GTL;
			sourceTree = "<group>";
		};
		689ABB0C1C81AFD4006AAC4E /* Objects */ = {
			isa = PBXGroup;
			children = (
				689ABAA11C81AFBE006AAC4E /* GTLObject.h */,
				689ABAA21C81AFBE006AAC4E /* GTLObject.m */,
				689ABAA31C81AFBE006AAC4E /* GTLQuery.h */,
				689ABAA41C81AFBE006AAC4E /* GTLQuery.m */,
				689ABAA51C81AFBE006AAC4E /* GTLBatchQuery.h */,
				689ABAA61C81AFBE006AAC4E /* GTLBatchQuery.m */,
				689ABAA71C81AFBE006AAC4E /* GTLService.h */,
				689ABAA81C81AFBE006AAC4E /* GTLService.m */,
				689ABAA91C81AFBE006AAC4E /* GTLBatchResult.h */,
				689ABAAA1C81AFBE006AAC4E /* GTLBatchResult.m */,
				689ABAAB1C81AFBE006AAC4E /* GTLUploadParameters.h */,
				689ABAAC1C81AFBE006AAC4E /* GTLUploadParameters.m */,
				689ABAAD1C81AFBE006AAC4E /* GTLDateTime.h */,
				689ABAAE1C81AFBE006AAC4E /* GTLDateTime.m */,
				689ABAAF1C81AFBE006AAC4E /* GTLErrorObject.h */,
				689ABAB01C81AFBE006AAC4E /* GTLErrorObject.m */,
				689ABAB11C81AFBE006AAC4E /* GTLRuntimeCommon.h */,
				689ABAB21C81AFBE006AAC4E /* GTLRuntimeCommon.m */,
			);
			name = Objects;
			sourceTree = "<group>";
		};
		689ABB0D1C81AFE4006AAC4E /* Utilities */ = {
			isa = PBXGroup;
			children = (
				689ABAB31C81AFBE006AAC4E /* GTLFramework.h */,
				689ABAB41C81AFBE006AAC4E /* GTLFramework.m */,
				689ABAB51C81AFBE006AAC4E /* GTLJSONParser.h */,
				689ABAB61C81AFBE006AAC4E /* GTLJSONParser.m */,
				689ABAB71C81AFBE006AAC4E /* GTLTargetNamespace.h */,
				689ABAB81C81AFBE006AAC4E /* GTLUtilities.h */,
				689ABAB91C81AFBE006AAC4E /* GTLUtilities.m */,
				689ABABA1C81AFBE006AAC4E /* GTLBase64.h */,
				689ABABB1C81AFBE006AAC4E /* GTLBase64.m */,
			);
			name = Utilities;
			sourceTree = "<group>";
		};
		689ABB0F1C81B009006AAC4E /* OAuth2 */ = {
			isa = PBXGroup;
			children = (
				689ABB101C81B012006AAC4E /* Mac */,
				689ABB111C81B018006AAC4E /* Touch */,
				689ABACC1C81AFBE006AAC4E /* GTMOAuth2Authentication.h */,
				689ABACD1C81AFBE006AAC4E /* GTMOAuth2Authentication.m */,
				689ABACE1C81AFBE006AAC4E /* GTMOAuth2SignIn.h */,
				689ABACF1C81AFBE006AAC4E /* GTMOAuth2SignIn.m */,
			);
			name = OAuth2;
			sourceTree = "<group>";
		};
		689ABB101C81B012006AAC4E /* Mac */ = {
			isa = PBXGroup;
			children = (
				689ABAD01C81AFBE006AAC4E /* GTMOAuth2Window.xib */,
				689ABAD11C81AFBE006AAC4E /* GTMOAuth2WindowController.h */,
				689ABAD21C81AFBE006AAC4E /* GTMOAuth2WindowController.m */,
			);
			name = Mac;
			sourceTree = "<group>";
		};
		689ABB111C81B018006AAC4E /* Touch */ = {
			isa = PBXGroup;
			children = (
				689ABAD31C81AFBE006AAC4E /* GTMOAuth2ViewControllerTouch.h */,
				689ABAD41C81AFBE006AAC4E /* GTMOAuth2ViewControllerTouch.m */,
				689ABAD51C81AFBE006AAC4E /* GTMOAuth2ViewTouch.xib */,
			);
			name = Touch;
			sourceTree = "<group>";
		};
		689ABBA71C81B084006AAC4E /* Account */ = {
			isa = PBXGroup;
			children = (
			);
			name = Account;
			sourceTree = "<group>";
		};
		689ABBA81C81B08E006AAC4E /* Blocks */ = {
			isa = PBXGroup;
			children = (
				689ABB211C81B07B006AAC4E /* GTLBlocks_Sources.m */,
				689ABB221C81B07B006AAC4E /* GTLBlocks.h */,
				689ABB231C81B07B006AAC4E /* GTLBlocksConstants.h */,
				689ABB241C81B07B006AAC4E /* GTLBlocksConstants.m */,
				689ABB251C81B07B006AAC4E /* GTLBlocksIblock.h */,
				689ABB261C81B07B006AAC4E /* GTLBlocksIblock.m */,
				689ABB271C81B07B006AAC4E /* GTLBlocksIlist.h */,
				689ABB281C81B07B006AAC4E /* GTLBlocksIlist.m */,
				689ABB291C81B07B006AAC4E /* GTLBlocksIunblock.h */,
				689ABB2A1C81B07B006AAC4E /* GTLBlocksIunblock.m */,
			);
			name = Blocks;
			sourceTree = "<group>";
		};
		689ABBA91C81B098006AAC4E /* Contacts */ = {
			isa = PBXGroup;
			children = (
				689ABB2B1C81B07B006AAC4E /* GTLContacts_Sources.m */,
				689ABB2C1C81B07B006AAC4E /* GTLContacts.h */,
				689ABB2D1C81B07B006AAC4E /* GTLContactsConstants.h */,
				689ABB2E1C81B07B006AAC4E /* GTLContactsConstants.m */,
				689ABB2F1C81B07B006AAC4E /* GTLContactsIcard.h */,
				689ABB301C81B07B006AAC4E /* GTLContactsIcard.m */,
				689ABB311C81B07B006AAC4E /* GTLContactsIlist.h */,
				689ABB321C81B07B006AAC4E /* GTLContactsIlist.m */,
				689ABB331C81B07B006AAC4E /* GTLContactsIqr.h */,
				689ABB341C81B07B006AAC4E /* GTLContactsIqr.m */,
				689ABB351C81B07B006AAC4E /* GTLContactsIsetUser.h */,
				689ABB361C81B07B006AAC4E /* GTLContactsIsetUser.m */,
				689ABB371C81B07B006AAC4E /* GTLContactsIusername.h */,
				689ABB381C81B07B006AAC4E /* GTLContactsIusername.m */,
			);
			name = Contacts;
			sourceTree = "<group>";
		};
		689ABBAA1C81B0A8006AAC4E /* Query */ = {
			isa = PBXGroup;
			children = (
				689ABB391C81B07B006AAC4E /* GTLQueryAccount.h */,
				689ABB3A1C81B07B006AAC4E /* GTLQueryAccount.m */,
				689ABB3B1C81B07B006AAC4E /* GTLQueryBlocks.h */,
				689ABB3C1C81B07B006AAC4E /* GTLQueryBlocks.m */,
				689ABB3D1C81B07B006AAC4E /* GTLQueryContacts.h */,
				689ABB3E1C81B07B006AAC4E /* GTLQueryContacts.m */,
				689ABB3F1C81B07B006AAC4E /* GTLQueryReports.h */,
				689ABB401C81B07B006AAC4E /* GTLQueryReports.m */,
				689ABB411C81B07B006AAC4E /* GTLQueryRequests.h */,
				689ABB421C81B07B006AAC4E /* GTLQueryRequests.m */,
			);
			name = Query;
			sourceTree = "<group>";
		};
		689ABBAB1C81B0BA006AAC4E /* Reports */ = {
			isa = PBXGroup;
			children = (
				689ABB431C81B07B006AAC4E /* GTLReports_Sources.m */,
				689ABB441C81B07B006AAC4E /* GTLReports.h */,
				689ABB451C81B07B006AAC4E /* GTLReportsConstants.h */,
				689ABB461C81B07B006AAC4E /* GTLReportsConstants.m */,
				689ABB471C81B07B006AAC4E /* GTLReportsIreport.h */,
				689ABB481C81B07B006AAC4E /* GTLReportsIreport.m */,
			);
			name = Reports;
			sourceTree = "<group>";
		};
		689ABBAC1C81B0C4006AAC4E /* Requests */ = {
			isa = PBXGroup;
			children = (
				689ABB491C81B07B006AAC4E /* GTLRequests_Sources.m */,
				689ABB4A1C81B07B006AAC4E /* GTLRequests.h */,
				689ABB4B1C81B07B006AAC4E /* GTLRequestsConstants.h */,
				689ABB4C1C81B07B006AAC4E /* GTLRequestsConstants.m */,
				689ABB4D1C81B07B006AAC4E /* GTLRequestsIacceptUser.h */,
				689ABB4E1C81B07B006AAC4E /* GTLRequestsIacceptUser.m */,
				689ABB4F1C81B07B006AAC4E /* GTLRequestsIlist.h */,
				689ABB501C81B07B006AAC4E /* GTLRequestsIlist.m */,
				689ABB511C81B07B006AAC4E /* GTLRequestsIrejectUser.h */,
				689ABB521C81B07B006AAC4E /* GTLRequestsIrejectUser.m */,
			);
			name = Requests;
			sourceTree = "<group>";
		};
		689ABBAD1C81B0CE006AAC4E /* Service */ = {
			isa = PBXGroup;
			children = (
				689ABB531C81B07B006AAC4E /* GTLServiceAccount.h */,
				689ABB541C81B07B006AAC4E /* GTLServiceAccount.m */,
				689ABB551C81B07B006AAC4E /* GTLServiceBlocks.h */,
				689ABB561C81B07B006AAC4E /* GTLServiceBlocks.m */,
				689ABB571C81B07B006AAC4E /* GTLServiceContacts.h */,
				689ABB581C81B07B006AAC4E /* GTLServiceContacts.m */,
				689ABB591C81B07B006AAC4E /* GTLServiceReports.h */,
				689ABB5A1C81B07B006AAC4E /* GTLServiceReports.m */,
				689ABB5B1C81B07B006AAC4E /* GTLServiceRequests.h */,
				689ABB5C1C81B07B006AAC4E /* GTLServiceRequests.m */,
			);
			name = Service;
			sourceTree = "<group>";
		};
		689ABBAE1C81B614006AAC4E /* HTTPFetcher */ = {
			isa = PBXGroup;
			children = (
				689ABBAF1C81B62C006AAC4E /* GTMHTTPFetcherService.h */,
				689ABBB01C81B62C006AAC4E /* GTMHTTPFetcherService.m */,
				689ABBB11C81B62C006AAC4E /* GTMHTTPFetcher.h */,
				689ABBB21C81B62C006AAC4E /* GTMHTTPFetcher.m */,
				689ABBB31C81B62C006AAC4E /* GTMHTTPFetcherLogging.h */,
				689ABBB41C81B62C006AAC4E /* GTMHTTPFetcherLogging.m */,
				689ABBB51C81B62C006AAC4E /* GTMHTTPFetchHistory.h */,
				689ABBB61C81B62C006AAC4E /* GTMHTTPFetchHistory.m */,
				689ABBB71C81B62C006AAC4E /* GTMHTTPUploadFetcher.h */,
				689ABBB81C81B62C006AAC4E /* GTMHTTPUploadFetcher.m */,
				689ABBB91C81B62C006AAC4E /* GTMGatherInputStream.h */,
				689ABBBA1C81B62C006AAC4E /* GTMGatherInputStream.m */,
				689ABBBB1C81B62C006AAC4E /* GTMMIMEDocument.h */,
				689ABBBC1C81B62C006AAC4E /* GTMMIMEDocument.m */,
				689ABBBD1C81B62C006AAC4E /* GTMReadMonitorInputStream.h */,
				689ABBBE1C81B62C006AAC4E /* GTMReadMonitorInputStream.m */,
			);
			name = HTTPFetcher;
			sourceTree = "<group>";
		};
/* End PBXGroup section */

/* Begin PBXHeadersBuildPhase section */
		689ABA651C81AF75006AAC4E /* Headers */ = {
			isa = PBXHeadersBuildPhase;
			buildActionMask = 2147483647;
			files = (
				689ABB911C81B07B006AAC4E /* GTLReportsIreport.h in Headers */,
				689ABB071C81AFBE006AAC4E /* GTMOAuth2WindowController.h in Headers */,
				689ABAE71C81AFBE006AAC4E /* GTLRuntimeCommon.h in Headers */,
				689ABBA11C81B07B006AAC4E /* GTLServiceContacts.h in Headers */,
				689ABBC31C81B62C006AAC4E /* GTMHTTPFetcherLogging.h in Headers */,
				689ABADF1C81AFBE006AAC4E /* GTLBatchResult.h in Headers */,
				689ABB731C81B07B006AAC4E /* GTLBlocksIunblock.h in Headers */,
				689ABBC51C81B62C006AAC4E /* GTMHTTPFetchHistory.h in Headers */,
				689ABAEE1C81AFBE006AAC4E /* GTLUtilities.h in Headers */,
				689ABAD71C81AFBE006AAC4E /* GTLObject.h in Headers */,
				689ABA9D1C81AF96006AAC4E /* GTMSessionUploadFetcher.h in Headers */,
				689ABB9D1C81B07B006AAC4E /* GTLServiceAccount.h in Headers */,
				689ABB791C81B07B006AAC4E /* GTLContactsIcard.h in Headers */,
				689ABB761C81B07B006AAC4E /* GTLContacts.h in Headers */,
				689ABBBF1C81B62C006AAC4E /* GTMHTTPFetcherService.h in Headers */,
				689ABB671C81B07B006AAC4E /* GTLAccountIresetUser.h in Headers */,
				689ABBC91C81B62C006AAC4E /* GTMGatherInputStream.h in Headers */,
				689ABAE51C81AFBE006AAC4E /* GTLErrorObject.h in Headers */,
				689ABB891C81B07B006AAC4E /* GTLQueryReports.h in Headers */,
				689ABB6F1C81B07B006AAC4E /* GTLBlocksIblock.h in Headers */,
				689ABB831C81B07B006AAC4E /* GTLQueryAccount.h in Headers */,
				689ABB691C81B07B006AAC4E /* GTLAccountIverifyUser.h in Headers */,
				689ABB7B1C81B07B006AAC4E /* GTLContactsIlist.h in Headers */,
				689ABB091C81AFBE006AAC4E /* GTMOAuth2ViewControllerTouch.h in Headers */,
				689ABB811C81B07B006AAC4E /* GTLContactsIusername.h in Headers */,
				689ABB631C81B07B006AAC4E /* GTLAccountIregisterUser.h in Headers */,
				689ABAD91C81AFBE006AAC4E /* GTLQuery.h in Headers */,
				689ABBCB1C81B62C006AAC4E /* GTMMIMEDocument.h in Headers */,
				689ABB021C81AFBE006AAC4E /* GTMOAuth2Authentication.h in Headers */,
				689ABADB1C81AFBE006AAC4E /* GTLBatchQuery.h in Headers */,
				689ABB5E1C81B07B006AAC4E /* GTLAccount.h in Headers */,
				689ABBC71C81B62C006AAC4E /* GTMHTTPUploadFetcher.h in Headers */,
				689ABB851C81B07B006AAC4E /* GTLQueryBlocks.h in Headers */,
				689ABB971C81B07B006AAC4E /* GTLRequestsIacceptUser.h in Headers */,
				689ABB8E1C81B07B006AAC4E /* GTLReports.h in Headers */,
				689ABA971C81AF96006AAC4E /* GTMSessionFetcher.h in Headers */,
				689ABAE31C81AFBE006AAC4E /* GTLDateTime.h in Headers */,
				689ABA991C81AF96006AAC4E /* GTMSessionFetcherLogging.h in Headers */,
				689ABB9B1C81B07B006AAC4E /* GTLRequestsIrejectUser.h in Headers */,
				689ABAE91C81AFBE006AAC4E /* GTLFramework.h in Headers */,
				689ABBCD1C81B62C006AAC4E /* GTMReadMonitorInputStream.h in Headers */,
				689ABB651C81B07B006AAC4E /* GTLAccountIremoveUser.h in Headers */,
				689ABB8B1C81B07B006AAC4E /* GTLQueryRequests.h in Headers */,
				689ABADD1C81AFBE006AAC4E /* GTLService.h in Headers */,
				689ABB711C81B07B006AAC4E /* GTLBlocksIlist.h in Headers */,
				689ABA951C81AF96006AAC4E /* GTMReadMonitorInputStream.h in Headers */,
				689ABBA31C81B07B006AAC4E /* GTLServiceReports.h in Headers */,
				689ABB9F1C81B07B006AAC4E /* GTLServiceBlocks.h in Headers */,
				689ABB6D1C81B07B006AAC4E /* GTLBlocksConstants.h in Headers */,
				689ABA911C81AF96006AAC4E /* GTMGatherInputStream.h in Headers */,
				689ABB041C81AFBE006AAC4E /* GTMOAuth2SignIn.h in Headers */,
				689ABB951C81B07B006AAC4E /* GTLRequestsConstants.h in Headers */,
				689ABB611C81B07B006AAC4E /* GTLAccountIcheckUser.h in Headers */,
				689ABAD61C81AFBE006AAC4E /* GTLDefines.h in Headers */,
				689ABB871C81B07B006AAC4E /* GTLQueryContacts.h in Headers */,
				689ABBA51C81B07B006AAC4E /* GTLServiceRequests.h in Headers */,
				689ABAE11C81AFBE006AAC4E /* GTLUploadParameters.h in Headers */,
				689ABA931C81AF96006AAC4E /* GTMMIMEDocument.h in Headers */,
				689ABBC11C81B62C006AAC4E /* GTMHTTPFetcher.h in Headers */,
				689ABB7F1C81B07B006AAC4E /* GTLContactsIsetUser.h in Headers */,
				689ABB941C81B07B006AAC4E /* GTLRequests.h in Headers */,
				689ABAED1C81AFBE006AAC4E /* GTLTargetNamespace.h in Headers */,
				689ABA9B1C81AF96006AAC4E /* GTMSessionFetcherService.h in Headers */,
				689ABB7D1C81B07B006AAC4E /* GTLContactsIqr.h in Headers */,
				689ABB771C81B07B006AAC4E /* GTLContactsConstants.h in Headers */,
				689ABB991C81B07B006AAC4E /* GTLRequestsIlist.h in Headers */,
				689ABB5F1C81B07B006AAC4E /* GTLAccountConstants.h in Headers */,
				689ABB6C1C81B07B006AAC4E /* GTLBlocks.h in Headers */,
				689ABAF01C81AFBE006AAC4E /* GTLBase64.h in Headers */,
				689ABB8F1C81B07B006AAC4E /* GTLReportsConstants.h in Headers */,
				689ABAEB1C81AFBE006AAC4E /* GTLJSONParser.h in Headers */,
			);
			runOnlyForDeploymentPostprocessing = 0;
		};
/* End PBXHeadersBuildPhase section */

/* Begin PBXNativeTarget section */
		689ABA671C81AF75006AAC4E /* BackendFramework */ = {
			isa = PBXNativeTarget;
			buildConfigurationList = 689ABA7C1C81AF76006AAC4E /* Build configuration list for PBXNativeTarget "BackendFramework" */;
			buildPhases = (
				689ABA631C81AF75006AAC4E /* Sources */,
				689ABA641C81AF75006AAC4E /* Frameworks */,
				689ABA651C81AF75006AAC4E /* Headers */,
				689ABA661C81AF75006AAC4E /* Resources */,
			);
			buildRules = (
			);
			dependencies = (
			);
			name = BackendFramework;
			productName = BackendFramework;
			productReference = 689ABA681C81AF75006AAC4E /* BackendFramework.framework */;
			productType = "com.apple.product-type.framework";
		};
		689ABA711C81AF76006AAC4E /* BackendFrameworkTests */ = {
			isa = PBXNativeTarget;
			buildConfigurationList = 689ABA7F1C81AF76006AAC4E /* Build configuration list for PBXNativeTarget "BackendFrameworkTests" */;
			buildPhases = (
				689ABA6E1C81AF76006AAC4E /* Sources */,
				689ABA6F1C81AF76006AAC4E /* Frameworks */,
				689ABA701C81AF76006AAC4E /* Resources */,
			);
			buildRules = (
			);
			dependencies = (
				689ABA751C81AF76006AAC4E /* PBXTargetDependency */,
			);
			name = BackendFrameworkTests;
			productName = BackendFrameworkTests;
			productReference = 689ABA721C81AF76006AAC4E /* BackendFrameworkTests.xctest */;
			productType = "com.apple.product-type.bundle.unit-test";
		};
/* End PBXNativeTarget section */

/* Begin PBXProject section */
		689ABA5F1C81AF75006AAC4E /* Project object */ = {
			isa = PBXProject;
			attributes = {
				LastUpgradeCheck = 0700;
				ORGANIZATIONNAME = "Square 1";
				TargetAttributes = {
					689ABA671C81AF75006AAC4E = {
						CreatedOnToolsVersion = 7.0.1;
						DevelopmentTeam = FTYD395SEU;
					};
					689ABA711C81AF76006AAC4E = {
						CreatedOnToolsVersion = 7.0.1;
						DevelopmentTeam = FTYD395SEU;
					};
				};
			};
			buildConfigurationList = 689ABA621C81AF75006AAC4E /* Build configuration list for PBXProject "BackendFramework" */;
			compatibilityVersion = "Xcode 3.2";
			developmentRegion = English;
			hasScannedForEncodings = 0;
			knownRegions = (
				en,
			);
			mainGroup = 689ABA5E1C81AF75006AAC4E;
			productRefGroup = 689ABA691C81AF75006AAC4E /* Products */;
			projectDirPath = "";
			projectRoot = "";
			targets = (
				689ABA671C81AF75006AAC4E /* BackendFramework */,
				689ABA711C81AF76006AAC4E /* BackendFrameworkTests */,
			);
		};
/* End PBXProject section */

/* Begin PBXResourcesBuildPhase section */
		689ABA661C81AF75006AAC4E /* Resources */ = {
			isa = PBXResourcesBuildPhase;
			buildActionMask = 2147483647;
			files = (
				689ABB0B1C81AFBE006AAC4E /* GTMOAuth2ViewTouch.xib in Resources */,
				689ABB061C81AFBE006AAC4E /* GTMOAuth2Window.xib in Resources */,
			);
			runOnlyForDeploymentPostprocessing = 0;
		};
		689ABA701C81AF76006AAC4E /* Resources */ = {
			isa = PBXResourcesBuildPhase;
			buildActionMask = 2147483647;
			files = (
			);
			runOnlyForDeploymentPostprocessing = 0;
		};
/* End PBXResourcesBuildPhase section */

/* Begin PBXSourcesBuildPhase section */
		689ABA631C81AF75006AAC4E /* Sources */ = {
			isa = PBXSourcesBuildPhase;
			buildActionMask = 2147483647;
			files = (
				689ABADE1C81AFBE006AAC4E /* GTLService.m in Sources */,
				689ABB6A1C81B07B006AAC4E /* GTLAccountIverifyUser.m in Sources */,
				689ABBC61C81B62C006AAC4E /* GTMHTTPFetchHistory.m in Sources */,
				689ABB741C81B07B006AAC4E /* GTLBlocksIunblock.m in Sources */,
				689ABBCA1C81B62C006AAC4E /* GTMGatherInputStream.m in Sources */,
				689ABB751C81B07B006AAC4E /* GTLContacts_Sources.m in Sources */,
				689ABB641C81B07B006AAC4E /* GTLAccountIregisterUser.m in Sources */,
				689ABAE81C81AFBE006AAC4E /* GTLRuntimeCommon.m in Sources */,
				689ABA921C81AF96006AAC4E /* GTMGatherInputStream.m in Sources */,
				689ABB7E1C81B07B006AAC4E /* GTLContactsIqr.m in Sources */,
				689ABAE41C81AFBE006AAC4E /* GTLDateTime.m in Sources */,
				689ABB051C81AFBE006AAC4E /* GTMOAuth2SignIn.m in Sources */,
				689ABB7A1C81B07B006AAC4E /* GTLContactsIcard.m in Sources */,
				689ABB081C81AFBE006AAC4E /* GTMOAuth2WindowController.m in Sources */,
				689ABB721C81B07B006AAC4E /* GTLBlocksIlist.m in Sources */,
				689ABADC1C81AFBE006AAC4E /* GTLBatchQuery.m in Sources */,
				689ABB9A1C81B07B006AAC4E /* GTLRequestsIlist.m in Sources */,
				689ABA9A1C81AF96006AAC4E /* GTMSessionFetcherLogging.m in Sources */,
				689ABBC01C81B62C006AAC4E /* GTMHTTPFetcherService.m in Sources */,
				689ABB681C81B07B006AAC4E /* GTLAccountIresetUser.m in Sources */,
				689ABB881C81B07B006AAC4E /* GTLQueryContacts.m in Sources */,
				689ABA941C81AF96006AAC4E /* GTMMIMEDocument.m in Sources */,
				689ABB031C81AFBE006AAC4E /* GTMOAuth2Authentication.m in Sources */,
				689ABB8C1C81B07B006AAC4E /* GTLQueryRequests.m in Sources */,
				689ABAEF1C81AFBE006AAC4E /* GTLUtilities.m in Sources */,
				689ABBA21C81B07B006AAC4E /* GTLServiceContacts.m in Sources */,
				689ABB781C81B07B006AAC4E /* GTLContactsConstants.m in Sources */,
				689ABB8A1C81B07B006AAC4E /* GTLQueryReports.m in Sources */,
				689ABB9C1C81B07B006AAC4E /* GTLRequestsIrejectUser.m in Sources */,
				689ABBCE1C81B62C006AAC4E /* GTMReadMonitorInputStream.m in Sources */,
				689ABB981C81B07B006AAC4E /* GTLRequestsIacceptUser.m in Sources */,
				689ABA961C81AF96006AAC4E /* GTMReadMonitorInputStream.m in Sources */,
				689ABB861C81B07B006AAC4E /* GTLQueryBlocks.m in Sources */,
				689ABAD81C81AFBE006AAC4E /* GTLObject.m in Sources */,
				689ABAF11C81AFBE006AAC4E /* GTLBase64.m in Sources */,
				689ABBA01C81B07B006AAC4E /* GTLServiceBlocks.m in Sources */,
				689ABB661C81B07B006AAC4E /* GTLAccountIremoveUser.m in Sources */,
				689ABBC41C81B62C006AAC4E /* GTMHTTPFetcherLogging.m in Sources */,
				689ABB821C81B07B006AAC4E /* GTLContactsIusername.m in Sources */,
				689ABB5D1C81B07B006AAC4E /* GTLAccount_Sources.m in Sources */,
				689ABB841C81B07B006AAC4E /* GTLQueryAccount.m in Sources */,
				689ABAE01C81AFBE006AAC4E /* GTLBatchResult.m in Sources */,
				689ABB801C81B07B006AAC4E /* GTLContactsIsetUser.m in Sources */,
				689ABAEC1C81AFBE006AAC4E /* GTLJSONParser.m in Sources */,
				689ABB701C81B07B006AAC4E /* GTLBlocksIblock.m in Sources */,
				689ABB601C81B07B006AAC4E /* GTLAccountConstants.m in Sources */,
				689ABB621C81B07B006AAC4E /* GTLAccountIcheckUser.m in Sources */,
				689ABBA61C81B07B006AAC4E /* GTLServiceRequests.m in Sources */,
				689ABAEA1C81AFBE006AAC4E /* GTLFramework.m in Sources */,
				689ABA981C81AF96006AAC4E /* GTMSessionFetcher.m in Sources */,
				689ABB6E1C81B07B006AAC4E /* GTLBlocksConstants.m in Sources */,
				689ABBA41C81B07B006AAC4E /* GTLServiceReports.m in Sources */,
				689ABB0A1C81AFBE006AAC4E /* GTMOAuth2ViewControllerTouch.m in Sources */,
				689ABB931C81B07B006AAC4E /* GTLRequests_Sources.m in Sources */,
				689ABADA1C81AFBE006AAC4E /* GTLQuery.m in Sources */,
				689ABB961C81B07B006AAC4E /* GTLRequestsConstants.m in Sources */,
				689ABB7C1C81B07B006AAC4E /* GTLContactsIlist.m in Sources */,
				689ABA9E1C81AF96006AAC4E /* GTMSessionUploadFetcher.m in Sources */,
				689ABAE61C81AFBE006AAC4E /* GTLErrorObject.m in Sources */,
				689ABAE21C81AFBE006AAC4E /* GTLUploadParameters.m in Sources */,
				689ABB901C81B07B006AAC4E /* GTLReportsConstants.m in Sources */,
				689ABBC21C81B62C006AAC4E /* GTMHTTPFetcher.m in Sources */,
				689ABB9E1C81B07B006AAC4E /* GTLServiceAccount.m in Sources */,
				689ABBC81C81B62C006AAC4E /* GTMHTTPUploadFetcher.m in Sources */,
				689ABBCC1C81B62C006AAC4E /* GTMMIMEDocument.m in Sources */,
				689ABB921C81B07B006AAC4E /* GTLReportsIreport.m in Sources */,
				689ABA9C1C81AF96006AAC4E /* GTMSessionFetcherService.m in Sources */,
				689ABB6B1C81B07B006AAC4E /* GTLBlocks_Sources.m in Sources */,
				689ABB8D1C81B07B006AAC4E /* GTLReports_Sources.m in Sources */,
			);
			runOnlyForDeploymentPostprocessing = 0;
		};
		689ABA6E1C81AF76006AAC4E /* Sources */ = {
			isa = PBXSourcesBuildPhase;
			buildActionMask = 2147483647;
			files = (
				689ABA781C81AF76006AAC4E /* BackendFrameworkTests.swift in Sources */,
			);
			runOnlyForDeploymentPostprocessing = 0;
		};
/* End PBXSourcesBuildPhase section */

/* Begin PBXTargetDependency section */
		689ABA751C81AF76006AAC4E /* PBXTargetDependency */ = {
			isa = PBXTargetDependency;
			target = 689ABA671C81AF75006AAC4E /* BackendFramework */;
			targetProxy = 689ABA741C81AF76006AAC4E /* PBXContainerItemProxy */;
		};
/* End PBXTargetDependency section */

/* Begin XCBuildConfiguration section */
		689ABA7A1C81AF76006AAC4E /* Debug */ = {
			isa = XCBuildConfiguration;
			buildSettings = {
				ALWAYS_SEARCH_USER_PATHS = NO;
				CLANG_CXX_LANGUAGE_STANDARD = "gnu++0x";
				CLANG_CXX_LIBRARY = "libc++";
				CLANG_ENABLE_MODULES = YES;
				CLANG_ENABLE_OBJC_ARC = YES;
				CLANG_WARN_BOOL_CONVERSION = YES;
				CLANG_WARN_CONSTANT_CONVERSION = YES;
				CLANG_WARN_DIRECT_OBJC_ISA_USAGE = YES_ERROR;
				CLANG_WARN_EMPTY_BODY = YES;
				CLANG_WARN_ENUM_CONVERSION = YES;
				CLANG_WARN_INT_CONVERSION = YES;
				CLANG_WARN_OBJC_ROOT_CLASS = YES_ERROR;
				CLANG_WARN_UNREACHABLE_CODE = YES;
				CLANG_WARN__DUPLICATE_METHOD_MATCH = YES;
				"CODE_SIGN_IDENTITY[sdk=iphoneos*]" = "iPhone Developer";
				COPY_PHASE_STRIP = NO;
				CURRENT_PROJECT_VERSION = 1;
				DEBUG_INFORMATION_FORMAT = dwarf;
				ENABLE_STRICT_OBJC_MSGSEND = YES;
				ENABLE_TESTABILITY = YES;
				GCC_C_LANGUAGE_STANDARD = gnu99;
				GCC_DYNAMIC_NO_PIC = NO;
				GCC_NO_COMMON_BLOCKS = YES;
				GCC_OPTIMIZATION_LEVEL = 0;
				GCC_PREPROCESSOR_DEFINITIONS = (
					"DEBUG=1",
					"$(inherited)",
				);
				GCC_WARN_64_TO_32_BIT_CONVERSION = YES;
				GCC_WARN_ABOUT_RETURN_TYPE = YES_ERROR;
				GCC_WARN_UNDECLARED_SELECTOR = YES;
				GCC_WARN_UNINITIALIZED_AUTOS = YES_AGGRESSIVE;
				GCC_WARN_UNUSED_FUNCTION = YES;
				GCC_WARN_UNUSED_VARIABLE = YES;
				IPHONEOS_DEPLOYMENT_TARGET = 9.0;
				MTL_ENABLE_DEBUG_INFO = YES;
				ONLY_ACTIVE_ARCH = YES;
				SDKROOT = iphoneos;
				SWIFT_OPTIMIZATION_LEVEL = "-Onone";
				TARGETED_DEVICE_FAMILY = "1,2";
				VERSIONING_SYSTEM = "apple-generic";
				VERSION_INFO_PREFIX = "";
			};
			name = Debug;
		};
		689ABA7B1C81AF76006AAC4E /* Release */ = {
			isa = XCBuildConfiguration;
			buildSettings = {
				ALWAYS_SEARCH_USER_PATHS = NO;
				CLANG_CXX_LANGUAGE_STANDARD = "gnu++0x";
				CLANG_CXX_LIBRARY = "libc++";
				CLANG_ENABLE_MODULES = YES;
				CLANG_ENABLE_OBJC_ARC = YES;
				CLANG_WARN_BOOL_CONVERSION = YES;
				CLANG_WARN_CONSTANT_CONVERSION = YES;
				CLANG_WARN_DIRECT_OBJC_ISA_USAGE = YES_ERROR;
				CLANG_WARN_EMPTY_BODY = YES;
				CLANG_WARN_ENUM_CONVERSION = YES;
				CLANG_WARN_INT_CONVERSION = YES;
				CLANG_WARN_OBJC_ROOT_CLASS = YES_ERROR;
				CLANG_WARN_UNREACHABLE_CODE = YES;
				CLANG_WARN__DUPLICATE_METHOD_MATCH = YES;
				"CODE_SIGN_IDENTITY[sdk=iphoneos*]" = "iPhone Developer";
				COPY_PHASE_STRIP = NO;
				CURRENT_PROJECT_VERSION = 1;
				DEBUG_INFORMATION_FORMAT = "dwarf-with-dsym";
				ENABLE_NS_ASSERTIONS = NO;
				ENABLE_STRICT_OBJC_MSGSEND = YES;
				GCC_C_LANGUAGE_STANDARD = gnu99;
				GCC_NO_COMMON_BLOCKS = YES;
				GCC_WARN_64_TO_32_BIT_CONVERSION = YES;
				GCC_WARN_ABOUT_RETURN_TYPE = YES_ERROR;
				GCC_WARN_UNDECLARED_SELECTOR = YES;
				GCC_WARN_UNINITIALIZED_AUTOS = YES_AGGRESSIVE;
				GCC_WARN_UNUSED_FUNCTION = YES;
				GCC_WARN_UNUSED_VARIABLE = YES;
				IPHONEOS_DEPLOYMENT_TARGET = 9.0;
				MTL_ENABLE_DEBUG_INFO = NO;
				SDKROOT = iphoneos;
				TARGETED_DEVICE_FAMILY = "1,2";
				VALIDATE_PRODUCT = YES;
				VERSIONING_SYSTEM = "apple-generic";
				VERSION_INFO_PREFIX = "";
			};
			name = Release;
		};
		689ABA7D1C81AF76006AAC4E /* Debug */ = {
			isa = XCBuildConfiguration;
			buildSettings = {
				CLANG_MODULES_AUTOLINK = YES;
				CODE_SIGN_IDENTITY = "iPhone Developer";
				"CODE_SIGN_IDENTITY[sdk=iphoneos*]" = "iPhone Developer";
				DEFINES_MODULE = YES;
				DYLIB_COMPATIBILITY_VERSION = "";
				DYLIB_CURRENT_VERSION = "";
				DYLIB_INSTALL_NAME_BASE = "@rpath";
				INFOPLIST_FILE = BackendFramework/Info.plist;
				INSTALL_PATH = "$(LOCAL_LIBRARY_DIR)/Frameworks";
				LD_RUNPATH_SEARCH_PATHS = "$(inherited) @executable_path/Frameworks @loader_path/Frameworks";
				LINK_WITH_STANDARD_LIBRARIES = YES;
				MACH_O_TYPE = mh_dylib;
				OTHER_LDFLAGS = "-ObjC";
				PRODUCT_BUNDLE_IDENTIFIER = com.square1app.BackendFramework;
				PRODUCT_NAME = "$(TARGET_NAME)";
				PROVISIONING_PROFILE = "";
				SKIP_INSTALL = YES;
			};
			name = Debug;
		};
		689ABA7E1C81AF76006AAC4E /* Release */ = {
			isa = XCBuildConfiguration;
			buildSettings = {
				CLANG_MODULES_AUTOLINK = YES;
				CODE_SIGN_IDENTITY = "iPhone Developer";
				"CODE_SIGN_IDENTITY[sdk=iphoneos*]" = "iPhone Developer";
				DEFINES_MODULE = YES;
				DYLIB_COMPATIBILITY_VERSION = "";
				DYLIB_CURRENT_VERSION = "";
				DYLIB_INSTALL_NAME_BASE = "@rpath";
				INFOPLIST_FILE = BackendFramework/Info.plist;
				INSTALL_PATH = "$(LOCAL_LIBRARY_DIR)/Frameworks";
				LD_RUNPATH_SEARCH_PATHS = "$(inherited) @executable_path/Frameworks @loader_path/Frameworks";
				LINK_WITH_STANDARD_LIBRARIES = YES;
				MACH_O_TYPE = mh_dylib;
				OTHER_LDFLAGS = "-ObjC";
				PRODUCT_BUNDLE_IDENTIFIER = com.square1app.BackendFramework;
				PRODUCT_NAME = "$(TARGET_NAME)";
				PROVISIONING_PROFILE = "";
				SKIP_INSTALL = YES;
			};
			name = Release;
		};
		689ABA801C81AF76006AAC4E /* Debug */ = {
			isa = XCBuildConfiguration;
			buildSettings = {
				INFOPLIST_FILE = BackendFrameworkTests/Info.plist;
				LD_RUNPATH_SEARCH_PATHS = "$(inherited) @executable_path/Frameworks @loader_path/Frameworks";
				PRODUCT_BUNDLE_IDENTIFIER = com.square1app.BackendFrameworkTests;
				PRODUCT_NAME = "$(TARGET_NAME)";
			};
			name = Debug;
		};
		689ABA811C81AF76006AAC4E /* Release */ = {
			isa = XCBuildConfiguration;
			buildSettings = {
				INFOPLIST_FILE = BackendFrameworkTests/Info.plist;
				LD_RUNPATH_SEARCH_PATHS = "$(inherited) @executable_path/Frameworks @loader_path/Frameworks";
				PRODUCT_BUNDLE_IDENTIFIER = com.square1app.BackendFrameworkTests;
				PRODUCT_NAME = "$(TARGET_NAME)";
			};
			name = Release;
		};
/* End XCBuildConfiguration section */

/* Begin XCConfigurationList section */
		689ABA621C81AF75006AAC4E /* Build configuration list for PBXProject "BackendFramework" */ = {
			isa = XCConfigurationList;
			buildConfigurations = (
				689ABA7A1C81AF76006AAC4E /* Debug */,
				689ABA7B1C81AF76006AAC4E /* Release */,
			);
			defaultConfigurationIsVisible = 0;
			defaultConfigurationName = Release;
		};
		689ABA7C1C81AF76006AAC4E /* Build configuration list for PBXNativeTarget "BackendFramework" */ = {
			isa = XCConfigurationList;
			buildConfigurations = (
				689ABA7D1C81AF76006AAC4E /* Debug */,
				689ABA7E1C81AF76006AAC4E /* Release */,
			);
			defaultConfigurationIsVisible = 0;
		};
		689ABA7F1C81AF76006AAC4E /* Build configuration list for PBXNativeTarget "BackendFrameworkTests" */ = {
			isa = XCConfigurationList;
			buildConfigurations = (
				689ABA801C81AF76006AAC4E /* Debug */,
				689ABA811C81AF76006AAC4E /* Release */,
			);
			defaultConfigurationIsVisible = 0;
		};
/* End XCConfigurationList section */
	};
	rootObject = 689ABA5F1C81AF75006AAC4E /* Project object */;
}
